
Microsoft Visual Studio Solution File, Format Version 12.00
# Visual Studio Version 16
VisualStudioVersion = 16.0.29025.244
MinimumVisualStudioVersion = 10.0.40219.1
Project("{8BC9CEB8-8B4A-11D0-8D11-00A0C91BC942}") = "SIPSorceryMedia", "..\..\SIPSorcery.Media\SIPSorcery.Media.vcxproj", "{60CC689C-2616-441C-A38A-E1B764C7C446}"
EndProject
Project("{FAE04EC0-301F-11D3-BF4B-00C04F79EFBC}") = "WebRtcDaemon", "WebRtcDaemon.csproj", "{6886EF9D-7FF7-4712-9AB3-54BD85CEE232}"
EndProject
Project("{8BC9CEB8-8B4A-11D0-8D11-00A0C91BC942}") = "srtp2", "..\..\libsrtp\srtp2.vcxproj", "{EEF031CB-FED8-451E-A471-91EC8D4F6750}"
EndProject
Project("{FAE04EC0-301F-11D3-BF4B-00C04F79EFBC}") = "SIPSorcery.Net", "..\..\..\sipsorcery-core\SIPSorcery.Net\SIPSorcery.Net.csproj", "{55898587-8456-40D4-BB88-C9FC8BD6BA9C}"
EndProject
Global
	GlobalSection(SolutionConfigurationPlatforms) = preSolution
		Debug|Any CPU = Debug|Any CPU
		Debug|x64 = Debug|x64
		Debug|x86 = Debug|x86
		Debugx64|Any CPU = Debugx64|Any CPU
		Debugx64|x64 = Debugx64|x64
		Debugx64|x86 = Debugx64|x86
		Release|Any CPU = Release|Any CPU
		Release|x64 = Release|x64
		Release|x86 = Release|x86
	EndGlobalSection
	GlobalSection(ProjectConfigurationPlatforms) = postSolution
		{60CC689C-2616-441C-A38A-E1B764C7C446}.Debug|Any CPU.ActiveCfg = Debug|Win32
		{60CC689C-2616-441C-A38A-E1B764C7C446}.Debug|x64.ActiveCfg = Debug|x64
		{60CC689C-2616-441C-A38A-E1B764C7C446}.Debug|x64.Build.0 = Debug|x64
		{60CC689C-2616-441C-A38A-E1B764C7C446}.Debug|x86.ActiveCfg = Debug|Win32
		{60CC689C-2616-441C-A38A-E1B764C7C446}.Debug|x86.Build.0 = Debug|Win32
		{60CC689C-2616-441C-A38A-E1B764C7C446}.Debugx64|Any CPU.ActiveCfg = Release|Win32
		{60CC689C-2616-441C-A38A-E1B764C7C446}.Debugx64|Any CPU.Build.0 = Release|Win32
		{60CC689C-2616-441C-A38A-E1B764C7C446}.Debugx64|x64.ActiveCfg = Debug|x64
		{60CC689C-2616-441C-A38A-E1B764C7C446}.Debugx64|x64.Build.0 = Debug|x64
		{60CC689C-2616-441C-A38A-E1B764C7C446}.Debugx64|x86.ActiveCfg = Debug|Win32
		{60CC689C-2616-441C-A38A-E1B764C7C446}.Debugx64|x86.Build.0 = Debug|Win32
		{60CC689C-2616-441C-A38A-E1B764C7C446}.Release|Any CPU.ActiveCfg = Release|Win32
		{60CC689C-2616-441C-A38A-E1B764C7C446}.Release|x64.ActiveCfg = Release|x64
		{60CC689C-2616-441C-A38A-E1B764C7C446}.Release|x64.Build.0 = Release|x64
		{60CC689C-2616-441C-A38A-E1B764C7C446}.Release|x86.ActiveCfg = Release|Win32
		{60CC689C-2616-441C-A38A-E1B764C7C446}.Release|x86.Build.0 = Release|Win32
		{6886EF9D-7FF7-4712-9AB3-54BD85CEE232}.Debug|Any CPU.ActiveCfg = Debug|Any CPU
		{6886EF9D-7FF7-4712-9AB3-54BD85CEE232}.Debug|Any CPU.Build.0 = Debug|Any CPU
		{6886EF9D-7FF7-4712-9AB3-54BD85CEE232}.Debug|x64.ActiveCfg = Debug|x64
		{6886EF9D-7FF7-4712-9AB3-54BD85CEE232}.Debug|x64.Build.0 = Debug|x64
		{6886EF9D-7FF7-4712-9AB3-54BD85CEE232}.Debug|x86.ActiveCfg = Debug|x86
		{6886EF9D-7FF7-4712-9AB3-54BD85CEE232}.Debug|x86.Build.0 = Debug|x86
		{6886EF9D-7FF7-4712-9AB3-54BD85CEE232}.Debugx64|Any CPU.ActiveCfg = Debug|Any CPU
		{6886EF9D-7FF7-4712-9AB3-54BD85CEE232}.Debugx64|Any CPU.Build.0 = Debug|Any CPU
		{6886EF9D-7FF7-4712-9AB3-54BD85CEE232}.Debugx64|x64.ActiveCfg = Debug|x64
		{6886EF9D-7FF7-4712-9AB3-54BD85CEE232}.Debugx64|x64.Build.0 = Debug|x64
		{6886EF9D-7FF7-4712-9AB3-54BD85CEE232}.Debugx64|x86.ActiveCfg = Debug|x86
		{6886EF9D-7FF7-4712-9AB3-54BD85CEE232}.Debugx64|x86.Build.0 = Debug|x86
		{6886EF9D-7FF7-4712-9AB3-54BD85CEE232}.Release|Any CPU.ActiveCfg = Release|Any CPU
		{6886EF9D-7FF7-4712-9AB3-54BD85CEE232}.Release|Any CPU.Build.0 = Release|Any CPU
		{6886EF9D-7FF7-4712-9AB3-54BD85CEE232}.Release|x64.ActiveCfg = Release|x64
		{6886EF9D-7FF7-4712-9AB3-54BD85CEE232}.Release|x64.Build.0 = Release|x64
		{6886EF9D-7FF7-4712-9AB3-54BD85CEE232}.Release|x86.ActiveCfg = Release|x86
		{6886EF9D-7FF7-4712-9AB3-54BD85CEE232}.Release|x86.Build.0 = Release|x86
		{EEF031CB-FED8-451E-A471-91EC8D4F6750}.Debug|Any CPU.ActiveCfg = Debug|Win32
		{EEF031CB-FED8-451E-A471-91EC8D4F6750}.Debug|x64.ActiveCfg = Debug|x64
		{EEF031CB-FED8-451E-A471-91EC8D4F6750}.Debug|x64.Build.0 = Debug|x64
		{EEF031CB-FED8-451E-A471-91EC8D4F6750}.Debug|x86.ActiveCfg = Debug|Win32
		{EEF031CB-FED8-451E-A471-91EC8D4F6750}.Debug|x86.Build.0 = Debug|Win32
		{EEF031CB-FED8-451E-A471-91EC8D4F6750}.Debugx64|Any CPU.ActiveCfg = Release Dll|x64
		{EEF031CB-FED8-451E-A471-91EC8D4F6750}.Debugx64|Any CPU.Build.0 = Release Dll|x64
		{EEF031CB-FED8-451E-A471-91EC8D4F6750}.Debugx64|x64.ActiveCfg = Debug Dll|x64
		{EEF031CB-FED8-451E-A471-91EC8D4F6750}.Debugx64|x64.Build.0 = Debug Dll|x64
		{EEF031CB-FED8-451E-A471-91EC8D4F6750}.Debugx64|x86.ActiveCfg = Debug Dll|Win32
		{EEF031CB-FED8-451E-A471-91EC8D4F6750}.Debugx64|x86.Build.0 = Debug Dll|Win32
		{EEF031CB-FED8-451E-A471-91EC8D4F6750}.Release|Any CPU.ActiveCfg = Release|Win32
		{EEF031CB-FED8-451E-A471-91EC8D4F6750}.Release|x64.ActiveCfg = Release|x64
		{EEF031CB-FED8-451E-A471-91EC8D4F6750}.Release|x64.Build.0 = Release|x64
		{EEF031CB-FED8-451E-A471-91EC8D4F6750}.Release|x86.ActiveCfg = Release|Win32
		{EEF031CB-FED8-451E-A471-91EC8D4F6750}.Release|x86.Build.0 = Release|Win32
		{55898587-8456-40D4-BB88-C9FC8BD6BA9C}.Debug|Any CPU.ActiveCfg = Debug|Any CPU
		{55898587-8456-40D4-BB88-C9FC8BD6BA9C}.Debug|Any CPU.Build.0 = Debug|Any CPU
		{55898587-8456-40D4-BB88-C9FC8BD6BA9C}.Debug|x64.ActiveCfg = Debug|x64
		{55898587-8456-40D4-BB88-C9FC8BD6BA9C}.Debug|x64.Build.0 = Debug|x64
		{55898587-8456-40D4-BB88-C9FC8BD6BA9C}.Debug|x86.ActiveCfg = Debug|x86
		{55898587-8456-40D4-BB88-C9FC8BD6BA9C}.Debug|x86.Build.0 = Debug|x86
		{55898587-8456-40D4-BB88-C9FC8BD6BA9C}.Debugx64|Any CPU.ActiveCfg = Debugx64|Any CPU
		{55898587-8456-40D4-BB88-C9FC8BD6BA9C}.Debugx64|Any CPU.Build.0 = Debugx64|Any CPU
		{55898587-8456-40D4-BB88-C9FC8BD6BA9C}.Debugx64|x64.ActiveCfg = Debugx64|x64
		{55898587-8456-40D4-BB88-C9FC8BD6BA9C}.Debugx64|x64.Build.0 = Debugx64|x64
		{55898587-8456-40D4-BB88-C9FC8BD6BA9C}.Debugx64|x86.ActiveCfg = Debugx64|x86
		{55898587-8456-40D4-BB88-C9FC8BD6BA9C}.Debugx64|x86.Build.0 = Debugx64|x86
		{55898587-8456-40D4-BB88-C9FC8BD6BA9C}.Release|Any CPU.ActiveCfg = Release|Any CPU
		{55898587-8456-40D4-BB88-C9FC8BD6BA9C}.Release|Any CPU.Build.0 = Release|Any CPU
		{55898587-8456-40D4-BB88-C9FC8BD6BA9C}.Release|x64.ActiveCfg = Release|x64
		{55898587-8456-40D4-BB88-C9FC8BD6BA9C}.Release|x64.Build.0 = Release|x64
		{55898587-8456-40D4-BB88-C9FC8BD6BA9C}.Release|x86.ActiveCfg = Release|x86
		{55898587-8456-40D4-BB88-C9FC8BD6BA9C}.Release|x86.Build.0 = Release|x86
	EndGlobalSection
	GlobalSection(SolutionProperties) = preSolution
		HideSolutionNode = FALSE
	EndGlobalSection
	GlobalSection(ExtensibilityGlobals) = postSolution
		SolutionGuid = {B31733B4-66A4-44E9-93F6-2475FA58D4A0}
	EndGlobalSection
EndGlobal
