
Microsoft Visual Studio Solution File, Format Version 12.00
# Visual Studio Version 16
VisualStudioVersion = 16.0.29025.244
MinimumVisualStudioVersion = 10.0.40219.1
Project("{8BC9CEB8-8B4A-11D0-8D11-00A0C91BC942}") = "SIPSorceryMedia", "..\..\SIPSorcery.Media\SIPSorcery.Media.vcxproj", "{60CC689C-2616-441C-A38A-E1B764C7C446}"
EndProject
Project("{8BC9CEB8-8B4A-11D0-8D11-00A0C91BC942}") = "srtp", "..\..\..\..\libsrtp\srtp.vcxproj", "{EEF031CB-FED8-451E-A471-91EC8D4F6750}"
EndProject
Project("{9A19103F-16F7-4668-BE54-9A1E7A4F7556}") = "NAudio", "..\..\..\..\..\github\NAudio\NAudio\NAudio.csproj", "{06F589C9-3E57-4A4C-973F-5F9BB0B75B7D}"
EndProject
Project("{FAE04EC0-301F-11D3-BF4B-00C04F79EFBC}") = "SIPSorcery.Net", "..\..\..\sipsorcery-core\SIPSorcery.Net\SIPSorcery.Net.csproj", "{55898587-8456-40D4-BB88-C9FC8BD6BA9C}"
EndProject
Project("{FAE04EC0-301F-11D3-BF4B-00C04F79EFBC}") = "WebRtcDaemon", "WebRtcDaemon.csproj", "{6886EF9D-7FF7-4712-9AB3-54BD85CEE232}"
EndProject
Global
	GlobalSection(SolutionConfigurationPlatforms) = preSolution
		Debug Dll|Any CPU = Debug Dll|Any CPU
		Debug Dll|Mixed Platforms = Debug Dll|Mixed Platforms
		Debug Dll|Win32 = Debug Dll|Win32
		Debug Dll|x64 = Debug Dll|x64
		Debug Dll|x86 = Debug Dll|x86
		Debug|Any CPU = Debug|Any CPU
		Debug|Mixed Platforms = Debug|Mixed Platforms
		Debug|Win32 = Debug|Win32
		Debug|x64 = Debug|x64
		Debug|x86 = Debug|x86
		Debugx64|Any CPU = Debugx64|Any CPU
		Debugx64|Mixed Platforms = Debugx64|Mixed Platforms
		Debugx64|Win32 = Debugx64|Win32
		Debugx64|x64 = Debugx64|x64
		Debugx64|x86 = Debugx64|x86
		Release Dll|Any CPU = Release Dll|Any CPU
		Release Dll|Mixed Platforms = Release Dll|Mixed Platforms
		Release Dll|Win32 = Release Dll|Win32
		Release Dll|x64 = Release Dll|x64
		Release Dll|x86 = Release Dll|x86
		Release|Any CPU = Release|Any CPU
		Release|Mixed Platforms = Release|Mixed Platforms
		Release|Win32 = Release|Win32
		Release|x64 = Release|x64
		Release|x86 = Release|x86
	EndGlobalSection
	GlobalSection(ProjectConfigurationPlatforms) = postSolution
		{60CC689C-2616-441C-A38A-E1B764C7C446}.Debug Dll|Any CPU.ActiveCfg = Release|x64
		{60CC689C-2616-441C-A38A-E1B764C7C446}.Debug Dll|Any CPU.Build.0 = Release|x64
		{60CC689C-2616-441C-A38A-E1B764C7C446}.Debug Dll|Mixed Platforms.ActiveCfg = Debug|Win32
		{60CC689C-2616-441C-A38A-E1B764C7C446}.Debug Dll|Mixed Platforms.Build.0 = Debug|Win32
		{60CC689C-2616-441C-A38A-E1B764C7C446}.Debug Dll|Win32.ActiveCfg = Debug|Win32
		{60CC689C-2616-441C-A38A-E1B764C7C446}.Debug Dll|Win32.Build.0 = Debug|Win32
		{60CC689C-2616-441C-A38A-E1B764C7C446}.Debug Dll|x64.ActiveCfg = Debug|x64
		{60CC689C-2616-441C-A38A-E1B764C7C446}.Debug Dll|x64.Build.0 = Debug|x64
		{60CC689C-2616-441C-A38A-E1B764C7C446}.Debug Dll|x86.ActiveCfg = Debug|Win32
		{60CC689C-2616-441C-A38A-E1B764C7C446}.Debug Dll|x86.Build.0 = Debug|Win32
		{60CC689C-2616-441C-A38A-E1B764C7C446}.Debug|Any CPU.ActiveCfg = Debug|Win32
		{60CC689C-2616-441C-A38A-E1B764C7C446}.Debug|Mixed Platforms.ActiveCfg = Debug|Win32
		{60CC689C-2616-441C-A38A-E1B764C7C446}.Debug|Mixed Platforms.Build.0 = Debug|Win32
		{60CC689C-2616-441C-A38A-E1B764C7C446}.Debug|Win32.ActiveCfg = Debug|Win32
		{60CC689C-2616-441C-A38A-E1B764C7C446}.Debug|Win32.Build.0 = Debug|Win32
		{60CC689C-2616-441C-A38A-E1B764C7C446}.Debug|x64.ActiveCfg = Debug|x64
		{60CC689C-2616-441C-A38A-E1B764C7C446}.Debug|x64.Build.0 = Debug|x64
		{60CC689C-2616-441C-A38A-E1B764C7C446}.Debug|x86.ActiveCfg = Debug|Win32
		{60CC689C-2616-441C-A38A-E1B764C7C446}.Debug|x86.Build.0 = Debug|Win32
		{60CC689C-2616-441C-A38A-E1B764C7C446}.Debugx64|Any CPU.ActiveCfg = Release|x64
		{60CC689C-2616-441C-A38A-E1B764C7C446}.Debugx64|Any CPU.Build.0 = Release|x64
		{60CC689C-2616-441C-A38A-E1B764C7C446}.Debugx64|Mixed Platforms.ActiveCfg = Debug|Win32
		{60CC689C-2616-441C-A38A-E1B764C7C446}.Debugx64|Mixed Platforms.Build.0 = Debug|Win32
		{60CC689C-2616-441C-A38A-E1B764C7C446}.Debugx64|Win32.ActiveCfg = Debug|Win32
		{60CC689C-2616-441C-A38A-E1B764C7C446}.Debugx64|Win32.Build.0 = Debug|Win32
		{60CC689C-2616-441C-A38A-E1B764C7C446}.Debugx64|x64.ActiveCfg = Debug|x64
		{60CC689C-2616-441C-A38A-E1B764C7C446}.Debugx64|x64.Build.0 = Debug|x64
		{60CC689C-2616-441C-A38A-E1B764C7C446}.Debugx64|x86.ActiveCfg = Debug|Win32
		{60CC689C-2616-441C-A38A-E1B764C7C446}.Debugx64|x86.Build.0 = Debug|Win32
		{60CC689C-2616-441C-A38A-E1B764C7C446}.Release Dll|Any CPU.ActiveCfg = Release|x64
		{60CC689C-2616-441C-A38A-E1B764C7C446}.Release Dll|Any CPU.Build.0 = Release|x64
		{60CC689C-2616-441C-A38A-E1B764C7C446}.Release Dll|Mixed Platforms.ActiveCfg = Release|Win32
		{60CC689C-2616-441C-A38A-E1B764C7C446}.Release Dll|Mixed Platforms.Build.0 = Release|Win32
		{60CC689C-2616-441C-A38A-E1B764C7C446}.Release Dll|Win32.ActiveCfg = Release|Win32
		{60CC689C-2616-441C-A38A-E1B764C7C446}.Release Dll|Win32.Build.0 = Release|Win32
		{60CC689C-2616-441C-A38A-E1B764C7C446}.Release Dll|x64.ActiveCfg = Release|x64
		{60CC689C-2616-441C-A38A-E1B764C7C446}.Release Dll|x64.Build.0 = Release|x64
		{60CC689C-2616-441C-A38A-E1B764C7C446}.Release Dll|x86.ActiveCfg = Release|Win32
		{60CC689C-2616-441C-A38A-E1B764C7C446}.Release Dll|x86.Build.0 = Release|Win32
		{60CC689C-2616-441C-A38A-E1B764C7C446}.Release|Any CPU.ActiveCfg = Release|Win32
		{60CC689C-2616-441C-A38A-E1B764C7C446}.Release|Mixed Platforms.ActiveCfg = Release|Win32
		{60CC689C-2616-441C-A38A-E1B764C7C446}.Release|Mixed Platforms.Build.0 = Release|Win32
		{60CC689C-2616-441C-A38A-E1B764C7C446}.Release|Win32.ActiveCfg = Release|Win32
		{60CC689C-2616-441C-A38A-E1B764C7C446}.Release|Win32.Build.0 = Release|Win32
		{60CC689C-2616-441C-A38A-E1B764C7C446}.Release|x64.ActiveCfg = Release|x64
		{60CC689C-2616-441C-A38A-E1B764C7C446}.Release|x64.Build.0 = Release|x64
		{60CC689C-2616-441C-A38A-E1B764C7C446}.Release|x86.ActiveCfg = Release|Win32
		{60CC689C-2616-441C-A38A-E1B764C7C446}.Release|x86.Build.0 = Release|Win32
		{EEF031CB-FED8-451E-A471-91EC8D4F6750}.Debug Dll|Any CPU.ActiveCfg = Debug Dll|Win32
		{EEF031CB-FED8-451E-A471-91EC8D4F6750}.Debug Dll|Mixed Platforms.ActiveCfg = Debug Dll|Win32
		{EEF031CB-FED8-451E-A471-91EC8D4F6750}.Debug Dll|Mixed Platforms.Build.0 = Debug Dll|Win32
		{EEF031CB-FED8-451E-A471-91EC8D4F6750}.Debug Dll|Win32.ActiveCfg = Debug Dll|Win32
		{EEF031CB-FED8-451E-A471-91EC8D4F6750}.Debug Dll|Win32.Build.0 = Debug Dll|Win32
		{EEF031CB-FED8-451E-A471-91EC8D4F6750}.Debug Dll|x64.ActiveCfg = Debug Dll|x64
		{EEF031CB-FED8-451E-A471-91EC8D4F6750}.Debug Dll|x64.Build.0 = Debug Dll|x64
		{EEF031CB-FED8-451E-A471-91EC8D4F6750}.Debug Dll|x86.ActiveCfg = Debug Dll|Win32
		{EEF031CB-FED8-451E-A471-91EC8D4F6750}.Debug Dll|x86.Build.0 = Debug Dll|Win32
		{EEF031CB-FED8-451E-A471-91EC8D4F6750}.Debug|Any CPU.ActiveCfg = Debug|Win32
		{EEF031CB-FED8-451E-A471-91EC8D4F6750}.Debug|Mixed Platforms.ActiveCfg = Debug|Win32
		{EEF031CB-FED8-451E-A471-91EC8D4F6750}.Debug|Mixed Platforms.Build.0 = Debug|Win32
		{EEF031CB-FED8-451E-A471-91EC8D4F6750}.Debug|Win32.ActiveCfg = Debug|Win32
		{EEF031CB-FED8-451E-A471-91EC8D4F6750}.Debug|Win32.Build.0 = Debug|Win32
		{EEF031CB-FED8-451E-A471-91EC8D4F6750}.Debug|x64.ActiveCfg = Debug|x64
		{EEF031CB-FED8-451E-A471-91EC8D4F6750}.Debug|x64.Build.0 = Debug|x64
		{EEF031CB-FED8-451E-A471-91EC8D4F6750}.Debug|x86.ActiveCfg = Debug|Win32
		{EEF031CB-FED8-451E-A471-91EC8D4F6750}.Debug|x86.Build.0 = Debug|Win32
		{EEF031CB-FED8-451E-A471-91EC8D4F6750}.Debugx64|Any CPU.ActiveCfg = Release|x64
		{EEF031CB-FED8-451E-A471-91EC8D4F6750}.Debugx64|Any CPU.Build.0 = Release|x64
		{EEF031CB-FED8-451E-A471-91EC8D4F6750}.Debugx64|Mixed Platforms.ActiveCfg = Debug Dll|Win32
		{EEF031CB-FED8-451E-A471-91EC8D4F6750}.Debugx64|Mixed Platforms.Build.0 = Debug Dll|Win32
		{EEF031CB-FED8-451E-A471-91EC8D4F6750}.Debugx64|Win32.ActiveCfg = Debug Dll|Win32
		{EEF031CB-FED8-451E-A471-91EC8D4F6750}.Debugx64|Win32.Build.0 = Debug Dll|Win32
		{EEF031CB-FED8-451E-A471-91EC8D4F6750}.Debugx64|x64.ActiveCfg = Debug|x64
		{EEF031CB-FED8-451E-A471-91EC8D4F6750}.Debugx64|x64.Build.0 = Debug|x64
		{EEF031CB-FED8-451E-A471-91EC8D4F6750}.Debugx64|x86.ActiveCfg = Debug Dll|Win32
		{EEF031CB-FED8-451E-A471-91EC8D4F6750}.Debugx64|x86.Build.0 = Debug Dll|Win32
		{EEF031CB-FED8-451E-A471-91EC8D4F6750}.Release Dll|Any CPU.ActiveCfg = Release Dll|Win32
		{EEF031CB-FED8-451E-A471-91EC8D4F6750}.Release Dll|Mixed Platforms.ActiveCfg = Release Dll|Win32
		{EEF031CB-FED8-451E-A471-91EC8D4F6750}.Release Dll|Mixed Platforms.Build.0 = Release Dll|Win32
		{EEF031CB-FED8-451E-A471-91EC8D4F6750}.Release Dll|Win32.ActiveCfg = Release Dll|Win32
		{EEF031CB-FED8-451E-A471-91EC8D4F6750}.Release Dll|Win32.Build.0 = Release Dll|Win32
		{EEF031CB-FED8-451E-A471-91EC8D4F6750}.Release Dll|x64.ActiveCfg = Release Dll|x64
		{EEF031CB-FED8-451E-A471-91EC8D4F6750}.Release Dll|x64.Build.0 = Release Dll|x64
		{EEF031CB-FED8-451E-A471-91EC8D4F6750}.Release Dll|x86.ActiveCfg = Release Dll|Win32
		{EEF031CB-FED8-451E-A471-91EC8D4F6750}.Release Dll|x86.Build.0 = Release Dll|Win32
		{EEF031CB-FED8-451E-A471-91EC8D4F6750}.Release|Any CPU.ActiveCfg = Release|Win32
		{EEF031CB-FED8-451E-A471-91EC8D4F6750}.Release|Mixed Platforms.ActiveCfg = Release|Win32
		{EEF031CB-FED8-451E-A471-91EC8D4F6750}.Release|Mixed Platforms.Build.0 = Release|Win32
		{EEF031CB-FED8-451E-A471-91EC8D4F6750}.Release|Win32.ActiveCfg = Release|Win32
		{EEF031CB-FED8-451E-A471-91EC8D4F6750}.Release|Win32.Build.0 = Release|Win32
		{EEF031CB-FED8-451E-A471-91EC8D4F6750}.Release|x64.ActiveCfg = Release|x64
		{EEF031CB-FED8-451E-A471-91EC8D4F6750}.Release|x64.Build.0 = Release|x64
		{EEF031CB-FED8-451E-A471-91EC8D4F6750}.Release|x86.ActiveCfg = Release|Win32
		{EEF031CB-FED8-451E-A471-91EC8D4F6750}.Release|x86.Build.0 = Release|Win32
		{06F589C9-3E57-4A4C-973F-5F9BB0B75B7D}.Debug Dll|Any CPU.ActiveCfg = Debug|Any CPU
		{06F589C9-3E57-4A4C-973F-5F9BB0B75B7D}.Debug Dll|Any CPU.Build.0 = Debug|Any CPU
		{06F589C9-3E57-4A4C-973F-5F9BB0B75B7D}.Debug Dll|Mixed Platforms.ActiveCfg = Debug|Any CPU
		{06F589C9-3E57-4A4C-973F-5F9BB0B75B7D}.Debug Dll|Mixed Platforms.Build.0 = Debug|Any CPU
		{06F589C9-3E57-4A4C-973F-5F9BB0B75B7D}.Debug Dll|Win32.ActiveCfg = Debug|Any CPU
		{06F589C9-3E57-4A4C-973F-5F9BB0B75B7D}.Debug Dll|Win32.Build.0 = Debug|Any CPU
		{06F589C9-3E57-4A4C-973F-5F9BB0B75B7D}.Debug Dll|x64.ActiveCfg = Debug|Any CPU
		{06F589C9-3E57-4A4C-973F-5F9BB0B75B7D}.Debug Dll|x64.Build.0 = Debug|Any CPU
		{06F589C9-3E57-4A4C-973F-5F9BB0B75B7D}.Debug Dll|x86.ActiveCfg = Debug|Any CPU
		{06F589C9-3E57-4A4C-973F-5F9BB0B75B7D}.Debug Dll|x86.Build.0 = Debug|Any CPU
		{06F589C9-3E57-4A4C-973F-5F9BB0B75B7D}.Debug|Any CPU.ActiveCfg = Debug|Any CPU
		{06F589C9-3E57-4A4C-973F-5F9BB0B75B7D}.Debug|Any CPU.Build.0 = Debug|Any CPU
		{06F589C9-3E57-4A4C-973F-5F9BB0B75B7D}.Debug|Mixed Platforms.ActiveCfg = Debug|Any CPU
		{06F589C9-3E57-4A4C-973F-5F9BB0B75B7D}.Debug|Mixed Platforms.Build.0 = Debug|Any CPU
		{06F589C9-3E57-4A4C-973F-5F9BB0B75B7D}.Debug|Win32.ActiveCfg = Debug|Any CPU
		{06F589C9-3E57-4A4C-973F-5F9BB0B75B7D}.Debug|Win32.Build.0 = Debug|Any CPU
		{06F589C9-3E57-4A4C-973F-5F9BB0B75B7D}.Debug|x64.ActiveCfg = Debug|Any CPU
		{06F589C9-3E57-4A4C-973F-5F9BB0B75B7D}.Debug|x64.Build.0 = Debug|Any CPU
		{06F589C9-3E57-4A4C-973F-5F9BB0B75B7D}.Debug|x86.ActiveCfg = Debug|Any CPU
		{06F589C9-3E57-4A4C-973F-5F9BB0B75B7D}.Debug|x86.Build.0 = Debug|Any CPU
		{06F589C9-3E57-4A4C-973F-5F9BB0B75B7D}.Debugx64|Any CPU.ActiveCfg = Debug|Any CPU
		{06F589C9-3E57-4A4C-973F-5F9BB0B75B7D}.Debugx64|Any CPU.Build.0 = Debug|Any CPU
		{06F589C9-3E57-4A4C-973F-5F9BB0B75B7D}.Debugx64|Mixed Platforms.ActiveCfg = Debug|Any CPU
		{06F589C9-3E57-4A4C-973F-5F9BB0B75B7D}.Debugx64|Mixed Platforms.Build.0 = Debug|Any CPU
		{06F589C9-3E57-4A4C-973F-5F9BB0B75B7D}.Debugx64|Win32.ActiveCfg = Debug|Any CPU
		{06F589C9-3E57-4A4C-973F-5F9BB0B75B7D}.Debugx64|Win32.Build.0 = Debug|Any CPU
		{06F589C9-3E57-4A4C-973F-5F9BB0B75B7D}.Debugx64|x64.ActiveCfg = Debug|Any CPU
		{06F589C9-3E57-4A4C-973F-5F9BB0B75B7D}.Debugx64|x64.Build.0 = Debug|Any CPU
		{06F589C9-3E57-4A4C-973F-5F9BB0B75B7D}.Debugx64|x86.ActiveCfg = Debug|Any CPU
		{06F589C9-3E57-4A4C-973F-5F9BB0B75B7D}.Debugx64|x86.Build.0 = Debug|Any CPU
		{06F589C9-3E57-4A4C-973F-5F9BB0B75B7D}.Release Dll|Any CPU.ActiveCfg = Release|Any CPU
		{06F589C9-3E57-4A4C-973F-5F9BB0B75B7D}.Release Dll|Any CPU.Build.0 = Release|Any CPU
		{06F589C9-3E57-4A4C-973F-5F9BB0B75B7D}.Release Dll|Mixed Platforms.ActiveCfg = Release|Any CPU
		{06F589C9-3E57-4A4C-973F-5F9BB0B75B7D}.Release Dll|Mixed Platforms.Build.0 = Release|Any CPU
		{06F589C9-3E57-4A4C-973F-5F9BB0B75B7D}.Release Dll|Win32.ActiveCfg = Release|Any CPU
		{06F589C9-3E57-4A4C-973F-5F9BB0B75B7D}.Release Dll|Win32.Build.0 = Release|Any CPU
		{06F589C9-3E57-4A4C-973F-5F9BB0B75B7D}.Release Dll|x64.ActiveCfg = Release|Any CPU
		{06F589C9-3E57-4A4C-973F-5F9BB0B75B7D}.Release Dll|x64.Build.0 = Release|Any CPU
		{06F589C9-3E57-4A4C-973F-5F9BB0B75B7D}.Release Dll|x86.ActiveCfg = Release|Any CPU
		{06F589C9-3E57-4A4C-973F-5F9BB0B75B7D}.Release Dll|x86.Build.0 = Release|Any CPU
		{06F589C9-3E57-4A4C-973F-5F9BB0B75B7D}.Release|Any CPU.ActiveCfg = Release|Any CPU
		{06F589C9-3E57-4A4C-973F-5F9BB0B75B7D}.Release|Any CPU.Build.0 = Release|Any CPU
		{06F589C9-3E57-4A4C-973F-5F9BB0B75B7D}.Release|Mixed Platforms.ActiveCfg = Release|Any CPU
		{06F589C9-3E57-4A4C-973F-5F9BB0B75B7D}.Release|Mixed Platforms.Build.0 = Release|Any CPU
		{06F589C9-3E57-4A4C-973F-5F9BB0B75B7D}.Release|Win32.ActiveCfg = Release|Any CPU
		{06F589C9-3E57-4A4C-973F-5F9BB0B75B7D}.Release|Win32.Build.0 = Release|Any CPU
		{06F589C9-3E57-4A4C-973F-5F9BB0B75B7D}.Release|x64.ActiveCfg = Release|Any CPU
		{06F589C9-3E57-4A4C-973F-5F9BB0B75B7D}.Release|x64.Build.0 = Release|Any CPU
		{06F589C9-3E57-4A4C-973F-5F9BB0B75B7D}.Release|x86.ActiveCfg = Release|Any CPU
		{06F589C9-3E57-4A4C-973F-5F9BB0B75B7D}.Release|x86.Build.0 = Release|Any CPU
		{55898587-8456-40D4-BB88-C9FC8BD6BA9C}.Debug Dll|Any CPU.ActiveCfg = Debugx64|Any CPU
		{55898587-8456-40D4-BB88-C9FC8BD6BA9C}.Debug Dll|Any CPU.Build.0 = Debugx64|Any CPU
		{55898587-8456-40D4-BB88-C9FC8BD6BA9C}.Debug Dll|Mixed Platforms.ActiveCfg = Debugx64|x86
		{55898587-8456-40D4-BB88-C9FC8BD6BA9C}.Debug Dll|Mixed Platforms.Build.0 = Debugx64|x86
		{55898587-8456-40D4-BB88-C9FC8BD6BA9C}.Debug Dll|Win32.ActiveCfg = Debugx64|x86
		{55898587-8456-40D4-BB88-C9FC8BD6BA9C}.Debug Dll|Win32.Build.0 = Debugx64|x86
		{55898587-8456-40D4-BB88-C9FC8BD6BA9C}.Debug Dll|x64.ActiveCfg = Debugx64|x64
		{55898587-8456-40D4-BB88-C9FC8BD6BA9C}.Debug Dll|x64.Build.0 = Debugx64|x64
		{55898587-8456-40D4-BB88-C9FC8BD6BA9C}.Debug Dll|x86.ActiveCfg = Debugx64|x86
		{55898587-8456-40D4-BB88-C9FC8BD6BA9C}.Debug Dll|x86.Build.0 = Debugx64|x86
		{55898587-8456-40D4-BB88-C9FC8BD6BA9C}.Debug|Any CPU.ActiveCfg = Debug|Any CPU
		{55898587-8456-40D4-BB88-C9FC8BD6BA9C}.Debug|Any CPU.Build.0 = Debug|Any CPU
		{55898587-8456-40D4-BB88-C9FC8BD6BA9C}.Debug|Mixed Platforms.ActiveCfg = Debug|x86
		{55898587-8456-40D4-BB88-C9FC8BD6BA9C}.Debug|Mixed Platforms.Build.0 = Debug|x86
		{55898587-8456-40D4-BB88-C9FC8BD6BA9C}.Debug|Win32.ActiveCfg = Debug|x86
		{55898587-8456-40D4-BB88-C9FC8BD6BA9C}.Debug|Win32.Build.0 = Debug|x86
		{55898587-8456-40D4-BB88-C9FC8BD6BA9C}.Debug|x64.ActiveCfg = Debug|x64
		{55898587-8456-40D4-BB88-C9FC8BD6BA9C}.Debug|x64.Build.0 = Debug|x64
		{55898587-8456-40D4-BB88-C9FC8BD6BA9C}.Debug|x86.ActiveCfg = Debug|x86
		{55898587-8456-40D4-BB88-C9FC8BD6BA9C}.Debug|x86.Build.0 = Debug|x86
		{55898587-8456-40D4-BB88-C9FC8BD6BA9C}.Debugx64|Any CPU.ActiveCfg = Debugx64|Any CPU
		{55898587-8456-40D4-BB88-C9FC8BD6BA9C}.Debugx64|Any CPU.Build.0 = Debugx64|Any CPU
		{55898587-8456-40D4-BB88-C9FC8BD6BA9C}.Debugx64|Mixed Platforms.ActiveCfg = Debugx64|x86
		{55898587-8456-40D4-BB88-C9FC8BD6BA9C}.Debugx64|Mixed Platforms.Build.0 = Debugx64|x86
		{55898587-8456-40D4-BB88-C9FC8BD6BA9C}.Debugx64|Win32.ActiveCfg = Debugx64|x86
		{55898587-8456-40D4-BB88-C9FC8BD6BA9C}.Debugx64|Win32.Build.0 = Debugx64|x86
		{55898587-8456-40D4-BB88-C9FC8BD6BA9C}.Debugx64|x64.ActiveCfg = Debugx64|x64
		{55898587-8456-40D4-BB88-C9FC8BD6BA9C}.Debugx64|x64.Build.0 = Debugx64|x64
		{55898587-8456-40D4-BB88-C9FC8BD6BA9C}.Debugx64|x86.ActiveCfg = Debugx64|x86
		{55898587-8456-40D4-BB88-C9FC8BD6BA9C}.Debugx64|x86.Build.0 = Debugx64|x86
		{55898587-8456-40D4-BB88-C9FC8BD6BA9C}.Release Dll|Any CPU.ActiveCfg = Release|Any CPU
		{55898587-8456-40D4-BB88-C9FC8BD6BA9C}.Release Dll|Any CPU.Build.0 = Release|Any CPU
		{55898587-8456-40D4-BB88-C9FC8BD6BA9C}.Release Dll|Mixed Platforms.ActiveCfg = Release|x86
		{55898587-8456-40D4-BB88-C9FC8BD6BA9C}.Release Dll|Mixed Platforms.Build.0 = Release|x86
		{55898587-8456-40D4-BB88-C9FC8BD6BA9C}.Release Dll|Win32.ActiveCfg = Release|x86
		{55898587-8456-40D4-BB88-C9FC8BD6BA9C}.Release Dll|Win32.Build.0 = Release|x86
		{55898587-8456-40D4-BB88-C9FC8BD6BA9C}.Release Dll|x64.ActiveCfg = Release|x64
		{55898587-8456-40D4-BB88-C9FC8BD6BA9C}.Release Dll|x64.Build.0 = Release|x64
		{55898587-8456-40D4-BB88-C9FC8BD6BA9C}.Release Dll|x86.ActiveCfg = Release|x86
		{55898587-8456-40D4-BB88-C9FC8BD6BA9C}.Release Dll|x86.Build.0 = Release|x86
		{55898587-8456-40D4-BB88-C9FC8BD6BA9C}.Release|Any CPU.ActiveCfg = Release|Any CPU
		{55898587-8456-40D4-BB88-C9FC8BD6BA9C}.Release|Any CPU.Build.0 = Release|Any CPU
		{55898587-8456-40D4-BB88-C9FC8BD6BA9C}.Release|Mixed Platforms.ActiveCfg = Release|x86
		{55898587-8456-40D4-BB88-C9FC8BD6BA9C}.Release|Mixed Platforms.Build.0 = Release|x86
		{55898587-8456-40D4-BB88-C9FC8BD6BA9C}.Release|Win32.ActiveCfg = Release|x86
		{55898587-8456-40D4-BB88-C9FC8BD6BA9C}.Release|Win32.Build.0 = Release|x86
		{55898587-8456-40D4-BB88-C9FC8BD6BA9C}.Release|x64.ActiveCfg = Release|x64
		{55898587-8456-40D4-BB88-C9FC8BD6BA9C}.Release|x64.Build.0 = Release|x64
		{55898587-8456-40D4-BB88-C9FC8BD6BA9C}.Release|x86.ActiveCfg = Release|x86
		{55898587-8456-40D4-BB88-C9FC8BD6BA9C}.Release|x86.Build.0 = Release|x86
		{6886EF9D-7FF7-4712-9AB3-54BD85CEE232}.Debug Dll|Any CPU.ActiveCfg = Debug|Any CPU
		{6886EF9D-7FF7-4712-9AB3-54BD85CEE232}.Debug Dll|Any CPU.Build.0 = Debug|Any CPU
		{6886EF9D-7FF7-4712-9AB3-54BD85CEE232}.Debug Dll|Mixed Platforms.ActiveCfg = Debug|x86
		{6886EF9D-7FF7-4712-9AB3-54BD85CEE232}.Debug Dll|Mixed Platforms.Build.0 = Debug|x86
		{6886EF9D-7FF7-4712-9AB3-54BD85CEE232}.Debug Dll|Win32.ActiveCfg = Debug|x86
		{6886EF9D-7FF7-4712-9AB3-54BD85CEE232}.Debug Dll|Win32.Build.0 = Debug|x86
		{6886EF9D-7FF7-4712-9AB3-54BD85CEE232}.Debug Dll|x64.ActiveCfg = Debug|x64
		{6886EF9D-7FF7-4712-9AB3-54BD85CEE232}.Debug Dll|x64.Build.0 = Debug|x64
		{6886EF9D-7FF7-4712-9AB3-54BD85CEE232}.Debug Dll|x86.ActiveCfg = Debug|x86
		{6886EF9D-7FF7-4712-9AB3-54BD85CEE232}.Debug Dll|x86.Build.0 = Debug|x86
		{6886EF9D-7FF7-4712-9AB3-54BD85CEE232}.Debug|Any CPU.ActiveCfg = Debug|Any CPU
		{6886EF9D-7FF7-4712-9AB3-54BD85CEE232}.Debug|Any CPU.Build.0 = Debug|Any CPU
		{6886EF9D-7FF7-4712-9AB3-54BD85CEE232}.Debug|Mixed Platforms.ActiveCfg = Debug|x86
		{6886EF9D-7FF7-4712-9AB3-54BD85CEE232}.Debug|Mixed Platforms.Build.0 = Debug|x86
		{6886EF9D-7FF7-4712-9AB3-54BD85CEE232}.Debug|Win32.ActiveCfg = Debug|x86
		{6886EF9D-7FF7-4712-9AB3-54BD85CEE232}.Debug|Win32.Build.0 = Debug|x86
		{6886EF9D-7FF7-4712-9AB3-54BD85CEE232}.Debug|x64.ActiveCfg = Debug|x64
		{6886EF9D-7FF7-4712-9AB3-54BD85CEE232}.Debug|x64.Build.0 = Debug|x64
		{6886EF9D-7FF7-4712-9AB3-54BD85CEE232}.Debug|x86.ActiveCfg = Debug|x86
		{6886EF9D-7FF7-4712-9AB3-54BD85CEE232}.Debug|x86.Build.0 = Debug|x86
		{6886EF9D-7FF7-4712-9AB3-54BD85CEE232}.Debugx64|Any CPU.ActiveCfg = Debug|Any CPU
		{6886EF9D-7FF7-4712-9AB3-54BD85CEE232}.Debugx64|Any CPU.Build.0 = Debug|Any CPU
		{6886EF9D-7FF7-4712-9AB3-54BD85CEE232}.Debugx64|Mixed Platforms.ActiveCfg = Debug|x86
		{6886EF9D-7FF7-4712-9AB3-54BD85CEE232}.Debugx64|Mixed Platforms.Build.0 = Debug|x86
		{6886EF9D-7FF7-4712-9AB3-54BD85CEE232}.Debugx64|Win32.ActiveCfg = Debug|x86
		{6886EF9D-7FF7-4712-9AB3-54BD85CEE232}.Debugx64|Win32.Build.0 = Debug|x86
		{6886EF9D-7FF7-4712-9AB3-54BD85CEE232}.Debugx64|x64.ActiveCfg = Debug|x64
		{6886EF9D-7FF7-4712-9AB3-54BD85CEE232}.Debugx64|x64.Build.0 = Debug|x64
		{6886EF9D-7FF7-4712-9AB3-54BD85CEE232}.Debugx64|x86.ActiveCfg = Debug|x86
		{6886EF9D-7FF7-4712-9AB3-54BD85CEE232}.Debugx64|x86.Build.0 = Debug|x86
		{6886EF9D-7FF7-4712-9AB3-54BD85CEE232}.Release Dll|Any CPU.ActiveCfg = Release|Any CPU
		{6886EF9D-7FF7-4712-9AB3-54BD85CEE232}.Release Dll|Any CPU.Build.0 = Release|Any CPU
		{6886EF9D-7FF7-4712-9AB3-54BD85CEE232}.Release Dll|Mixed Platforms.ActiveCfg = Release|x86
		{6886EF9D-7FF7-4712-9AB3-54BD85CEE232}.Release Dll|Mixed Platforms.Build.0 = Release|x86
		{6886EF9D-7FF7-4712-9AB3-54BD85CEE232}.Release Dll|Win32.ActiveCfg = Release|x86
		{6886EF9D-7FF7-4712-9AB3-54BD85CEE232}.Release Dll|Win32.Build.0 = Release|x86
		{6886EF9D-7FF7-4712-9AB3-54BD85CEE232}.Release Dll|x64.ActiveCfg = Release|x64
		{6886EF9D-7FF7-4712-9AB3-54BD85CEE232}.Release Dll|x64.Build.0 = Release|x64
		{6886EF9D-7FF7-4712-9AB3-54BD85CEE232}.Release Dll|x86.ActiveCfg = Release|x86
		{6886EF9D-7FF7-4712-9AB3-54BD85CEE232}.Release Dll|x86.Build.0 = Release|x86
		{6886EF9D-7FF7-4712-9AB3-54BD85CEE232}.Release|Any CPU.ActiveCfg = Release|Any CPU
		{6886EF9D-7FF7-4712-9AB3-54BD85CEE232}.Release|Any CPU.Build.0 = Release|Any CPU
		{6886EF9D-7FF7-4712-9AB3-54BD85CEE232}.Release|Mixed Platforms.ActiveCfg = Release|x86
		{6886EF9D-7FF7-4712-9AB3-54BD85CEE232}.Release|Mixed Platforms.Build.0 = Release|x86
		{6886EF9D-7FF7-4712-9AB3-54BD85CEE232}.Release|Win32.ActiveCfg = Release|x86
		{6886EF9D-7FF7-4712-9AB3-54BD85CEE232}.Release|Win32.Build.0 = Release|x86
		{6886EF9D-7FF7-4712-9AB3-54BD85CEE232}.Release|x64.ActiveCfg = Release|x64
		{6886EF9D-7FF7-4712-9AB3-54BD85CEE232}.Release|x64.Build.0 = Release|x64
		{6886EF9D-7FF7-4712-9AB3-54BD85CEE232}.Release|x86.ActiveCfg = Release|x86
		{6886EF9D-7FF7-4712-9AB3-54BD85CEE232}.Release|x86.Build.0 = Release|x86
	EndGlobalSection
	GlobalSection(SolutionProperties) = preSolution
		HideSolutionNode = FALSE
	EndGlobalSection
	GlobalSection(ExtensibilityGlobals) = postSolution
		SolutionGuid = {B31733B4-66A4-44E9-93F6-2475FA58D4A0}
	EndGlobalSection
EndGlobal
