Microsoft Visual Studio Solution File, Format Version 12.00
# Visual Studio Version 16
VisualStudioVersion = 16.0.30621.155
MinimumVisualStudioVersion = 10.0.40219.1
Project("{FAE04EC0-301F-11D3-BF4B-00C04F79EFBC}") = "iosSIPGetStarted", "iosSIPGetStarted.csproj", "{EA27B273-3BCE-47C2-B7FA-2FD281F06CB9}"
EndProject
Project("{9A19103F-16F7-4668-BE54-9A1E7A4F7556}") = "SIPSorcery", "..\..\..\src\SIPSorcery.csproj", "{5D3CA7D1-7EE0-427A-B214-0EC9D8B48229}"
EndProject
Global
	GlobalSection(SolutionConfigurationPlatforms) = preSolution
		Debug|Any CPU = Debug|Any CPU
		Debug|iPhone = Debug|iPhone
		Debug|iPhoneSimulator = Debug|iPhoneSimulator
		Release|Any CPU = Release|Any CPU
		Release|iPhone = Release|iPhone
		Release|iPhoneSimulator = Release|iPhoneSimulator
	EndGlobalSection
	GlobalSection(ProjectConfigurationPlatforms) = postSolution
		{EA27B273-3BCE-47C2-B7FA-2FD281F06CB9}.Debug|Any CPU.ActiveCfg = Debug|iPhoneSimulator
		{EA27B273-3BCE-47C2-B7FA-2FD281F06CB9}.Debug|iPhone.ActiveCfg = Debug|iPhone
		{EA27B273-3BCE-47C2-B7FA-2FD281F06CB9}.Debug|iPhone.Build.0 = Debug|iPhone
		{EA27B273-3BCE-47C2-B7FA-2FD281F06CB9}.Debug|iPhoneSimulator.ActiveCfg = Debug|iPhoneSimulator
		{EA27B273-3BCE-47C2-B7FA-2FD281F06CB9}.Debug|iPhoneSimulator.Build.0 = Debug|iPhoneSimulator
		{EA27B273-3BCE-47C2-B7FA-2FD281F06CB9}.Release|Any CPU.ActiveCfg = Release|iPhoneSimulator
		{EA27B273-3BCE-47C2-B7FA-2FD281F06CB9}.Release|iPhone.ActiveCfg = Release|iPhone
		{EA27B273-3BCE-47C2-B7FA-2FD281F06CB9}.Release|iPhone.Build.0 = Release|iPhone
		{EA27B273-3BCE-47C2-B7FA-2FD281F06CB9}.Release|iPhoneSimulator.ActiveCfg = Release|iPhoneSimulator
		{EA27B273-3BCE-47C2-B7FA-2FD281F06CB9}.Release|iPhoneSimulator.Build.0 = Release|iPhoneSimulator
		{5D3CA7D1-7EE0-427A-B214-0EC9D8B48229}.Debug|Any CPU.ActiveCfg = Debug|Any CPU
		{5D3CA7D1-7EE0-427A-B214-0EC9D8B48229}.Debug|Any CPU.Build.0 = Debug|Any CPU
		{5D3CA7D1-7EE0-427A-B214-0EC9D8B48229}.Debug|iPhone.ActiveCfg = Debug|Any CPU
		{5D3CA7D1-7EE0-427A-B214-0EC9D8B48229}.Debug|iPhone.Build.0 = Debug|Any CPU
		{5D3CA7D1-7EE0-427A-B214-0EC9D8B48229}.Debug|iPhoneSimulator.ActiveCfg = Debug|Any CPU
		{5D3CA7D1-7EE0-427A-B214-0EC9D8B48229}.Debug|iPhoneSimulator.Build.0 = Debug|Any CPU
		{5D3CA7D1-7EE0-427A-B214-0EC9D8B48229}.Release|Any CPU.ActiveCfg = Release|Any CPU
		{5D3CA7D1-7EE0-427A-B214-0EC9D8B48229}.Release|Any CPU.Build.0 = Release|Any CPU
		{5D3CA7D1-7EE0-427A-B214-0EC9D8B48229}.Release|iPhone.ActiveCfg = Release|Any CPU
		{5D3CA7D1-7EE0-427A-B214-0EC9D8B48229}.Release|iPhone.Build.0 = Release|Any CPU
		{5D3CA7D1-7EE0-427A-B214-0EC9D8B48229}.Release|iPhoneSimulator.ActiveCfg = Release|Any CPU
		{5D3CA7D1-7EE0-427A-B214-0EC9D8B48229}.Release|iPhoneSimulator.Build.0 = Release|Any CPU
	EndGlobalSection
	GlobalSection(SolutionProperties) = preSolution
		HideSolutionNode = FALSE
	EndGlobalSection
	GlobalSection(ExtensibilityGlobals) = postSolution
		SolutionGuid = {57A66C6B-60FE-45F0-9C31-07E6C37BD8A5}
	EndGlobalSection
EndGlobal
