
Microsoft Visual Studio Solution File, Format Version 11.00
# Visual Studio 2010
Project("{FAE04EC0-301F-11D3-BF4B-00C04F79EFBC}") = "SIPSorcery.XMPP", "SIPSorcery.XMPP\SIPSorcery.XMPP.csproj", "{0B26F6AE-3A6D-4B1A-A5DE-B379AC9F6F70}"
EndProject
Project("{FAE04EC0-301F-11D3-BF4B-00C04F79EFBC}") = "SIPSorcery.XMPP.TestClient", "SIPSorcery.XMPP.TestClient\SIPSorcery.XMPP.TestClient.csproj", "{723EA308-09C3-411C-B37F-8DA4B13736EA}"
EndProject
Project("{FAE04EC0-301F-11D3-BF4B-00C04F79EFBC}") = "SIPSorcery.SIPToXMPP", "SIPSorcery.SIPToXMPP\SIPSorcery.SIPToXMPP.csproj", "{809DE327-A652-43A6-9CFC-6FD15FAB436C}"
EndProject
Global
	GlobalSection(SolutionConfigurationPlatforms) = preSolution
		Debug|Any CPU = Debug|Any CPU
		Debug|Mixed Platforms = Debug|Mixed Platforms
		Debug|x86 = Debug|x86
		Release|Any CPU = Release|Any CPU
		Release|Mixed Platforms = Release|Mixed Platforms
		Release|x86 = Release|x86
	EndGlobalSection
	GlobalSection(ProjectConfigurationPlatforms) = postSolution
		{0B26F6AE-3A6D-4B1A-A5DE-B379AC9F6F70}.Debug|Any CPU.ActiveCfg = Debug|Any CPU
		{0B26F6AE-3A6D-4B1A-A5DE-B379AC9F6F70}.Debug|Any CPU.Build.0 = Debug|Any CPU
		{0B26F6AE-3A6D-4B1A-A5DE-B379AC9F6F70}.Debug|Mixed Platforms.ActiveCfg = Debug|Any CPU
		{0B26F6AE-3A6D-4B1A-A5DE-B379AC9F6F70}.Debug|Mixed Platforms.Build.0 = Debug|Any CPU
		{0B26F6AE-3A6D-4B1A-A5DE-B379AC9F6F70}.Debug|x86.ActiveCfg = Debug|Any CPU
		{0B26F6AE-3A6D-4B1A-A5DE-B379AC9F6F70}.Release|Any CPU.ActiveCfg = Release|Any CPU
		{0B26F6AE-3A6D-4B1A-A5DE-B379AC9F6F70}.Release|Any CPU.Build.0 = Release|Any CPU
		{0B26F6AE-3A6D-4B1A-A5DE-B379AC9F6F70}.Release|Mixed Platforms.ActiveCfg = Release|Any CPU
		{0B26F6AE-3A6D-4B1A-A5DE-B379AC9F6F70}.Release|Mixed Platforms.Build.0 = Release|Any CPU
		{0B26F6AE-3A6D-4B1A-A5DE-B379AC9F6F70}.Release|x86.ActiveCfg = Release|Any CPU
		{723EA308-09C3-411C-B37F-8DA4B13736EA}.Debug|Any CPU.ActiveCfg = Debug|x86
		{723EA308-09C3-411C-B37F-8DA4B13736EA}.Debug|Mixed Platforms.ActiveCfg = Debug|x86
		{723EA308-09C3-411C-B37F-8DA4B13736EA}.Debug|Mixed Platforms.Build.0 = Debug|x86
		{723EA308-09C3-411C-B37F-8DA4B13736EA}.Debug|x86.ActiveCfg = Debug|x86
		{723EA308-09C3-411C-B37F-8DA4B13736EA}.Debug|x86.Build.0 = Debug|x86
		{723EA308-09C3-411C-B37F-8DA4B13736EA}.Release|Any CPU.ActiveCfg = Release|x86
		{723EA308-09C3-411C-B37F-8DA4B13736EA}.Release|Mixed Platforms.ActiveCfg = Release|x86
		{723EA308-09C3-411C-B37F-8DA4B13736EA}.Release|Mixed Platforms.Build.0 = Release|x86
		{723EA308-09C3-411C-B37F-8DA4B13736EA}.Release|x86.ActiveCfg = Release|x86
		{723EA308-09C3-411C-B37F-8DA4B13736EA}.Release|x86.Build.0 = Release|x86
		{809DE327-A652-43A6-9CFC-6FD15FAB436C}.Debug|Any CPU.ActiveCfg = Debug|x86
		{809DE327-A652-43A6-9CFC-6FD15FAB436C}.Debug|Mixed Platforms.ActiveCfg = Debug|x86
		{809DE327-A652-43A6-9CFC-6FD15FAB436C}.Debug|Mixed Platforms.Build.0 = Debug|x86
		{809DE327-A652-43A6-9CFC-6FD15FAB436C}.Debug|x86.ActiveCfg = Debug|x86
		{809DE327-A652-43A6-9CFC-6FD15FAB436C}.Debug|x86.Build.0 = Debug|x86
		{809DE327-A652-43A6-9CFC-6FD15FAB436C}.Release|Any CPU.ActiveCfg = Release|x86
		{809DE327-A652-43A6-9CFC-6FD15FAB436C}.Release|Mixed Platforms.ActiveCfg = Release|x86
		{809DE327-A652-43A6-9CFC-6FD15FAB436C}.Release|Mixed Platforms.Build.0 = Release|x86
		{809DE327-A652-43A6-9CFC-6FD15FAB436C}.Release|x86.ActiveCfg = Release|x86
		{809DE327-A652-43A6-9CFC-6FD15FAB436C}.Release|x86.Build.0 = Release|x86
	EndGlobalSection
	GlobalSection(SolutionProperties) = preSolution
		HideSolutionNode = FALSE
	EndGlobalSection
EndGlobal
