
Microsoft Visual Studio Solution File, Format Version 12.00
# Visual Studio Version 16
VisualStudioVersion = 16.0.30104.148
MinimumVisualStudioVersion = 10.0.40219.1
Project("{FAE04EC0-301F-11D3-BF4B-00C04F79EFBC}") = "TextToPcm", "TextToPcm\TextToPcm.csproj", "{71CEDB4D-3F20-496A-942D-AC84C677C7ED}"
EndProject
Global
	GlobalSection(SolutionConfigurationPlatforms) = preSolution
		Debug|Any CPU = Debug|Any CPU
		Release|Any CPU = Release|Any CPU
	EndGlobalSection
	GlobalSection(ProjectConfigurationPlatforms) = postSolution
		{71CEDB4D-3F20-496A-942D-AC84C677C7ED}.Debug|Any CPU.ActiveCfg = Debug|Any CPU
		{71CEDB4D-3F20-496A-942D-AC84C677C7ED}.Debug|Any CPU.Build.0 = Debug|Any CPU
		{71CEDB4D-3F20-496A-942D-AC84C677C7ED}.Release|Any CPU.ActiveCfg = Release|Any CPU
		{71CEDB4D-3F20-496A-942D-AC84C677C7ED}.Release|Any CPU.Build.0 = Release|Any CPU
	EndGlobalSection
	GlobalSection(SolutionProperties) = preSolution
		HideSolutionNode = FALSE
	EndGlobalSection
	GlobalSection(ExtensibilityGlobals) = postSolution
		SolutionGuid = {91659365-65D1-4F4A-89C8-A83BD5B78A39}
	EndGlobalSection
EndGlobal
