
Microsoft Visual Studio Solution File, Format Version 12.00
# Visual Studio 2012
Project("{FAE04EC0-301F-11D3-BF4B-00C04F79EFBC}") = "SIPSorcery.WP.Sys", "SIPSorcery.WindowsPhone.Sys\SIPSorcery.WP.Sys.csproj", "{318CCF9A-47CD-4132-90DD-5331A73BD876}"
EndProject
Project("{FAE04EC0-301F-11D3-BF4B-00C04F79EFBC}") = "SIPSorcery.WP.SIP", "SIPSorcery.WindowsPhone.SIP\SIPSorcery.WP.SIP.csproj", "{C958C2F3-1A11-42B7-B8B7-D88CB20D2E9F}"
EndProject
Project("{FAE04EC0-301F-11D3-BF4B-00C04F79EFBC}") = "SIPSorcery.WP.SoftPhone", "SIPSorcery.WindowsPhone.SoftPhone\SIPSorcery.WP.SoftPhone.csproj", "{51DB0207-7597-40E9-8D44-B1C27A021648}"
EndProject
Project("{FAE04EC0-301F-11D3-BF4B-00C04F79EFBC}") = "SIPSorcery.WP.SIP.App", "SIPSorcery.WP.SIP.App\SIPSorcery.WP.SIP.App.csproj", "{4923AA3A-B923-488B-B542-F20543DE470A}"
EndProject
Project("{FAE04EC0-301F-11D3-BF4B-00C04F79EFBC}") = "SIPSorcery.WP.CRM", "SIPSorcery.WP.CRM\SIPSorcery.WP.CRM.csproj", "{974C835C-667F-4EE9-AD0F-96E336B1B2A9}"
EndProject
Project("{FAE04EC0-301F-11D3-BF4B-00C04F79EFBC}") = "SIPSorcery.WP.Persistence", "SIPSorcery.WP.Persistence\SIPSorcery.WP.Persistence.csproj", "{50CB98D7-89C7-458F-AB58-6B725DD8E556}"
EndProject
Project("{FAE04EC0-301F-11D3-BF4B-00C04F79EFBC}") = "SIPSorcery.WP.Net", "SIPSorcery.WP.Net\SIPSorcery.WP.Net.csproj", "{F9D73EC7-CDE1-44F6-9C17-43FE258FAFEE}"
EndProject
Global
	GlobalSection(SolutionConfigurationPlatforms) = preSolution
		Debug|Any CPU = Debug|Any CPU
		Debug|ARM = Debug|ARM
		Debug|x86 = Debug|x86
		Release|Any CPU = Release|Any CPU
		Release|ARM = Release|ARM
		Release|x86 = Release|x86
	EndGlobalSection
	GlobalSection(ProjectConfigurationPlatforms) = postSolution
		{318CCF9A-47CD-4132-90DD-5331A73BD876}.Debug|Any CPU.ActiveCfg = Debug|Any CPU
		{318CCF9A-47CD-4132-90DD-5331A73BD876}.Debug|Any CPU.Build.0 = Debug|Any CPU
		{318CCF9A-47CD-4132-90DD-5331A73BD876}.Debug|ARM.ActiveCfg = Debug|ARM
		{318CCF9A-47CD-4132-90DD-5331A73BD876}.Debug|ARM.Build.0 = Debug|ARM
		{318CCF9A-47CD-4132-90DD-5331A73BD876}.Debug|x86.ActiveCfg = Debug|x86
		{318CCF9A-47CD-4132-90DD-5331A73BD876}.Debug|x86.Build.0 = Debug|x86
		{318CCF9A-47CD-4132-90DD-5331A73BD876}.Release|Any CPU.ActiveCfg = Release|Any CPU
		{318CCF9A-47CD-4132-90DD-5331A73BD876}.Release|Any CPU.Build.0 = Release|Any CPU
		{318CCF9A-47CD-4132-90DD-5331A73BD876}.Release|ARM.ActiveCfg = Release|ARM
		{318CCF9A-47CD-4132-90DD-5331A73BD876}.Release|ARM.Build.0 = Release|ARM
		{318CCF9A-47CD-4132-90DD-5331A73BD876}.Release|x86.ActiveCfg = Release|x86
		{318CCF9A-47CD-4132-90DD-5331A73BD876}.Release|x86.Build.0 = Release|x86
		{C958C2F3-1A11-42B7-B8B7-D88CB20D2E9F}.Debug|Any CPU.ActiveCfg = Debug|Any CPU
		{C958C2F3-1A11-42B7-B8B7-D88CB20D2E9F}.Debug|Any CPU.Build.0 = Debug|Any CPU
		{C958C2F3-1A11-42B7-B8B7-D88CB20D2E9F}.Debug|ARM.ActiveCfg = Debug|ARM
		{C958C2F3-1A11-42B7-B8B7-D88CB20D2E9F}.Debug|ARM.Build.0 = Debug|ARM
		{C958C2F3-1A11-42B7-B8B7-D88CB20D2E9F}.Debug|x86.ActiveCfg = Debug|x86
		{C958C2F3-1A11-42B7-B8B7-D88CB20D2E9F}.Debug|x86.Build.0 = Debug|x86
		{C958C2F3-1A11-42B7-B8B7-D88CB20D2E9F}.Release|Any CPU.ActiveCfg = Release|Any CPU
		{C958C2F3-1A11-42B7-B8B7-D88CB20D2E9F}.Release|Any CPU.Build.0 = Release|Any CPU
		{C958C2F3-1A11-42B7-B8B7-D88CB20D2E9F}.Release|ARM.ActiveCfg = Release|ARM
		{C958C2F3-1A11-42B7-B8B7-D88CB20D2E9F}.Release|ARM.Build.0 = Release|ARM
		{C958C2F3-1A11-42B7-B8B7-D88CB20D2E9F}.Release|x86.ActiveCfg = Release|x86
		{C958C2F3-1A11-42B7-B8B7-D88CB20D2E9F}.Release|x86.Build.0 = Release|x86
		{51DB0207-7597-40E9-8D44-B1C27A021648}.Debug|Any CPU.ActiveCfg = Debug|Any CPU
		{51DB0207-7597-40E9-8D44-B1C27A021648}.Debug|Any CPU.Build.0 = Debug|Any CPU
		{51DB0207-7597-40E9-8D44-B1C27A021648}.Debug|Any CPU.Deploy.0 = Debug|Any CPU
		{51DB0207-7597-40E9-8D44-B1C27A021648}.Debug|ARM.ActiveCfg = Debug|ARM
		{51DB0207-7597-40E9-8D44-B1C27A021648}.Debug|ARM.Build.0 = Debug|ARM
		{51DB0207-7597-40E9-8D44-B1C27A021648}.Debug|ARM.Deploy.0 = Debug|ARM
		{51DB0207-7597-40E9-8D44-B1C27A021648}.Debug|x86.ActiveCfg = Debug|x86
		{51DB0207-7597-40E9-8D44-B1C27A021648}.Debug|x86.Build.0 = Debug|x86
		{51DB0207-7597-40E9-8D44-B1C27A021648}.Debug|x86.Deploy.0 = Debug|x86
		{51DB0207-7597-40E9-8D44-B1C27A021648}.Release|Any CPU.ActiveCfg = Release|Any CPU
		{51DB0207-7597-40E9-8D44-B1C27A021648}.Release|Any CPU.Build.0 = Release|Any CPU
		{51DB0207-7597-40E9-8D44-B1C27A021648}.Release|Any CPU.Deploy.0 = Release|Any CPU
		{51DB0207-7597-40E9-8D44-B1C27A021648}.Release|ARM.ActiveCfg = Release|ARM
		{51DB0207-7597-40E9-8D44-B1C27A021648}.Release|ARM.Build.0 = Release|ARM
		{51DB0207-7597-40E9-8D44-B1C27A021648}.Release|ARM.Deploy.0 = Release|ARM
		{51DB0207-7597-40E9-8D44-B1C27A021648}.Release|x86.ActiveCfg = Release|x86
		{51DB0207-7597-40E9-8D44-B1C27A021648}.Release|x86.Build.0 = Release|x86
		{51DB0207-7597-40E9-8D44-B1C27A021648}.Release|x86.Deploy.0 = Release|x86
		{4923AA3A-B923-488B-B542-F20543DE470A}.Debug|Any CPU.ActiveCfg = Debug|Any CPU
		{4923AA3A-B923-488B-B542-F20543DE470A}.Debug|Any CPU.Build.0 = Debug|Any CPU
		{4923AA3A-B923-488B-B542-F20543DE470A}.Debug|ARM.ActiveCfg = Debug|ARM
		{4923AA3A-B923-488B-B542-F20543DE470A}.Debug|ARM.Build.0 = Debug|ARM
		{4923AA3A-B923-488B-B542-F20543DE470A}.Debug|x86.ActiveCfg = Debug|x86
		{4923AA3A-B923-488B-B542-F20543DE470A}.Debug|x86.Build.0 = Debug|x86
		{4923AA3A-B923-488B-B542-F20543DE470A}.Release|Any CPU.ActiveCfg = Release|Any CPU
		{4923AA3A-B923-488B-B542-F20543DE470A}.Release|Any CPU.Build.0 = Release|Any CPU
		{4923AA3A-B923-488B-B542-F20543DE470A}.Release|ARM.ActiveCfg = Release|ARM
		{4923AA3A-B923-488B-B542-F20543DE470A}.Release|ARM.Build.0 = Release|ARM
		{4923AA3A-B923-488B-B542-F20543DE470A}.Release|x86.ActiveCfg = Release|x86
		{4923AA3A-B923-488B-B542-F20543DE470A}.Release|x86.Build.0 = Release|x86
		{974C835C-667F-4EE9-AD0F-96E336B1B2A9}.Debug|Any CPU.ActiveCfg = Debug|Any CPU
		{974C835C-667F-4EE9-AD0F-96E336B1B2A9}.Debug|Any CPU.Build.0 = Debug|Any CPU
		{974C835C-667F-4EE9-AD0F-96E336B1B2A9}.Debug|ARM.ActiveCfg = Debug|ARM
		{974C835C-667F-4EE9-AD0F-96E336B1B2A9}.Debug|ARM.Build.0 = Debug|ARM
		{974C835C-667F-4EE9-AD0F-96E336B1B2A9}.Debug|x86.ActiveCfg = Debug|x86
		{974C835C-667F-4EE9-AD0F-96E336B1B2A9}.Debug|x86.Build.0 = Debug|x86
		{974C835C-667F-4EE9-AD0F-96E336B1B2A9}.Release|Any CPU.ActiveCfg = Release|Any CPU
		{974C835C-667F-4EE9-AD0F-96E336B1B2A9}.Release|Any CPU.Build.0 = Release|Any CPU
		{974C835C-667F-4EE9-AD0F-96E336B1B2A9}.Release|ARM.ActiveCfg = Release|ARM
		{974C835C-667F-4EE9-AD0F-96E336B1B2A9}.Release|ARM.Build.0 = Release|ARM
		{974C835C-667F-4EE9-AD0F-96E336B1B2A9}.Release|x86.ActiveCfg = Release|x86
		{974C835C-667F-4EE9-AD0F-96E336B1B2A9}.Release|x86.Build.0 = Release|x86
		{50CB98D7-89C7-458F-AB58-6B725DD8E556}.Debug|Any CPU.ActiveCfg = Debug|Any CPU
		{50CB98D7-89C7-458F-AB58-6B725DD8E556}.Debug|Any CPU.Build.0 = Debug|Any CPU
		{50CB98D7-89C7-458F-AB58-6B725DD8E556}.Debug|ARM.ActiveCfg = Debug|ARM
		{50CB98D7-89C7-458F-AB58-6B725DD8E556}.Debug|ARM.Build.0 = Debug|ARM
		{50CB98D7-89C7-458F-AB58-6B725DD8E556}.Debug|x86.ActiveCfg = Debug|x86
		{50CB98D7-89C7-458F-AB58-6B725DD8E556}.Debug|x86.Build.0 = Debug|x86
		{50CB98D7-89C7-458F-AB58-6B725DD8E556}.Release|Any CPU.ActiveCfg = Release|Any CPU
		{50CB98D7-89C7-458F-AB58-6B725DD8E556}.Release|Any CPU.Build.0 = Release|Any CPU
		{50CB98D7-89C7-458F-AB58-6B725DD8E556}.Release|ARM.ActiveCfg = Release|ARM
		{50CB98D7-89C7-458F-AB58-6B725DD8E556}.Release|ARM.Build.0 = Release|ARM
		{50CB98D7-89C7-458F-AB58-6B725DD8E556}.Release|x86.ActiveCfg = Release|x86
		{50CB98D7-89C7-458F-AB58-6B725DD8E556}.Release|x86.Build.0 = Release|x86
		{F9D73EC7-CDE1-44F6-9C17-43FE258FAFEE}.Debug|Any CPU.ActiveCfg = Debug|Any CPU
		{F9D73EC7-CDE1-44F6-9C17-43FE258FAFEE}.Debug|Any CPU.Build.0 = Debug|Any CPU
		{F9D73EC7-CDE1-44F6-9C17-43FE258FAFEE}.Debug|ARM.ActiveCfg = Debug|ARM
		{F9D73EC7-CDE1-44F6-9C17-43FE258FAFEE}.Debug|ARM.Build.0 = Debug|ARM
		{F9D73EC7-CDE1-44F6-9C17-43FE258FAFEE}.Debug|x86.ActiveCfg = Debug|x86
		{F9D73EC7-CDE1-44F6-9C17-43FE258FAFEE}.Debug|x86.Build.0 = Debug|x86
		{F9D73EC7-CDE1-44F6-9C17-43FE258FAFEE}.Release|Any CPU.ActiveCfg = Release|Any CPU
		{F9D73EC7-CDE1-44F6-9C17-43FE258FAFEE}.Release|Any CPU.Build.0 = Release|Any CPU
		{F9D73EC7-CDE1-44F6-9C17-43FE258FAFEE}.Release|ARM.ActiveCfg = Release|ARM
		{F9D73EC7-CDE1-44F6-9C17-43FE258FAFEE}.Release|ARM.Build.0 = Release|ARM
		{F9D73EC7-CDE1-44F6-9C17-43FE258FAFEE}.Release|x86.ActiveCfg = Release|x86
		{F9D73EC7-CDE1-44F6-9C17-43FE258FAFEE}.Release|x86.Build.0 = Release|x86
	EndGlobalSection
	GlobalSection(SolutionProperties) = preSolution
		HideSolutionNode = FALSE
	EndGlobalSection
EndGlobal
