
Microsoft Visual Studio Solution File, Format Version 12.00
# Visual Studio Version 16
VisualStudioVersion = 16.0.29230.61
MinimumVisualStudioVersion = 10.0.40219.1
Project("{2150E333-8FDC-42A3-9474-1A3956D46DE8}") = "Test", "Test", "{5A855FE1-8B93-429D-95A5-B8215CF62A9D}"
EndProject
Project("{9A19103F-16F7-4668-BE54-9A1E7A4F7556}") = "SIPSorcery.UnitTests", "Tests\SIPSorcery.UnitTests\SIPSorcery.UnitTests.csproj", "{A990E2A5-CFE8-4119-8DFC-7F1204AFCC69}"
EndProject
Project("{9A19103F-16F7-4668-BE54-9A1E7A4F7556}") = "SIPSorcery", "SIPSorcery\SIPSorcery.csproj", "{3C19668E-7D5B-4C96-A9E0-D9A188511A00}"
EndProject
Global
	GlobalSection(SolutionConfigurationPlatforms) = preSolution
		Debug|Any CPU = Debug|Any CPU
		Debug|x64 = Debug|x64
		Debug|x86 = Debug|x86
		Release|Any CPU = Release|Any CPU
		Release|x64 = Release|x64
		Release|x86 = Release|x86
	EndGlobalSection
	GlobalSection(ProjectConfigurationPlatforms) = postSolution
		{A990E2A5-CFE8-4119-8DFC-7F1204AFCC69}.Debug|Any CPU.ActiveCfg = Debug|Any CPU
		{A990E2A5-CFE8-4119-8DFC-7F1204AFCC69}.Debug|Any CPU.Build.0 = Debug|Any CPU
		{A990E2A5-CFE8-4119-8DFC-7F1204AFCC69}.Debug|x64.ActiveCfg = Debug|Any CPU
		{A990E2A5-CFE8-4119-8DFC-7F1204AFCC69}.Debug|x64.Build.0 = Debug|Any CPU
		{A990E2A5-CFE8-4119-8DFC-7F1204AFCC69}.Debug|x86.ActiveCfg = Debug|Any CPU
		{A990E2A5-CFE8-4119-8DFC-7F1204AFCC69}.Debug|x86.Build.0 = Debug|Any CPU
		{A990E2A5-CFE8-4119-8DFC-7F1204AFCC69}.Release|Any CPU.ActiveCfg = Release|Any CPU
		{A990E2A5-CFE8-4119-8DFC-7F1204AFCC69}.Release|Any CPU.Build.0 = Release|Any CPU
		{A990E2A5-CFE8-4119-8DFC-7F1204AFCC69}.Release|x64.ActiveCfg = Release|Any CPU
		{A990E2A5-CFE8-4119-8DFC-7F1204AFCC69}.Release|x64.Build.0 = Release|Any CPU
		{A990E2A5-CFE8-4119-8DFC-7F1204AFCC69}.Release|x86.ActiveCfg = Release|Any CPU
		{A990E2A5-CFE8-4119-8DFC-7F1204AFCC69}.Release|x86.Build.0 = Release|Any CPU
		{3C19668E-7D5B-4C96-A9E0-D9A188511A00}.Debug|Any CPU.ActiveCfg = Debug|Any CPU
		{3C19668E-7D5B-4C96-A9E0-D9A188511A00}.Debug|Any CPU.Build.0 = Debug|Any CPU
		{3C19668E-7D5B-4C96-A9E0-D9A188511A00}.Debug|x64.ActiveCfg = Debug|Any CPU
		{3C19668E-7D5B-4C96-A9E0-D9A188511A00}.Debug|x64.Build.0 = Debug|Any CPU
		{3C19668E-7D5B-4C96-A9E0-D9A188511A00}.Debug|x86.ActiveCfg = Debug|Any CPU
		{3C19668E-7D5B-4C96-A9E0-D9A188511A00}.Debug|x86.Build.0 = Debug|Any CPU
		{3C19668E-7D5B-4C96-A9E0-D9A188511A00}.Release|Any CPU.ActiveCfg = Release|Any CPU
		{3C19668E-7D5B-4C96-A9E0-D9A188511A00}.Release|Any CPU.Build.0 = Release|Any CPU
		{3C19668E-7D5B-4C96-A9E0-D9A188511A00}.Release|x64.ActiveCfg = Release|Any CPU
		{3C19668E-7D5B-4C96-A9E0-D9A188511A00}.Release|x64.Build.0 = Release|Any CPU
		{3C19668E-7D5B-4C96-A9E0-D9A188511A00}.Release|x86.ActiveCfg = Release|Any CPU
		{3C19668E-7D5B-4C96-A9E0-D9A188511A00}.Release|x86.Build.0 = Release|Any CPU
	EndGlobalSection
	GlobalSection(SolutionProperties) = preSolution
		HideSolutionNode = FALSE
	EndGlobalSection
	GlobalSection(NestedProjects) = preSolution
		{A990E2A5-CFE8-4119-8DFC-7F1204AFCC69} = {5A855FE1-8B93-429D-95A5-B8215CF62A9D}
	EndGlobalSection
	GlobalSection(ExtensibilityGlobals) = postSolution
		SolutionGuid = {2F184190-BF20-45CF-AD3B-26B2BFC5B433}
	EndGlobalSection
	GlobalSection(TestCaseManagementSettings) = postSolution
		CategoryFile = SIPSorcery-Core.vsmdi
	EndGlobalSection
EndGlobal
