
Microsoft Visual Studio Solution File, Format Version 12.00
# Visual Studio 2013
VisualStudioVersion = 12.0.21005.1
MinimumVisualStudioVersion = 10.0.40219.1
Project("{2150E333-8FDC-42A3-9474-1A3956D46DE8}") = "Solution Items", "Solution Items", "{0B7CB4A2-B101-473E-B5A8-3B746A232647}"
	ProjectSection(SolutionItems) = preProject
		Local.testsettings = Local.testsettings
		SIPSorcery-Core.vsmdi = SIPSorcery-Core.vsmdi
		SIPSorcery.Core.nuspec = SIPSorcery.Core.nuspec
		TraceAndTestImpact.testsettings = TraceAndTestImpact.testsettings
	EndProjectSection
EndProject
Project("{2150E333-8FDC-42A3-9474-1A3956D46DE8}") = "Test", "Test", "{5A855FE1-8B93-429D-95A5-B8215CF62A9D}"
EndProject
Project("{FAE04EC0-301F-11D3-BF4B-00C04F79EFBC}") = "SIPSorcery.Sys", "SIPSorcery.Sys\SIPSorcery.Sys.csproj", "{6D8DBB7D-8937-4CC4-9703-561F776F9DBD}"
EndProject
Project("{FAE04EC0-301F-11D3-BF4B-00C04F79EFBC}") = "SIPSorcery.SIP.Core", "SIPSorcery.SIP.Core\SIPSorcery.SIP.Core.csproj", "{01D01BC6-231F-4FD6-BADF-51C509AB495F}"
EndProject
Project("{FAE04EC0-301F-11D3-BF4B-00C04F79EFBC}") = "SIPSorcery.Net", "SIPSorcery.Net\SIPSorcery.Net.csproj", "{55898587-8456-40D4-BB88-C9FC8BD6BA9C}"
EndProject
Project("{FAE04EC0-301F-11D3-BF4B-00C04F79EFBC}") = "SIPSorcery.Net.UnitTests", "Tests\SIPSorcery.Net.UnitTests\SIPSorcery.Net.UnitTests.csproj", "{FE8521C9-8F01-44C5-BD8C-2920E9AAC906}"
EndProject
Project("{FAE04EC0-301F-11D3-BF4B-00C04F79EFBC}") = "SIPSorcery.SIP.Core.UnitTests", "Tests\SIPSorcery.SIP.Core.UnitTests\SIPSorcery.SIP.Core.UnitTests.csproj", "{13B2C19A-621A-4404-99E1-8345B7283CB6}"
EndProject
Project("{FAE04EC0-301F-11D3-BF4B-00C04F79EFBC}") = "SIPSorcery.SIP.App.UnitTests", "Tests\SIPSorcery.SIP.App.UnitTests\SIPSorcery.SIP.App.UnitTests.csproj", "{87A3270B-0362-4323-851A-5BA5D8CD3752}"
EndProject
Project("{2150E333-8FDC-42A3-9474-1A3956D46DE8}") = ".nuget", ".nuget", "{7A7542D2-F245-465E-B95B-83A22621CC0D}"
	ProjectSection(SolutionItems) = preProject
		.nuget\NuGet.Config = .nuget\NuGet.Config
		.nuget\NuGet.exe = .nuget\NuGet.exe
		.nuget\NuGet.targets = .nuget\NuGet.targets
		.nuget\packages.config = .nuget\packages.config
	EndProjectSection
EndProject
Project("{FAE04EC0-301F-11D3-BF4B-00C04F79EFBC}") = "SIPSorcery.SIP.App-Min", "SIPSorcery.SIP.App\SIPSorcery.SIP.App-Min.csproj", "{339648E6-3B61-4A27-B4A2-38A8216B1D7E}"
EndProject
Project("{FAE04EC0-301F-11D3-BF4B-00C04F79EFBC}") = "SIPSorcery.Persistence", "SIPSorcery.Persistence\SIPSorcery.Persistence.csproj", "{7194705F-5564-4040-BC8A-8FAD806F5408}"
EndProject
Global
	GlobalSection(SolutionConfigurationPlatforms) = preSolution
		Debug|Any CPU = Debug|Any CPU
		Debug|Mixed Platforms = Debug|Mixed Platforms
		Debug|x64 = Debug|x64
		Debug|x86 = Debug|x86
		Debugx64|Any CPU = Debugx64|Any CPU
		Debugx64|Mixed Platforms = Debugx64|Mixed Platforms
		Debugx64|x64 = Debugx64|x64
		Debugx64|x86 = Debugx64|x86
		Release|Any CPU = Release|Any CPU
		Release|Mixed Platforms = Release|Mixed Platforms
		Release|x64 = Release|x64
		Release|x86 = Release|x86
	EndGlobalSection
	GlobalSection(ProjectConfigurationPlatforms) = postSolution
		{6D8DBB7D-8937-4CC4-9703-561F776F9DBD}.Debug|Any CPU.ActiveCfg = Debug|Any CPU
		{6D8DBB7D-8937-4CC4-9703-561F776F9DBD}.Debug|Any CPU.Build.0 = Debug|Any CPU
		{6D8DBB7D-8937-4CC4-9703-561F776F9DBD}.Debug|Mixed Platforms.ActiveCfg = Debug|Any CPU
		{6D8DBB7D-8937-4CC4-9703-561F776F9DBD}.Debug|Mixed Platforms.Build.0 = Debug|Any CPU
		{6D8DBB7D-8937-4CC4-9703-561F776F9DBD}.Debug|x64.ActiveCfg = Debug|x64
		{6D8DBB7D-8937-4CC4-9703-561F776F9DBD}.Debug|x64.Build.0 = Debug|x64
		{6D8DBB7D-8937-4CC4-9703-561F776F9DBD}.Debug|x86.ActiveCfg = Debug|x86
		{6D8DBB7D-8937-4CC4-9703-561F776F9DBD}.Debug|x86.Build.0 = Debug|x86
		{6D8DBB7D-8937-4CC4-9703-561F776F9DBD}.Debugx64|Any CPU.ActiveCfg = Debugx64|Any CPU
		{6D8DBB7D-8937-4CC4-9703-561F776F9DBD}.Debugx64|Any CPU.Build.0 = Debugx64|Any CPU
		{6D8DBB7D-8937-4CC4-9703-561F776F9DBD}.Debugx64|Mixed Platforms.ActiveCfg = Debugx64|Any CPU
		{6D8DBB7D-8937-4CC4-9703-561F776F9DBD}.Debugx64|Mixed Platforms.Build.0 = Debugx64|Any CPU
		{6D8DBB7D-8937-4CC4-9703-561F776F9DBD}.Debugx64|x64.ActiveCfg = Debugx64|x64
		{6D8DBB7D-8937-4CC4-9703-561F776F9DBD}.Debugx64|x64.Build.0 = Debugx64|x64
		{6D8DBB7D-8937-4CC4-9703-561F776F9DBD}.Debugx64|x86.ActiveCfg = Debugx64|x86
		{6D8DBB7D-8937-4CC4-9703-561F776F9DBD}.Debugx64|x86.Build.0 = Debugx64|x86
		{6D8DBB7D-8937-4CC4-9703-561F776F9DBD}.Release|Any CPU.ActiveCfg = Release|Any CPU
		{6D8DBB7D-8937-4CC4-9703-561F776F9DBD}.Release|Any CPU.Build.0 = Release|Any CPU
		{6D8DBB7D-8937-4CC4-9703-561F776F9DBD}.Release|Mixed Platforms.ActiveCfg = Release|Any CPU
		{6D8DBB7D-8937-4CC4-9703-561F776F9DBD}.Release|Mixed Platforms.Build.0 = Release|Any CPU
		{6D8DBB7D-8937-4CC4-9703-561F776F9DBD}.Release|x64.ActiveCfg = Release|x64
		{6D8DBB7D-8937-4CC4-9703-561F776F9DBD}.Release|x64.Build.0 = Release|x64
		{6D8DBB7D-8937-4CC4-9703-561F776F9DBD}.Release|x86.ActiveCfg = Release|x86
		{6D8DBB7D-8937-4CC4-9703-561F776F9DBD}.Release|x86.Build.0 = Release|x86
		{01D01BC6-231F-4FD6-BADF-51C509AB495F}.Debug|Any CPU.ActiveCfg = Debug|Any CPU
		{01D01BC6-231F-4FD6-BADF-51C509AB495F}.Debug|Any CPU.Build.0 = Debug|Any CPU
		{01D01BC6-231F-4FD6-BADF-51C509AB495F}.Debug|Mixed Platforms.ActiveCfg = Debug|Any CPU
		{01D01BC6-231F-4FD6-BADF-51C509AB495F}.Debug|Mixed Platforms.Build.0 = Debug|Any CPU
		{01D01BC6-231F-4FD6-BADF-51C509AB495F}.Debug|x64.ActiveCfg = Debug|x64
		{01D01BC6-231F-4FD6-BADF-51C509AB495F}.Debug|x64.Build.0 = Debug|x64
		{01D01BC6-231F-4FD6-BADF-51C509AB495F}.Debug|x86.ActiveCfg = Debug|x86
		{01D01BC6-231F-4FD6-BADF-51C509AB495F}.Debug|x86.Build.0 = Debug|x86
		{01D01BC6-231F-4FD6-BADF-51C509AB495F}.Debugx64|Any CPU.ActiveCfg = Debugx64|Any CPU
		{01D01BC6-231F-4FD6-BADF-51C509AB495F}.Debugx64|Any CPU.Build.0 = Debugx64|Any CPU
		{01D01BC6-231F-4FD6-BADF-51C509AB495F}.Debugx64|Mixed Platforms.ActiveCfg = Debugx64|Any CPU
		{01D01BC6-231F-4FD6-BADF-51C509AB495F}.Debugx64|Mixed Platforms.Build.0 = Debugx64|Any CPU
		{01D01BC6-231F-4FD6-BADF-51C509AB495F}.Debugx64|x64.ActiveCfg = Debugx64|x64
		{01D01BC6-231F-4FD6-BADF-51C509AB495F}.Debugx64|x64.Build.0 = Debugx64|x64
		{01D01BC6-231F-4FD6-BADF-51C509AB495F}.Debugx64|x86.ActiveCfg = Debugx64|x86
		{01D01BC6-231F-4FD6-BADF-51C509AB495F}.Debugx64|x86.Build.0 = Debugx64|x86
		{01D01BC6-231F-4FD6-BADF-51C509AB495F}.Release|Any CPU.ActiveCfg = Release|Any CPU
		{01D01BC6-231F-4FD6-BADF-51C509AB495F}.Release|Any CPU.Build.0 = Release|Any CPU
		{01D01BC6-231F-4FD6-BADF-51C509AB495F}.Release|Mixed Platforms.ActiveCfg = Release|Any CPU
		{01D01BC6-231F-4FD6-BADF-51C509AB495F}.Release|Mixed Platforms.Build.0 = Release|Any CPU
		{01D01BC6-231F-4FD6-BADF-51C509AB495F}.Release|x64.ActiveCfg = Release|x64
		{01D01BC6-231F-4FD6-BADF-51C509AB495F}.Release|x64.Build.0 = Release|x64
		{01D01BC6-231F-4FD6-BADF-51C509AB495F}.Release|x86.ActiveCfg = Release|x86
		{01D01BC6-231F-4FD6-BADF-51C509AB495F}.Release|x86.Build.0 = Release|x86
		{55898587-8456-40D4-BB88-C9FC8BD6BA9C}.Debug|Any CPU.ActiveCfg = Debug|Any CPU
		{55898587-8456-40D4-BB88-C9FC8BD6BA9C}.Debug|Any CPU.Build.0 = Debug|Any CPU
		{55898587-8456-40D4-BB88-C9FC8BD6BA9C}.Debug|Mixed Platforms.ActiveCfg = Debug|Any CPU
		{55898587-8456-40D4-BB88-C9FC8BD6BA9C}.Debug|Mixed Platforms.Build.0 = Debug|Any CPU
		{55898587-8456-40D4-BB88-C9FC8BD6BA9C}.Debug|x64.ActiveCfg = Debug|x64
		{55898587-8456-40D4-BB88-C9FC8BD6BA9C}.Debug|x64.Build.0 = Debug|x64
		{55898587-8456-40D4-BB88-C9FC8BD6BA9C}.Debug|x86.ActiveCfg = Debug|x86
		{55898587-8456-40D4-BB88-C9FC8BD6BA9C}.Debug|x86.Build.0 = Debug|x86
		{55898587-8456-40D4-BB88-C9FC8BD6BA9C}.Debugx64|Any CPU.ActiveCfg = Debugx64|Any CPU
		{55898587-8456-40D4-BB88-C9FC8BD6BA9C}.Debugx64|Any CPU.Build.0 = Debugx64|Any CPU
		{55898587-8456-40D4-BB88-C9FC8BD6BA9C}.Debugx64|Mixed Platforms.ActiveCfg = Debugx64|Any CPU
		{55898587-8456-40D4-BB88-C9FC8BD6BA9C}.Debugx64|Mixed Platforms.Build.0 = Debugx64|Any CPU
		{55898587-8456-40D4-BB88-C9FC8BD6BA9C}.Debugx64|x64.ActiveCfg = Debugx64|x64
		{55898587-8456-40D4-BB88-C9FC8BD6BA9C}.Debugx64|x64.Build.0 = Debugx64|x64
		{55898587-8456-40D4-BB88-C9FC8BD6BA9C}.Debugx64|x86.ActiveCfg = Debugx64|x86
		{55898587-8456-40D4-BB88-C9FC8BD6BA9C}.Debugx64|x86.Build.0 = Debugx64|x86
		{55898587-8456-40D4-BB88-C9FC8BD6BA9C}.Release|Any CPU.ActiveCfg = Release|Any CPU
		{55898587-8456-40D4-BB88-C9FC8BD6BA9C}.Release|Any CPU.Build.0 = Release|Any CPU
		{55898587-8456-40D4-BB88-C9FC8BD6BA9C}.Release|Mixed Platforms.ActiveCfg = Release|Any CPU
		{55898587-8456-40D4-BB88-C9FC8BD6BA9C}.Release|Mixed Platforms.Build.0 = Release|Any CPU
		{55898587-8456-40D4-BB88-C9FC8BD6BA9C}.Release|x64.ActiveCfg = Release|x64
		{55898587-8456-40D4-BB88-C9FC8BD6BA9C}.Release|x64.Build.0 = Release|x64
		{55898587-8456-40D4-BB88-C9FC8BD6BA9C}.Release|x86.ActiveCfg = Release|x86
		{55898587-8456-40D4-BB88-C9FC8BD6BA9C}.Release|x86.Build.0 = Release|x86
		{FE8521C9-8F01-44C5-BD8C-2920E9AAC906}.Debug|Any CPU.ActiveCfg = Debug|Any CPU
		{FE8521C9-8F01-44C5-BD8C-2920E9AAC906}.Debug|Any CPU.Build.0 = Debug|Any CPU
		{FE8521C9-8F01-44C5-BD8C-2920E9AAC906}.Debug|Mixed Platforms.ActiveCfg = Debug|Any CPU
		{FE8521C9-8F01-44C5-BD8C-2920E9AAC906}.Debug|Mixed Platforms.Build.0 = Debug|Any CPU
		{FE8521C9-8F01-44C5-BD8C-2920E9AAC906}.Debug|x64.ActiveCfg = Debug|x64
		{FE8521C9-8F01-44C5-BD8C-2920E9AAC906}.Debug|x64.Build.0 = Debug|x64
		{FE8521C9-8F01-44C5-BD8C-2920E9AAC906}.Debug|x86.ActiveCfg = Debug|x86
		{FE8521C9-8F01-44C5-BD8C-2920E9AAC906}.Debug|x86.Build.0 = Debug|x86
		{FE8521C9-8F01-44C5-BD8C-2920E9AAC906}.Debugx64|Any CPU.ActiveCfg = Debugx64|Any CPU
		{FE8521C9-8F01-44C5-BD8C-2920E9AAC906}.Debugx64|Any CPU.Build.0 = Debugx64|Any CPU
		{FE8521C9-8F01-44C5-BD8C-2920E9AAC906}.Debugx64|Mixed Platforms.ActiveCfg = Debugx64|Any CPU
		{FE8521C9-8F01-44C5-BD8C-2920E9AAC906}.Debugx64|Mixed Platforms.Build.0 = Debugx64|Any CPU
		{FE8521C9-8F01-44C5-BD8C-2920E9AAC906}.Debugx64|x64.ActiveCfg = Debugx64|x64
		{FE8521C9-8F01-44C5-BD8C-2920E9AAC906}.Debugx64|x64.Build.0 = Debugx64|x64
		{FE8521C9-8F01-44C5-BD8C-2920E9AAC906}.Debugx64|x86.ActiveCfg = Debugx64|x86
		{FE8521C9-8F01-44C5-BD8C-2920E9AAC906}.Debugx64|x86.Build.0 = Debugx64|x86
		{FE8521C9-8F01-44C5-BD8C-2920E9AAC906}.Release|Any CPU.ActiveCfg = Release|Any CPU
		{FE8521C9-8F01-44C5-BD8C-2920E9AAC906}.Release|Any CPU.Build.0 = Release|Any CPU
		{FE8521C9-8F01-44C5-BD8C-2920E9AAC906}.Release|Mixed Platforms.ActiveCfg = Release|Any CPU
		{FE8521C9-8F01-44C5-BD8C-2920E9AAC906}.Release|Mixed Platforms.Build.0 = Release|Any CPU
		{FE8521C9-8F01-44C5-BD8C-2920E9AAC906}.Release|x64.ActiveCfg = Release|x64
		{FE8521C9-8F01-44C5-BD8C-2920E9AAC906}.Release|x64.Build.0 = Release|x64
		{FE8521C9-8F01-44C5-BD8C-2920E9AAC906}.Release|x86.ActiveCfg = Release|x86
		{FE8521C9-8F01-44C5-BD8C-2920E9AAC906}.Release|x86.Build.0 = Release|x86
		{13B2C19A-621A-4404-99E1-8345B7283CB6}.Debug|Any CPU.ActiveCfg = Debug|Any CPU
		{13B2C19A-621A-4404-99E1-8345B7283CB6}.Debug|Any CPU.Build.0 = Debug|Any CPU
		{13B2C19A-621A-4404-99E1-8345B7283CB6}.Debug|Mixed Platforms.ActiveCfg = Debug|Any CPU
		{13B2C19A-621A-4404-99E1-8345B7283CB6}.Debug|Mixed Platforms.Build.0 = Debug|Any CPU
		{13B2C19A-621A-4404-99E1-8345B7283CB6}.Debug|x64.ActiveCfg = Debug|x64
		{13B2C19A-621A-4404-99E1-8345B7283CB6}.Debug|x64.Build.0 = Debug|x64
		{13B2C19A-621A-4404-99E1-8345B7283CB6}.Debug|x86.ActiveCfg = Debug|x86
		{13B2C19A-621A-4404-99E1-8345B7283CB6}.Debug|x86.Build.0 = Debug|x86
		{13B2C19A-621A-4404-99E1-8345B7283CB6}.Debugx64|Any CPU.ActiveCfg = Debugx64|Any CPU
		{13B2C19A-621A-4404-99E1-8345B7283CB6}.Debugx64|Any CPU.Build.0 = Debugx64|Any CPU
		{13B2C19A-621A-4404-99E1-8345B7283CB6}.Debugx64|Mixed Platforms.ActiveCfg = Debugx64|Any CPU
		{13B2C19A-621A-4404-99E1-8345B7283CB6}.Debugx64|Mixed Platforms.Build.0 = Debugx64|Any CPU
		{13B2C19A-621A-4404-99E1-8345B7283CB6}.Debugx64|x64.ActiveCfg = Debugx64|x64
		{13B2C19A-621A-4404-99E1-8345B7283CB6}.Debugx64|x64.Build.0 = Debugx64|x64
		{13B2C19A-621A-4404-99E1-8345B7283CB6}.Debugx64|x86.ActiveCfg = Debugx64|x86
		{13B2C19A-621A-4404-99E1-8345B7283CB6}.Debugx64|x86.Build.0 = Debugx64|x86
		{13B2C19A-621A-4404-99E1-8345B7283CB6}.Release|Any CPU.ActiveCfg = Release|Any CPU
		{13B2C19A-621A-4404-99E1-8345B7283CB6}.Release|Any CPU.Build.0 = Release|Any CPU
		{13B2C19A-621A-4404-99E1-8345B7283CB6}.Release|Mixed Platforms.ActiveCfg = Release|Any CPU
		{13B2C19A-621A-4404-99E1-8345B7283CB6}.Release|Mixed Platforms.Build.0 = Release|Any CPU
		{13B2C19A-621A-4404-99E1-8345B7283CB6}.Release|x64.ActiveCfg = Release|x64
		{13B2C19A-621A-4404-99E1-8345B7283CB6}.Release|x64.Build.0 = Release|x64
		{13B2C19A-621A-4404-99E1-8345B7283CB6}.Release|x86.ActiveCfg = Release|x86
		{13B2C19A-621A-4404-99E1-8345B7283CB6}.Release|x86.Build.0 = Release|x86
		{87A3270B-0362-4323-851A-5BA5D8CD3752}.Debug|Any CPU.ActiveCfg = Debug|Any CPU
		{87A3270B-0362-4323-851A-5BA5D8CD3752}.Debug|Any CPU.Build.0 = Debug|Any CPU
		{87A3270B-0362-4323-851A-5BA5D8CD3752}.Debug|Mixed Platforms.ActiveCfg = Debug|Any CPU
		{87A3270B-0362-4323-851A-5BA5D8CD3752}.Debug|Mixed Platforms.Build.0 = Debug|Any CPU
		{87A3270B-0362-4323-851A-5BA5D8CD3752}.Debug|x64.ActiveCfg = Debug|x64
		{87A3270B-0362-4323-851A-5BA5D8CD3752}.Debug|x64.Build.0 = Debug|x64
		{87A3270B-0362-4323-851A-5BA5D8CD3752}.Debug|x86.ActiveCfg = Debug|x86
		{87A3270B-0362-4323-851A-5BA5D8CD3752}.Debug|x86.Build.0 = Debug|x86
		{87A3270B-0362-4323-851A-5BA5D8CD3752}.Debugx64|Any CPU.ActiveCfg = Debugx64|Any CPU
		{87A3270B-0362-4323-851A-5BA5D8CD3752}.Debugx64|Any CPU.Build.0 = Debugx64|Any CPU
		{87A3270B-0362-4323-851A-5BA5D8CD3752}.Debugx64|Mixed Platforms.ActiveCfg = Debugx64|Any CPU
		{87A3270B-0362-4323-851A-5BA5D8CD3752}.Debugx64|Mixed Platforms.Build.0 = Debugx64|Any CPU
		{87A3270B-0362-4323-851A-5BA5D8CD3752}.Debugx64|x64.ActiveCfg = Debugx64|x64
		{87A3270B-0362-4323-851A-5BA5D8CD3752}.Debugx64|x64.Build.0 = Debugx64|x64
		{87A3270B-0362-4323-851A-5BA5D8CD3752}.Debugx64|x86.ActiveCfg = Debugx64|x86
		{87A3270B-0362-4323-851A-5BA5D8CD3752}.Debugx64|x86.Build.0 = Debugx64|x86
		{87A3270B-0362-4323-851A-5BA5D8CD3752}.Release|Any CPU.ActiveCfg = Release|Any CPU
		{87A3270B-0362-4323-851A-5BA5D8CD3752}.Release|Any CPU.Build.0 = Release|Any CPU
		{87A3270B-0362-4323-851A-5BA5D8CD3752}.Release|Mixed Platforms.ActiveCfg = Release|Any CPU
		{87A3270B-0362-4323-851A-5BA5D8CD3752}.Release|Mixed Platforms.Build.0 = Release|Any CPU
		{87A3270B-0362-4323-851A-5BA5D8CD3752}.Release|x64.ActiveCfg = Release|x64
		{87A3270B-0362-4323-851A-5BA5D8CD3752}.Release|x64.Build.0 = Release|x64
		{87A3270B-0362-4323-851A-5BA5D8CD3752}.Release|x86.ActiveCfg = Release|x86
		{87A3270B-0362-4323-851A-5BA5D8CD3752}.Release|x86.Build.0 = Release|x86
		{339648E6-3B61-4A27-B4A2-38A8216B1D7E}.Debug|Any CPU.ActiveCfg = Debug|Any CPU
		{339648E6-3B61-4A27-B4A2-38A8216B1D7E}.Debug|Any CPU.Build.0 = Debug|Any CPU
		{339648E6-3B61-4A27-B4A2-38A8216B1D7E}.Debug|Mixed Platforms.ActiveCfg = Debug|x86
		{339648E6-3B61-4A27-B4A2-38A8216B1D7E}.Debug|Mixed Platforms.Build.0 = Debug|x86
		{339648E6-3B61-4A27-B4A2-38A8216B1D7E}.Debug|x64.ActiveCfg = Debug|x64
		{339648E6-3B61-4A27-B4A2-38A8216B1D7E}.Debug|x64.Build.0 = Debug|x64
		{339648E6-3B61-4A27-B4A2-38A8216B1D7E}.Debug|x86.ActiveCfg = Debug|x86
		{339648E6-3B61-4A27-B4A2-38A8216B1D7E}.Debug|x86.Build.0 = Debug|x86
		{339648E6-3B61-4A27-B4A2-38A8216B1D7E}.Debugx64|Any CPU.ActiveCfg = Debugx64|Any CPU
		{339648E6-3B61-4A27-B4A2-38A8216B1D7E}.Debugx64|Any CPU.Build.0 = Debugx64|Any CPU
		{339648E6-3B61-4A27-B4A2-38A8216B1D7E}.Debugx64|Mixed Platforms.ActiveCfg = Debugx64|x86
		{339648E6-3B61-4A27-B4A2-38A8216B1D7E}.Debugx64|Mixed Platforms.Build.0 = Debugx64|x86
		{339648E6-3B61-4A27-B4A2-38A8216B1D7E}.Debugx64|x64.ActiveCfg = Debugx64|x64
		{339648E6-3B61-4A27-B4A2-38A8216B1D7E}.Debugx64|x64.Build.0 = Debugx64|x64
		{339648E6-3B61-4A27-B4A2-38A8216B1D7E}.Debugx64|x86.ActiveCfg = Debugx64|x86
		{339648E6-3B61-4A27-B4A2-38A8216B1D7E}.Debugx64|x86.Build.0 = Debugx64|x86
		{339648E6-3B61-4A27-B4A2-38A8216B1D7E}.Release|Any CPU.ActiveCfg = Release|Any CPU
		{339648E6-3B61-4A27-B4A2-38A8216B1D7E}.Release|Any CPU.Build.0 = Release|Any CPU
		{339648E6-3B61-4A27-B4A2-38A8216B1D7E}.Release|Mixed Platforms.ActiveCfg = Release|x86
		{339648E6-3B61-4A27-B4A2-38A8216B1D7E}.Release|Mixed Platforms.Build.0 = Release|x86
		{339648E6-3B61-4A27-B4A2-38A8216B1D7E}.Release|x64.ActiveCfg = Release|x64
		{339648E6-3B61-4A27-B4A2-38A8216B1D7E}.Release|x64.Build.0 = Release|x64
		{339648E6-3B61-4A27-B4A2-38A8216B1D7E}.Release|x86.ActiveCfg = Release|x86
		{339648E6-3B61-4A27-B4A2-38A8216B1D7E}.Release|x86.Build.0 = Release|x86
		{7194705F-5564-4040-BC8A-8FAD806F5408}.Debug|Any CPU.ActiveCfg = Debug|Any CPU
		{7194705F-5564-4040-BC8A-8FAD806F5408}.Debug|Any CPU.Build.0 = Debug|Any CPU
		{7194705F-5564-4040-BC8A-8FAD806F5408}.Debug|Mixed Platforms.ActiveCfg = Debug|x86
		{7194705F-5564-4040-BC8A-8FAD806F5408}.Debug|Mixed Platforms.Build.0 = Debug|x86
		{7194705F-5564-4040-BC8A-8FAD806F5408}.Debug|x64.ActiveCfg = Debug|x64
		{7194705F-5564-4040-BC8A-8FAD806F5408}.Debug|x64.Build.0 = Debug|x64
		{7194705F-5564-4040-BC8A-8FAD806F5408}.Debug|x86.ActiveCfg = Debug|x86
		{7194705F-5564-4040-BC8A-8FAD806F5408}.Debug|x86.Build.0 = Debug|x86
		{7194705F-5564-4040-BC8A-8FAD806F5408}.Debugx64|Any CPU.ActiveCfg = Debugx64|Any CPU
		{7194705F-5564-4040-BC8A-8FAD806F5408}.Debugx64|Any CPU.Build.0 = Debugx64|Any CPU
		{7194705F-5564-4040-BC8A-8FAD806F5408}.Debugx64|Mixed Platforms.ActiveCfg = Debugx64|x86
		{7194705F-5564-4040-BC8A-8FAD806F5408}.Debugx64|Mixed Platforms.Build.0 = Debugx64|x86
		{7194705F-5564-4040-BC8A-8FAD806F5408}.Debugx64|x64.ActiveCfg = Debugx64|x64
		{7194705F-5564-4040-BC8A-8FAD806F5408}.Debugx64|x64.Build.0 = Debugx64|x64
		{7194705F-5564-4040-BC8A-8FAD806F5408}.Debugx64|x86.ActiveCfg = Debugx64|x86
		{7194705F-5564-4040-BC8A-8FAD806F5408}.Debugx64|x86.Build.0 = Debugx64|x86
		{7194705F-5564-4040-BC8A-8FAD806F5408}.Release|Any CPU.ActiveCfg = Release|Any CPU
		{7194705F-5564-4040-BC8A-8FAD806F5408}.Release|Any CPU.Build.0 = Release|Any CPU
		{7194705F-5564-4040-BC8A-8FAD806F5408}.Release|Mixed Platforms.ActiveCfg = Release|x86
		{7194705F-5564-4040-BC8A-8FAD806F5408}.Release|Mixed Platforms.Build.0 = Release|x86
		{7194705F-5564-4040-BC8A-8FAD806F5408}.Release|x64.ActiveCfg = Release|x64
		{7194705F-5564-4040-BC8A-8FAD806F5408}.Release|x64.Build.0 = Release|x64
		{7194705F-5564-4040-BC8A-8FAD806F5408}.Release|x86.ActiveCfg = Release|x86
		{7194705F-5564-4040-BC8A-8FAD806F5408}.Release|x86.Build.0 = Release|x86
	EndGlobalSection
	GlobalSection(SolutionProperties) = preSolution
		HideSolutionNode = FALSE
	EndGlobalSection
	GlobalSection(NestedProjects) = preSolution
		{FE8521C9-8F01-44C5-BD8C-2920E9AAC906} = {5A855FE1-8B93-429D-95A5-B8215CF62A9D}
		{13B2C19A-621A-4404-99E1-8345B7283CB6} = {5A855FE1-8B93-429D-95A5-B8215CF62A9D}
		{87A3270B-0362-4323-851A-5BA5D8CD3752} = {5A855FE1-8B93-429D-95A5-B8215CF62A9D}
	EndGlobalSection
	GlobalSection(TestCaseManagementSettings) = postSolution
		CategoryFile = SIPSorcery-Core.vsmdi
	EndGlobalSection
EndGlobal
