
Microsoft Visual Studio Solution File, Format Version 11.00
# Visual Studio 2010
Project("{2150E333-8FDC-42A3-9474-1A3956D46DE8}") = "Solution Items", "Solution Items", "{0B7CB4A2-B101-473E-B5A8-3B746A232647}"
EndProject
Project("{FAE04EC0-301F-11D3-BF4B-00C04F79EFBC}") = "SIPSorcery.CRM", "SIPSorcery.CRM\SIPSorcery.CRM.csproj", "{F951789F-1ABB-42E8-BB51-F028DC4824EF}"
EndProject
Project("{FAE04EC0-301F-11D3-BF4B-00C04F79EFBC}") = "SIPSorcery.Sys", "SIPSorcery.Sys\SIPSorcery.Sys.csproj", "{6D8DBB7D-8937-4CC4-9703-561F776F9DBD}"
EndProject
Project("{FAE04EC0-301F-11D3-BF4B-00C04F79EFBC}") = "SIPSorcery.SIP.Core", "SIPSorcery.SIP.Core\SIPSorcery.SIP.Core.csproj", "{01D01BC6-231F-4FD6-BADF-51C509AB495F}"
EndProject
Project("{FAE04EC0-301F-11D3-BF4B-00C04F79EFBC}") = "SIPSorcery.SIP.App", "SIPSorcery.SIP.App\SIPSorcery.SIP.App.csproj", "{339648E6-3B61-4A27-B4A2-38A8216B1D7E}"
EndProject
Project("{FAE04EC0-301F-11D3-BF4B-00C04F79EFBC}") = "SIPSorcery.Net", "SIPSorcery.Net\SIPSorcery.Net.csproj", "{55898587-8456-40D4-BB88-C9FC8BD6BA9C}"
EndProject
Project("{FAE04EC0-301F-11D3-BF4B-00C04F79EFBC}") = "SIPSorcery.Servers.Cores", "SIPSorcery.Servers.Cores\SIPSorcery.Servers.Cores.csproj", "{CEA8E4DD-9CE4-4878-B075-34522417ACD0}"
EndProject
Project("{FAE04EC0-301F-11D3-BF4B-00C04F79EFBC}") = "SIPSorcery.AppServer.DialPlan", "SIPSorcery.AppServer.DialPlan\SIPSorcery.AppServer.DialPlan.csproj", "{DC87DB52-5C99-4282-ABEA-F7EC81AC6D4C}"
EndProject
Project("{FAE04EC0-301F-11D3-BF4B-00C04F79EFBC}") = "SIPSorcery.Persistence", "SIPSorcery.Persistence\SIPSorcery.Persistence.csproj", "{7194705F-5564-4040-BC8A-8FAD806F5408}"
EndProject
Project("{FAE04EC0-301F-11D3-BF4B-00C04F79EFBC}") = "SIPSorcery.Web.Services", "SIPSorcery.Web.Services\SIPSorcery.Web.Services.csproj", "{5D73FBAC-897F-4FEA-BAF9-61823545FE70}"
EndProject
Global
	GlobalSection(SolutionConfigurationPlatforms) = preSolution
		Debug|Any CPU = Debug|Any CPU
		Debug|Mixed Platforms = Debug|Mixed Platforms
		Debug|x86 = Debug|x86
		Release|Any CPU = Release|Any CPU
		Release|Mixed Platforms = Release|Mixed Platforms
		Release|x86 = Release|x86
	EndGlobalSection
	GlobalSection(ProjectConfigurationPlatforms) = postSolution
		{F951789F-1ABB-42E8-BB51-F028DC4824EF}.Debug|Any CPU.ActiveCfg = Debug|Any CPU
		{F951789F-1ABB-42E8-BB51-F028DC4824EF}.Debug|Any CPU.Build.0 = Debug|Any CPU
		{F951789F-1ABB-42E8-BB51-F028DC4824EF}.Debug|Mixed Platforms.ActiveCfg = Debug|Any CPU
		{F951789F-1ABB-42E8-BB51-F028DC4824EF}.Debug|Mixed Platforms.Build.0 = Debug|Any CPU
		{F951789F-1ABB-42E8-BB51-F028DC4824EF}.Debug|x86.ActiveCfg = Debug|Any CPU
		{F951789F-1ABB-42E8-BB51-F028DC4824EF}.Release|Any CPU.ActiveCfg = Release|Any CPU
		{F951789F-1ABB-42E8-BB51-F028DC4824EF}.Release|Any CPU.Build.0 = Release|Any CPU
		{F951789F-1ABB-42E8-BB51-F028DC4824EF}.Release|Mixed Platforms.ActiveCfg = Release|Any CPU
		{F951789F-1ABB-42E8-BB51-F028DC4824EF}.Release|Mixed Platforms.Build.0 = Release|Any CPU
		{F951789F-1ABB-42E8-BB51-F028DC4824EF}.Release|x86.ActiveCfg = Release|Any CPU
		{6D8DBB7D-8937-4CC4-9703-561F776F9DBD}.Debug|Any CPU.ActiveCfg = Debug|Any CPU
		{6D8DBB7D-8937-4CC4-9703-561F776F9DBD}.Debug|Any CPU.Build.0 = Debug|Any CPU
		{6D8DBB7D-8937-4CC4-9703-561F776F9DBD}.Debug|Mixed Platforms.ActiveCfg = Debug|Any CPU
		{6D8DBB7D-8937-4CC4-9703-561F776F9DBD}.Debug|Mixed Platforms.Build.0 = Debug|Any CPU
		{6D8DBB7D-8937-4CC4-9703-561F776F9DBD}.Debug|x86.ActiveCfg = Debug|Any CPU
		{6D8DBB7D-8937-4CC4-9703-561F776F9DBD}.Release|Any CPU.ActiveCfg = Release|Any CPU
		{6D8DBB7D-8937-4CC4-9703-561F776F9DBD}.Release|Any CPU.Build.0 = Release|Any CPU
		{6D8DBB7D-8937-4CC4-9703-561F776F9DBD}.Release|Mixed Platforms.ActiveCfg = Release|Any CPU
		{6D8DBB7D-8937-4CC4-9703-561F776F9DBD}.Release|Mixed Platforms.Build.0 = Release|Any CPU
		{6D8DBB7D-8937-4CC4-9703-561F776F9DBD}.Release|x86.ActiveCfg = Release|Any CPU
		{01D01BC6-231F-4FD6-BADF-51C509AB495F}.Debug|Any CPU.ActiveCfg = Debug|Any CPU
		{01D01BC6-231F-4FD6-BADF-51C509AB495F}.Debug|Any CPU.Build.0 = Debug|Any CPU
		{01D01BC6-231F-4FD6-BADF-51C509AB495F}.Debug|Mixed Platforms.ActiveCfg = Debug|Any CPU
		{01D01BC6-231F-4FD6-BADF-51C509AB495F}.Debug|Mixed Platforms.Build.0 = Debug|Any CPU
		{01D01BC6-231F-4FD6-BADF-51C509AB495F}.Debug|x86.ActiveCfg = Debug|Any CPU
		{01D01BC6-231F-4FD6-BADF-51C509AB495F}.Release|Any CPU.ActiveCfg = Release|Any CPU
		{01D01BC6-231F-4FD6-BADF-51C509AB495F}.Release|Any CPU.Build.0 = Release|Any CPU
		{01D01BC6-231F-4FD6-BADF-51C509AB495F}.Release|Mixed Platforms.ActiveCfg = Release|Any CPU
		{01D01BC6-231F-4FD6-BADF-51C509AB495F}.Release|Mixed Platforms.Build.0 = Release|Any CPU
		{01D01BC6-231F-4FD6-BADF-51C509AB495F}.Release|x86.ActiveCfg = Release|Any CPU
		{339648E6-3B61-4A27-B4A2-38A8216B1D7E}.Debug|Any CPU.ActiveCfg = Debug|Any CPU
		{339648E6-3B61-4A27-B4A2-38A8216B1D7E}.Debug|Any CPU.Build.0 = Debug|Any CPU
		{339648E6-3B61-4A27-B4A2-38A8216B1D7E}.Debug|Mixed Platforms.ActiveCfg = Debug|Any CPU
		{339648E6-3B61-4A27-B4A2-38A8216B1D7E}.Debug|Mixed Platforms.Build.0 = Debug|Any CPU
		{339648E6-3B61-4A27-B4A2-38A8216B1D7E}.Debug|x86.ActiveCfg = Debug|Any CPU
		{339648E6-3B61-4A27-B4A2-38A8216B1D7E}.Release|Any CPU.ActiveCfg = Release|Any CPU
		{339648E6-3B61-4A27-B4A2-38A8216B1D7E}.Release|Any CPU.Build.0 = Release|Any CPU
		{339648E6-3B61-4A27-B4A2-38A8216B1D7E}.Release|Mixed Platforms.ActiveCfg = Release|Any CPU
		{339648E6-3B61-4A27-B4A2-38A8216B1D7E}.Release|Mixed Platforms.Build.0 = Release|Any CPU
		{339648E6-3B61-4A27-B4A2-38A8216B1D7E}.Release|x86.ActiveCfg = Release|Any CPU
		{55898587-8456-40D4-BB88-C9FC8BD6BA9C}.Debug|Any CPU.ActiveCfg = Debug|Any CPU
		{55898587-8456-40D4-BB88-C9FC8BD6BA9C}.Debug|Any CPU.Build.0 = Debug|Any CPU
		{55898587-8456-40D4-BB88-C9FC8BD6BA9C}.Debug|Mixed Platforms.ActiveCfg = Debug|Any CPU
		{55898587-8456-40D4-BB88-C9FC8BD6BA9C}.Debug|Mixed Platforms.Build.0 = Debug|Any CPU
		{55898587-8456-40D4-BB88-C9FC8BD6BA9C}.Debug|x86.ActiveCfg = Debug|Any CPU
		{55898587-8456-40D4-BB88-C9FC8BD6BA9C}.Release|Any CPU.ActiveCfg = Release|Any CPU
		{55898587-8456-40D4-BB88-C9FC8BD6BA9C}.Release|Any CPU.Build.0 = Release|Any CPU
		{55898587-8456-40D4-BB88-C9FC8BD6BA9C}.Release|Mixed Platforms.ActiveCfg = Release|Any CPU
		{55898587-8456-40D4-BB88-C9FC8BD6BA9C}.Release|Mixed Platforms.Build.0 = Release|Any CPU
		{55898587-8456-40D4-BB88-C9FC8BD6BA9C}.Release|x86.ActiveCfg = Release|Any CPU
		{CEA8E4DD-9CE4-4878-B075-34522417ACD0}.Debug|Any CPU.ActiveCfg = Debug|Any CPU
		{CEA8E4DD-9CE4-4878-B075-34522417ACD0}.Debug|Any CPU.Build.0 = Debug|Any CPU
		{CEA8E4DD-9CE4-4878-B075-34522417ACD0}.Debug|Mixed Platforms.ActiveCfg = Debug|Any CPU
		{CEA8E4DD-9CE4-4878-B075-34522417ACD0}.Debug|Mixed Platforms.Build.0 = Debug|Any CPU
		{CEA8E4DD-9CE4-4878-B075-34522417ACD0}.Debug|x86.ActiveCfg = Debug|Any CPU
		{CEA8E4DD-9CE4-4878-B075-34522417ACD0}.Release|Any CPU.ActiveCfg = Release|Any CPU
		{CEA8E4DD-9CE4-4878-B075-34522417ACD0}.Release|Any CPU.Build.0 = Release|Any CPU
		{CEA8E4DD-9CE4-4878-B075-34522417ACD0}.Release|Mixed Platforms.ActiveCfg = Release|Any CPU
		{CEA8E4DD-9CE4-4878-B075-34522417ACD0}.Release|Mixed Platforms.Build.0 = Release|Any CPU
		{CEA8E4DD-9CE4-4878-B075-34522417ACD0}.Release|x86.ActiveCfg = Release|Any CPU
		{DC87DB52-5C99-4282-ABEA-F7EC81AC6D4C}.Debug|Any CPU.ActiveCfg = Debug|Any CPU
		{DC87DB52-5C99-4282-ABEA-F7EC81AC6D4C}.Debug|Any CPU.Build.0 = Debug|Any CPU
		{DC87DB52-5C99-4282-ABEA-F7EC81AC6D4C}.Debug|Mixed Platforms.ActiveCfg = Debug|Any CPU
		{DC87DB52-5C99-4282-ABEA-F7EC81AC6D4C}.Debug|Mixed Platforms.Build.0 = Debug|Any CPU
		{DC87DB52-5C99-4282-ABEA-F7EC81AC6D4C}.Debug|x86.ActiveCfg = Debug|Any CPU
		{DC87DB52-5C99-4282-ABEA-F7EC81AC6D4C}.Release|Any CPU.ActiveCfg = Release|Any CPU
		{DC87DB52-5C99-4282-ABEA-F7EC81AC6D4C}.Release|Any CPU.Build.0 = Release|Any CPU
		{DC87DB52-5C99-4282-ABEA-F7EC81AC6D4C}.Release|Mixed Platforms.ActiveCfg = Release|Any CPU
		{DC87DB52-5C99-4282-ABEA-F7EC81AC6D4C}.Release|Mixed Platforms.Build.0 = Release|Any CPU
		{DC87DB52-5C99-4282-ABEA-F7EC81AC6D4C}.Release|x86.ActiveCfg = Release|Any CPU
		{7194705F-5564-4040-BC8A-8FAD806F5408}.Debug|Any CPU.ActiveCfg = Debug|Any CPU
		{7194705F-5564-4040-BC8A-8FAD806F5408}.Debug|Any CPU.Build.0 = Debug|Any CPU
		{7194705F-5564-4040-BC8A-8FAD806F5408}.Debug|Mixed Platforms.ActiveCfg = Debug|Any CPU
		{7194705F-5564-4040-BC8A-8FAD806F5408}.Debug|Mixed Platforms.Build.0 = Debug|Any CPU
		{7194705F-5564-4040-BC8A-8FAD806F5408}.Debug|x86.ActiveCfg = Debug|Any CPU
		{7194705F-5564-4040-BC8A-8FAD806F5408}.Release|Any CPU.ActiveCfg = Release|Any CPU
		{7194705F-5564-4040-BC8A-8FAD806F5408}.Release|Any CPU.Build.0 = Release|Any CPU
		{7194705F-5564-4040-BC8A-8FAD806F5408}.Release|Mixed Platforms.ActiveCfg = Release|Any CPU
		{7194705F-5564-4040-BC8A-8FAD806F5408}.Release|Mixed Platforms.Build.0 = Release|Any CPU
		{7194705F-5564-4040-BC8A-8FAD806F5408}.Release|x86.ActiveCfg = Release|Any CPU
		{5D73FBAC-897F-4FEA-BAF9-61823545FE70}.Debug|Any CPU.ActiveCfg = Debug|Any CPU
		{5D73FBAC-897F-4FEA-BAF9-61823545FE70}.Debug|Any CPU.Build.0 = Debug|Any CPU
		{5D73FBAC-897F-4FEA-BAF9-61823545FE70}.Debug|Mixed Platforms.ActiveCfg = Debug|Any CPU
		{5D73FBAC-897F-4FEA-BAF9-61823545FE70}.Debug|Mixed Platforms.Build.0 = Debug|Any CPU
		{5D73FBAC-897F-4FEA-BAF9-61823545FE70}.Debug|x86.ActiveCfg = Debug|Any CPU
		{5D73FBAC-897F-4FEA-BAF9-61823545FE70}.Release|Any CPU.ActiveCfg = Release|Any CPU
		{5D73FBAC-897F-4FEA-BAF9-61823545FE70}.Release|Any CPU.Build.0 = Release|Any CPU
		{5D73FBAC-897F-4FEA-BAF9-61823545FE70}.Release|Mixed Platforms.ActiveCfg = Release|Any CPU
		{5D73FBAC-897F-4FEA-BAF9-61823545FE70}.Release|Mixed Platforms.Build.0 = Release|Any CPU
		{5D73FBAC-897F-4FEA-BAF9-61823545FE70}.Release|x86.ActiveCfg = Release|Any CPU
	EndGlobalSection
	GlobalSection(SolutionProperties) = preSolution
		HideSolutionNode = FALSE
	EndGlobalSection
EndGlobal
