
Microsoft Visual Studio Solution File, Format Version 12.00
# Visual Studio Version 16
VisualStudioVersion = 16.0.29911.98
MinimumVisualStudioVersion = 10.0.40219.1
Project("{9A19103F-16F7-4668-BE54-9A1E7A4F7556}") = "sipcmdline", "sipcmdline.csproj", "{14118008-BF73-4534-9B62-1B64F847AB33}"
EndProject
Project("{9A19103F-16F7-4668-BE54-9A1E7A4F7556}") = "SIPSorcery", "..\..\src\SIPSorcery.csproj", "{F4FD7F60-0B1A-4FBD-A24A-28A5EF053D60}"
EndProject
Global
	GlobalSection(SolutionConfigurationPlatforms) = preSolution
		Debug|Any CPU = Debug|Any CPU
		Release|Any CPU = Release|Any CPU
	EndGlobalSection
	GlobalSection(ProjectConfigurationPlatforms) = postSolution
		{14118008-BF73-4534-9B62-1B64F847AB33}.Debug|Any CPU.ActiveCfg = Debug|Any CPU
		{14118008-BF73-4534-9B62-1B64F847AB33}.Debug|Any CPU.Build.0 = Debug|Any CPU
		{14118008-BF73-4534-9B62-1B64F847AB33}.Release|Any CPU.ActiveCfg = Release|Any CPU
		{14118008-BF73-4534-9B62-1B64F847AB33}.Release|Any CPU.Build.0 = Release|Any CPU
		{F4FD7F60-0B1A-4FBD-A24A-28A5EF053D60}.Debug|Any CPU.ActiveCfg = Debug|Any CPU
		{F4FD7F60-0B1A-4FBD-A24A-28A5EF053D60}.Debug|Any CPU.Build.0 = Debug|Any CPU
		{F4FD7F60-0B1A-4FBD-A24A-28A5EF053D60}.Release|Any CPU.ActiveCfg = Release|Any CPU
		{F4FD7F60-0B1A-4FBD-A24A-28A5EF053D60}.Release|Any CPU.Build.0 = Release|Any CPU
	EndGlobalSection
	GlobalSection(SolutionProperties) = preSolution
		HideSolutionNode = FALSE
	EndGlobalSection
	GlobalSection(ExtensibilityGlobals) = postSolution
		SolutionGuid = {5C6D7960-12AD-4726-B90E-B026C6403422}
	EndGlobalSection
EndGlobal
