
Microsoft Visual Studio Solution File, Format Version 12.00
# Visual Studio Version 16
VisualStudioVersion = 16.0.29326.143
MinimumVisualStudioVersion = 10.0.40219.1
Project("{9A19103F-16F7-4668-BE54-9A1E7A4F7556}") = "SIPSorcery.ReceiveOnlyCall", "SIPSorcery.ReceiveOnlyCall.csproj", "{82400C64-AA73-4306-966F-2C9E99492755}"
EndProject
Project("{9A19103F-16F7-4668-BE54-9A1E7A4F7556}") = "SIPSorcery", "..\..\..\sipsorcery-core\SIPSorcery\SIPSorcery.csproj", "{12AA28EF-4AC1-41C9-94EC-336AF1865002}"
EndProject
Global
	GlobalSection(SolutionConfigurationPlatforms) = preSolution
		Debug|Any CPU = Debug|Any CPU
		Release|Any CPU = Release|Any CPU
	EndGlobalSection
	GlobalSection(ProjectConfigurationPlatforms) = postSolution
		{82400C64-AA73-4306-966F-2C9E99492755}.Debug|Any CPU.ActiveCfg = Debug|Any CPU
		{82400C64-AA73-4306-966F-2C9E99492755}.Debug|Any CPU.Build.0 = Debug|Any CPU
		{82400C64-AA73-4306-966F-2C9E99492755}.Release|Any CPU.ActiveCfg = Release|Any CPU
		{82400C64-AA73-4306-966F-2C9E99492755}.Release|Any CPU.Build.0 = Release|Any CPU
		{12AA28EF-4AC1-41C9-94EC-336AF1865002}.Debug|Any CPU.ActiveCfg = Debug|Any CPU
		{12AA28EF-4AC1-41C9-94EC-336AF1865002}.Debug|Any CPU.Build.0 = Debug|Any CPU
		{12AA28EF-4AC1-41C9-94EC-336AF1865002}.Release|Any CPU.ActiveCfg = Release|Any CPU
		{12AA28EF-4AC1-41C9-94EC-336AF1865002}.Release|Any CPU.Build.0 = Release|Any CPU
	EndGlobalSection
	GlobalSection(SolutionProperties) = preSolution
		HideSolutionNode = FALSE
	EndGlobalSection
	GlobalSection(ExtensibilityGlobals) = postSolution
		SolutionGuid = {FA00D5D9-F947-42D3-818C-9CB004293DCD}
	EndGlobalSection
EndGlobal
