
Microsoft Visual Studio Solution File, Format Version 12.00
# Visual Studio Version 16
VisualStudioVersion = 16.0.29519.87
MinimumVisualStudioVersion = 10.0.40219.1
Project("{9A19103F-16F7-4668-BE54-9A1E7A4F7556}") = "SIPSorcery.SoftPhone", "SIPSorcery.SoftPhone.csproj", "{286D90B8-C7A6-43ED-9C8A-423B4A681F7D}"
EndProject
Project("{9A19103F-16F7-4668-BE54-9A1E7A4F7556}") = "SIPSorcery", "..\..\src\SIPSorcery.csproj", "{CBDE5F44-7382-445B-8C85-52826384673F}"
EndProject
Project("{8BC9CEB8-8B4A-11D0-8D11-00A0C91BC942}") = "SIPSorceryMedia", "..\..\..\sipsorcery-media\src\SIPSorcery.Media.vcxproj", "{60CC689C-2616-441C-A38A-E1B764C7C446}"
EndProject
Project("{9A19103F-16F7-4668-BE54-9A1E7A4F7556}") = "SIPSorcery.RtpAVSession", "..\..\..\sipsorcery-media\src\RtpAVSession\SIPSorcery.RtpAVSession.csproj", "{636B0E39-2E38-4A9E-B75D-4E6F3CB0A6C0}"
EndProject
Project("{9A19103F-16F7-4668-BE54-9A1E7A4F7556}") = "AudioScope", "..\..\..\sipsorcery-media\src\AudioScope\AudioScope.csproj", "{D1023CAD-5FDE-47E5-B9A5-B0C2C222CDFD}"
EndProject
Global
	GlobalSection(SolutionConfigurationPlatforms) = preSolution
		Debug|Any CPU = Debug|Any CPU
		Debug|x64 = Debug|x64
		Debug|x86 = Debug|x86
		Release|Any CPU = Release|Any CPU
		Release|x64 = Release|x64
		Release|x86 = Release|x86
	EndGlobalSection
	GlobalSection(ProjectConfigurationPlatforms) = postSolution
		{286D90B8-C7A6-43ED-9C8A-423B4A681F7D}.Debug|Any CPU.ActiveCfg = Debug|Any CPU
		{286D90B8-C7A6-43ED-9C8A-423B4A681F7D}.Debug|Any CPU.Build.0 = Debug|Any CPU
		{286D90B8-C7A6-43ED-9C8A-423B4A681F7D}.Debug|x64.ActiveCfg = Debug|Any CPU
		{286D90B8-C7A6-43ED-9C8A-423B4A681F7D}.Debug|x64.Build.0 = Debug|Any CPU
		{286D90B8-C7A6-43ED-9C8A-423B4A681F7D}.Debug|x86.ActiveCfg = Debug|Any CPU
		{286D90B8-C7A6-43ED-9C8A-423B4A681F7D}.Debug|x86.Build.0 = Debug|Any CPU
		{286D90B8-C7A6-43ED-9C8A-423B4A681F7D}.Release|Any CPU.ActiveCfg = Release|Any CPU
		{286D90B8-C7A6-43ED-9C8A-423B4A681F7D}.Release|Any CPU.Build.0 = Release|Any CPU
		{286D90B8-C7A6-43ED-9C8A-423B4A681F7D}.Release|x64.ActiveCfg = Release|Any CPU
		{286D90B8-C7A6-43ED-9C8A-423B4A681F7D}.Release|x64.Build.0 = Release|Any CPU
		{286D90B8-C7A6-43ED-9C8A-423B4A681F7D}.Release|x86.ActiveCfg = Release|Any CPU
		{286D90B8-C7A6-43ED-9C8A-423B4A681F7D}.Release|x86.Build.0 = Release|Any CPU
		{CBDE5F44-7382-445B-8C85-52826384673F}.Debug|Any CPU.ActiveCfg = Debug|Any CPU
		{CBDE5F44-7382-445B-8C85-52826384673F}.Debug|Any CPU.Build.0 = Debug|Any CPU
		{CBDE5F44-7382-445B-8C85-52826384673F}.Debug|x64.ActiveCfg = Debug|Any CPU
		{CBDE5F44-7382-445B-8C85-52826384673F}.Debug|x64.Build.0 = Debug|Any CPU
		{CBDE5F44-7382-445B-8C85-52826384673F}.Debug|x86.ActiveCfg = Debug|Any CPU
		{CBDE5F44-7382-445B-8C85-52826384673F}.Debug|x86.Build.0 = Debug|Any CPU
		{CBDE5F44-7382-445B-8C85-52826384673F}.Release|Any CPU.ActiveCfg = Release|Any CPU
		{CBDE5F44-7382-445B-8C85-52826384673F}.Release|Any CPU.Build.0 = Release|Any CPU
		{CBDE5F44-7382-445B-8C85-52826384673F}.Release|x64.ActiveCfg = Release|Any CPU
		{CBDE5F44-7382-445B-8C85-52826384673F}.Release|x64.Build.0 = Release|Any CPU
		{CBDE5F44-7382-445B-8C85-52826384673F}.Release|x86.ActiveCfg = Release|Any CPU
		{CBDE5F44-7382-445B-8C85-52826384673F}.Release|x86.Build.0 = Release|Any CPU
		{60CC689C-2616-441C-A38A-E1B764C7C446}.Debug|Any CPU.ActiveCfg = Debug|x64
		{60CC689C-2616-441C-A38A-E1B764C7C446}.Debug|Any CPU.Build.0 = Debug|x64
		{60CC689C-2616-441C-A38A-E1B764C7C446}.Debug|x64.ActiveCfg = Debug|x64
		{60CC689C-2616-441C-A38A-E1B764C7C446}.Debug|x64.Build.0 = Debug|x64
		{60CC689C-2616-441C-A38A-E1B764C7C446}.Debug|x86.ActiveCfg = Debug|Win32
		{60CC689C-2616-441C-A38A-E1B764C7C446}.Debug|x86.Build.0 = Debug|Win32
		{60CC689C-2616-441C-A38A-E1B764C7C446}.Release|Any CPU.ActiveCfg = Release|Win32
		{60CC689C-2616-441C-A38A-E1B764C7C446}.Release|x64.ActiveCfg = Release|x64
		{60CC689C-2616-441C-A38A-E1B764C7C446}.Release|x64.Build.0 = Release|x64
		{60CC689C-2616-441C-A38A-E1B764C7C446}.Release|x86.ActiveCfg = Release|Win32
		{60CC689C-2616-441C-A38A-E1B764C7C446}.Release|x86.Build.0 = Release|Win32
		{636B0E39-2E38-4A9E-B75D-4E6F3CB0A6C0}.Debug|Any CPU.ActiveCfg = Debug|Any CPU
		{636B0E39-2E38-4A9E-B75D-4E6F3CB0A6C0}.Debug|Any CPU.Build.0 = Debug|Any CPU
		{636B0E39-2E38-4A9E-B75D-4E6F3CB0A6C0}.Debug|x64.ActiveCfg = Debug|Any CPU
		{636B0E39-2E38-4A9E-B75D-4E6F3CB0A6C0}.Debug|x64.Build.0 = Debug|Any CPU
		{636B0E39-2E38-4A9E-B75D-4E6F3CB0A6C0}.Debug|x86.ActiveCfg = Debug|x86
		{636B0E39-2E38-4A9E-B75D-4E6F3CB0A6C0}.Debug|x86.Build.0 = Debug|x86
		{636B0E39-2E38-4A9E-B75D-4E6F3CB0A6C0}.Release|Any CPU.ActiveCfg = Release|Any CPU
		{636B0E39-2E38-4A9E-B75D-4E6F3CB0A6C0}.Release|Any CPU.Build.0 = Release|Any CPU
		{636B0E39-2E38-4A9E-B75D-4E6F3CB0A6C0}.Release|x64.ActiveCfg = Release|Any CPU
		{636B0E39-2E38-4A9E-B75D-4E6F3CB0A6C0}.Release|x64.Build.0 = Release|Any CPU
		{636B0E39-2E38-4A9E-B75D-4E6F3CB0A6C0}.Release|x86.ActiveCfg = Release|x86
		{636B0E39-2E38-4A9E-B75D-4E6F3CB0A6C0}.Release|x86.Build.0 = Release|x86
		{D1023CAD-5FDE-47E5-B9A5-B0C2C222CDFD}.Debug|Any CPU.ActiveCfg = Debug|Any CPU
		{D1023CAD-5FDE-47E5-B9A5-B0C2C222CDFD}.Debug|Any CPU.Build.0 = Debug|Any CPU
		{D1023CAD-5FDE-47E5-B9A5-B0C2C222CDFD}.Debug|x64.ActiveCfg = Debug|Any CPU
		{D1023CAD-5FDE-47E5-B9A5-B0C2C222CDFD}.Debug|x64.Build.0 = Debug|Any CPU
		{D1023CAD-5FDE-47E5-B9A5-B0C2C222CDFD}.Debug|x86.ActiveCfg = Debug|Any CPU
		{D1023CAD-5FDE-47E5-B9A5-B0C2C222CDFD}.Debug|x86.Build.0 = Debug|Any CPU
		{D1023CAD-5FDE-47E5-B9A5-B0C2C222CDFD}.Release|Any CPU.ActiveCfg = Release|Any CPU
		{D1023CAD-5FDE-47E5-B9A5-B0C2C222CDFD}.Release|Any CPU.Build.0 = Release|Any CPU
		{D1023CAD-5FDE-47E5-B9A5-B0C2C222CDFD}.Release|x64.ActiveCfg = Release|Any CPU
		{D1023CAD-5FDE-47E5-B9A5-B0C2C222CDFD}.Release|x64.Build.0 = Release|Any CPU
		{D1023CAD-5FDE-47E5-B9A5-B0C2C222CDFD}.Release|x86.ActiveCfg = Release|Any CPU
		{D1023CAD-5FDE-47E5-B9A5-B0C2C222CDFD}.Release|x86.Build.0 = Release|Any CPU
	EndGlobalSection
	GlobalSection(SolutionProperties) = preSolution
		HideSolutionNode = FALSE
	EndGlobalSection
	GlobalSection(ExtensibilityGlobals) = postSolution
		SolutionGuid = {A34462A0-58BF-4021-AE80-CA2C8D6D3F91}
	EndGlobalSection
EndGlobal
