
Microsoft Visual Studio Solution File, Format Version 12.00
# Visual Studio Version 16
VisualStudioVersion = 16.0.29326.143
MinimumVisualStudioVersion = 10.0.40219.1
Project("{9A19103F-16F7-4668-BE54-9A1E7A4F7556}") = "SIPSorcery.UserAgentRegister", "SIPSorcery.UserAgentRegister.csproj", "{5CACE856-A7D5-4F9B-B999-757DFB8BFAFE}"
EndProject
Global
	GlobalSection(SolutionConfigurationPlatforms) = preSolution
		Debug|Any CPU = Debug|Any CPU
		Release|Any CPU = Release|Any CPU
	EndGlobalSection
	GlobalSection(ProjectConfigurationPlatforms) = postSolution
		{5CACE856-A7D5-4F9B-B999-757DFB8BFAFE}.Debug|Any CPU.ActiveCfg = Debug|Any CPU
		{5CACE856-A7D5-4F9B-B999-757DFB8BFAFE}.Debug|Any CPU.Build.0 = Debug|Any CPU
		{5CACE856-A7D5-4F9B-B999-757DFB8BFAFE}.Release|Any CPU.ActiveCfg = Release|Any CPU
		{5CACE856-A7D5-4F9B-B999-757DFB8BFAFE}.Release|Any CPU.Build.0 = Release|Any CPU
	EndGlobalSection
	GlobalSection(SolutionProperties) = preSolution
		HideSolutionNode = FALSE
	EndGlobalSection
	GlobalSection(ExtensibilityGlobals) = postSolution
		SolutionGuid = {FA00D5D9-F947-42D3-818C-9CB004293DCD}
	EndGlobalSection
EndGlobal
