
Microsoft Visual Studio Solution File, Format Version 12.00
# Visual Studio Version 16
VisualStudioVersion = 16.0.29409.12
MinimumVisualStudioVersion = 10.0.40219.1
Project("{9A19103F-16F7-4668-BE54-9A1E7A4F7556}") = "SIPToWebRtcBridge", "SIPToWebRtcBridge\SIPToWebRtcBridge.csproj", "{1C72B9CE-BDDB-4C7C-BDD9-D43B9CFFB2B6}"
EndProject
Project("{9A19103F-16F7-4668-BE54-9A1E7A4F7556}") = "WebRTCTestPatternServer", "WebRTCTestPatternServer\WebRTCTestPatternServer.csproj", "{EB4DE296-51EC-43DF-900A-7BB067B2AB74}"
EndProject
Project("{9A19103F-16F7-4668-BE54-9A1E7A4F7556}") = "WebRTCReceiver", "WebRTCReceiver\WebRTCReceiver.csproj", "{2F1921B6-90FD-45FA-8796-4EBBE02424ED}"
EndProject
Project("{9A19103F-16F7-4668-BE54-9A1E7A4F7556}") = "WebRTCNoSignalling", "WebRTCNoSignalling\WebRTCNoSignalling.csproj", "{66A55C9B-A8F0-493E-B9BF-33E20EDE72AA}"
EndProject
Project("{9A19103F-16F7-4668-BE54-9A1E7A4F7556}") = "WebRTCReceiveAudio", "WebRTCReceiveAudio\WebRTCReceiveAudio.csproj", "{F991A0A1-3E8A-4479-AB45-7C9F0A1FFE51}"
EndProject
Project("{9A19103F-16F7-4668-BE54-9A1E7A4F7556}") = "WebRTCAspNet", "WebRTCAspNetMvc\WebRTCAspNet.csproj", "{90C9E437-5644-4474-BF05-E57601F5B461}"
EndProject
Project("{9A19103F-16F7-4668-BE54-9A1E7A4F7556}") = "WebRTCtoFfplay", "WebRTCtoFfplay\WebRTCtoFfplay.csproj", "{6E423EE2-2C74-4118-BC9D-5767E9283CBA}"
EndProject
Project("{9A19103F-16F7-4668-BE54-9A1E7A4F7556}") = "FfmpegToWebRTC", "FfmpegToWebRTC\FfmpegToWebRTC.csproj", "{8C63DA7C-C211-4D13-BF62-D4D1F46F5765}"
EndProject
Project("{9A19103F-16F7-4668-BE54-9A1E7A4F7556}") = "WebRTCSendAudio", "WebRTCSendAudio\WebRTCSendAudio.csproj", "{116B2DB1-0788-4A32-A9FC-949993662F9F}"
EndProject
Project("{9A19103F-16F7-4668-BE54-9A1E7A4F7556}") = "WebRTCGetStarted", "WebRTCGetStarted\WebRTCGetStarted.csproj", "{27CEC018-9D2F-4D5E-9358-59B9389381C1}"
EndProject
Project("{9A19103F-16F7-4668-BE54-9A1E7A4F7556}") = "WebRTCMp4Source", "WebRTCMp4Source\WebRTCMp4Source.csproj", "{E097392E-B5D4-4FEB-83EE-13C73675E3AC}"
EndProject
Project("{9A19103F-16F7-4668-BE54-9A1E7A4F7556}") = "WebRTCDaemon", "WebRTCDaemon\WebRTCDaemon.csproj", "{BE1E895C-9F1A-499B-A578-3A5DD6523276}"
EndProject
Project("{9A19103F-16F7-4668-BE54-9A1E7A4F7556}") = "WebRTCClient", "WebRTCClient\WebRTCClient.csproj", "{A15B12F9-21ED-46BA-B907-3200CA21C27C}"
EndProject
Project("{9A19103F-16F7-4668-BE54-9A1E7A4F7556}") = "WebRTCWebcamServer", "WebRTCWebcamServer\WebRTCWebcamServer.csproj", "{29E3ADD7-3A44-4C29-B17F-24059362D966}"
EndProject
Project("{9A19103F-16F7-4668-BE54-9A1E7A4F7556}") = "SIPToWebRtcBridgeVideo", "SIPToWebRtcBridgeVideo\SIPToWebRtcBridgeVideo.csproj", "{D7E2B366-B779-4F53-B0C3-78C3C9DD1A8D}"
EndProject
Project("{9A19103F-16F7-4668-BE54-9A1E7A4F7556}") = "JanusWebRTCStream", "JanusWebRTCStream\JanusWebRTCStream.csproj", "{D23FACBF-C16C-4220-AFAA-3BCDD40419B0}"
EndProject
Project("{9A19103F-16F7-4668-BE54-9A1E7A4F7556}") = "WebRTCEchoServer", "WebRTCEchoServer\WebRTCEchoServer.csproj", "{A4757188-6191-4499-84A6-E5BBA0C84B28}"
EndProject
Project("{9A19103F-16F7-4668-BE54-9A1E7A4F7556}") = "WebRTCEchoClient", "WebRTCEchoClient\WebRTCEchoClient.csproj", "{1B1CB3E2-5394-4631-A84A-AFE75B0197F9}"
EndProject
Global
	GlobalSection(SolutionConfigurationPlatforms) = preSolution
		Debug|Any CPU = Debug|Any CPU
		Debug|x64 = Debug|x64
		Debug|x86 = Debug|x86
		Release|Any CPU = Release|Any CPU
		Release|x64 = Release|x64
		Release|x86 = Release|x86
	EndGlobalSection
	GlobalSection(ProjectConfigurationPlatforms) = postSolution
		{1C72B9CE-BDDB-4C7C-BDD9-D43B9CFFB2B6}.Debug|Any CPU.ActiveCfg = Debug|Any CPU
		{1C72B9CE-BDDB-4C7C-BDD9-D43B9CFFB2B6}.Debug|Any CPU.Build.0 = Debug|Any CPU
		{1C72B9CE-BDDB-4C7C-BDD9-D43B9CFFB2B6}.Debug|x64.ActiveCfg = Debug|Any CPU
		{1C72B9CE-BDDB-4C7C-BDD9-D43B9CFFB2B6}.Debug|x64.Build.0 = Debug|Any CPU
		{1C72B9CE-BDDB-4C7C-BDD9-D43B9CFFB2B6}.Debug|x86.ActiveCfg = Debug|Any CPU
		{1C72B9CE-BDDB-4C7C-BDD9-D43B9CFFB2B6}.Debug|x86.Build.0 = Debug|Any CPU
		{1C72B9CE-BDDB-4C7C-BDD9-D43B9CFFB2B6}.Release|Any CPU.ActiveCfg = Release|Any CPU
		{1C72B9CE-BDDB-4C7C-BDD9-D43B9CFFB2B6}.Release|Any CPU.Build.0 = Release|Any CPU
		{1C72B9CE-BDDB-4C7C-BDD9-D43B9CFFB2B6}.Release|x64.ActiveCfg = Release|Any CPU
		{1C72B9CE-BDDB-4C7C-BDD9-D43B9CFFB2B6}.Release|x64.Build.0 = Release|Any CPU
		{1C72B9CE-BDDB-4C7C-BDD9-D43B9CFFB2B6}.Release|x86.ActiveCfg = Release|Any CPU
		{1C72B9CE-BDDB-4C7C-BDD9-D43B9CFFB2B6}.Release|x86.Build.0 = Release|Any CPU
		{EB4DE296-51EC-43DF-900A-7BB067B2AB74}.Debug|Any CPU.ActiveCfg = Debug|Any CPU
		{EB4DE296-51EC-43DF-900A-7BB067B2AB74}.Debug|Any CPU.Build.0 = Debug|Any CPU
		{EB4DE296-51EC-43DF-900A-7BB067B2AB74}.Debug|x64.ActiveCfg = Debug|Any CPU
		{EB4DE296-51EC-43DF-900A-7BB067B2AB74}.Debug|x64.Build.0 = Debug|Any CPU
		{EB4DE296-51EC-43DF-900A-7BB067B2AB74}.Debug|x86.ActiveCfg = Debug|Any CPU
		{EB4DE296-51EC-43DF-900A-7BB067B2AB74}.Debug|x86.Build.0 = Debug|Any CPU
		{EB4DE296-51EC-43DF-900A-7BB067B2AB74}.Release|Any CPU.ActiveCfg = Release|Any CPU
		{EB4DE296-51EC-43DF-900A-7BB067B2AB74}.Release|Any CPU.Build.0 = Release|Any CPU
		{EB4DE296-51EC-43DF-900A-7BB067B2AB74}.Release|x64.ActiveCfg = Release|Any CPU
		{EB4DE296-51EC-43DF-900A-7BB067B2AB74}.Release|x64.Build.0 = Release|Any CPU
		{EB4DE296-51EC-43DF-900A-7BB067B2AB74}.Release|x86.ActiveCfg = Release|Any CPU
		{EB4DE296-51EC-43DF-900A-7BB067B2AB74}.Release|x86.Build.0 = Release|Any CPU
		{2F1921B6-90FD-45FA-8796-4EBBE02424ED}.Debug|Any CPU.ActiveCfg = Debug|Any CPU
		{2F1921B6-90FD-45FA-8796-4EBBE02424ED}.Debug|Any CPU.Build.0 = Debug|Any CPU
		{2F1921B6-90FD-45FA-8796-4EBBE02424ED}.Debug|x64.ActiveCfg = Debug|Any CPU
		{2F1921B6-90FD-45FA-8796-4EBBE02424ED}.Debug|x64.Build.0 = Debug|Any CPU
		{2F1921B6-90FD-45FA-8796-4EBBE02424ED}.Debug|x86.ActiveCfg = Debug|Any CPU
		{2F1921B6-90FD-45FA-8796-4EBBE02424ED}.Debug|x86.Build.0 = Debug|Any CPU
		{2F1921B6-90FD-45FA-8796-4EBBE02424ED}.Release|Any CPU.ActiveCfg = Release|Any CPU
		{2F1921B6-90FD-45FA-8796-4EBBE02424ED}.Release|Any CPU.Build.0 = Release|Any CPU
		{2F1921B6-90FD-45FA-8796-4EBBE02424ED}.Release|x64.ActiveCfg = Release|Any CPU
		{2F1921B6-90FD-45FA-8796-4EBBE02424ED}.Release|x64.Build.0 = Release|Any CPU
		{2F1921B6-90FD-45FA-8796-4EBBE02424ED}.Release|x86.ActiveCfg = Release|Any CPU
		{2F1921B6-90FD-45FA-8796-4EBBE02424ED}.Release|x86.Build.0 = Release|Any CPU
		{66A55C9B-A8F0-493E-B9BF-33E20EDE72AA}.Debug|Any CPU.ActiveCfg = Debug|Any CPU
		{66A55C9B-A8F0-493E-B9BF-33E20EDE72AA}.Debug|Any CPU.Build.0 = Debug|Any CPU
		{66A55C9B-A8F0-493E-B9BF-33E20EDE72AA}.Debug|x64.ActiveCfg = Debug|Any CPU
		{66A55C9B-A8F0-493E-B9BF-33E20EDE72AA}.Debug|x64.Build.0 = Debug|Any CPU
		{66A55C9B-A8F0-493E-B9BF-33E20EDE72AA}.Debug|x86.ActiveCfg = Debug|Any CPU
		{66A55C9B-A8F0-493E-B9BF-33E20EDE72AA}.Debug|x86.Build.0 = Debug|Any CPU
		{66A55C9B-A8F0-493E-B9BF-33E20EDE72AA}.Release|Any CPU.ActiveCfg = Release|Any CPU
		{66A55C9B-A8F0-493E-B9BF-33E20EDE72AA}.Release|Any CPU.Build.0 = Release|Any CPU
		{66A55C9B-A8F0-493E-B9BF-33E20EDE72AA}.Release|x64.ActiveCfg = Release|Any CPU
		{66A55C9B-A8F0-493E-B9BF-33E20EDE72AA}.Release|x64.Build.0 = Release|Any CPU
		{66A55C9B-A8F0-493E-B9BF-33E20EDE72AA}.Release|x86.ActiveCfg = Release|Any CPU
		{66A55C9B-A8F0-493E-B9BF-33E20EDE72AA}.Release|x86.Build.0 = Release|Any CPU
		{F991A0A1-3E8A-4479-AB45-7C9F0A1FFE51}.Debug|Any CPU.ActiveCfg = Debug|Any CPU
		{F991A0A1-3E8A-4479-AB45-7C9F0A1FFE51}.Debug|Any CPU.Build.0 = Debug|Any CPU
		{F991A0A1-3E8A-4479-AB45-7C9F0A1FFE51}.Debug|x64.ActiveCfg = Debug|Any CPU
		{F991A0A1-3E8A-4479-AB45-7C9F0A1FFE51}.Debug|x64.Build.0 = Debug|Any CPU
		{F991A0A1-3E8A-4479-AB45-7C9F0A1FFE51}.Debug|x86.ActiveCfg = Debug|Any CPU
		{F991A0A1-3E8A-4479-AB45-7C9F0A1FFE51}.Debug|x86.Build.0 = Debug|Any CPU
		{F991A0A1-3E8A-4479-AB45-7C9F0A1FFE51}.Release|Any CPU.ActiveCfg = Release|Any CPU
		{F991A0A1-3E8A-4479-AB45-7C9F0A1FFE51}.Release|Any CPU.Build.0 = Release|Any CPU
		{F991A0A1-3E8A-4479-AB45-7C9F0A1FFE51}.Release|x64.ActiveCfg = Release|Any CPU
		{F991A0A1-3E8A-4479-AB45-7C9F0A1FFE51}.Release|x64.Build.0 = Release|Any CPU
		{F991A0A1-3E8A-4479-AB45-7C9F0A1FFE51}.Release|x86.ActiveCfg = Release|Any CPU
		{F991A0A1-3E8A-4479-AB45-7C9F0A1FFE51}.Release|x86.Build.0 = Release|Any CPU
		{90C9E437-5644-4474-BF05-E57601F5B461}.Debug|Any CPU.ActiveCfg = Debug|Any CPU
		{90C9E437-5644-4474-BF05-E57601F5B461}.Debug|Any CPU.Build.0 = Debug|Any CPU
		{90C9E437-5644-4474-BF05-E57601F5B461}.Debug|x64.ActiveCfg = Debug|Any CPU
		{90C9E437-5644-4474-BF05-E57601F5B461}.Debug|x64.Build.0 = Debug|Any CPU
		{90C9E437-5644-4474-BF05-E57601F5B461}.Debug|x86.ActiveCfg = Debug|Any CPU
		{90C9E437-5644-4474-BF05-E57601F5B461}.Debug|x86.Build.0 = Debug|Any CPU
		{90C9E437-5644-4474-BF05-E57601F5B461}.Release|Any CPU.ActiveCfg = Release|Any CPU
		{90C9E437-5644-4474-BF05-E57601F5B461}.Release|Any CPU.Build.0 = Release|Any CPU
		{90C9E437-5644-4474-BF05-E57601F5B461}.Release|x64.ActiveCfg = Release|Any CPU
		{90C9E437-5644-4474-BF05-E57601F5B461}.Release|x64.Build.0 = Release|Any CPU
		{90C9E437-5644-4474-BF05-E57601F5B461}.Release|x86.ActiveCfg = Release|Any CPU
		{90C9E437-5644-4474-BF05-E57601F5B461}.Release|x86.Build.0 = Release|Any CPU
		{6E423EE2-2C74-4118-BC9D-5767E9283CBA}.Debug|Any CPU.ActiveCfg = Debug|Any CPU
		{6E423EE2-2C74-4118-BC9D-5767E9283CBA}.Debug|Any CPU.Build.0 = Debug|Any CPU
		{6E423EE2-2C74-4118-BC9D-5767E9283CBA}.Debug|x64.ActiveCfg = Debug|Any CPU
		{6E423EE2-2C74-4118-BC9D-5767E9283CBA}.Debug|x64.Build.0 = Debug|Any CPU
		{6E423EE2-2C74-4118-BC9D-5767E9283CBA}.Debug|x86.ActiveCfg = Debug|Any CPU
		{6E423EE2-2C74-4118-BC9D-5767E9283CBA}.Debug|x86.Build.0 = Debug|Any CPU
		{6E423EE2-2C74-4118-BC9D-5767E9283CBA}.Release|Any CPU.ActiveCfg = Release|Any CPU
		{6E423EE2-2C74-4118-BC9D-5767E9283CBA}.Release|Any CPU.Build.0 = Release|Any CPU
		{6E423EE2-2C74-4118-BC9D-5767E9283CBA}.Release|x64.ActiveCfg = Release|Any CPU
		{6E423EE2-2C74-4118-BC9D-5767E9283CBA}.Release|x64.Build.0 = Release|Any CPU
		{6E423EE2-2C74-4118-BC9D-5767E9283CBA}.Release|x86.ActiveCfg = Release|Any CPU
		{6E423EE2-2C74-4118-BC9D-5767E9283CBA}.Release|x86.Build.0 = Release|Any CPU
		{8C63DA7C-C211-4D13-BF62-D4D1F46F5765}.Debug|Any CPU.ActiveCfg = Debug|Any CPU
		{8C63DA7C-C211-4D13-BF62-D4D1F46F5765}.Debug|Any CPU.Build.0 = Debug|Any CPU
		{8C63DA7C-C211-4D13-BF62-D4D1F46F5765}.Debug|x64.ActiveCfg = Debug|Any CPU
		{8C63DA7C-C211-4D13-BF62-D4D1F46F5765}.Debug|x64.Build.0 = Debug|Any CPU
		{8C63DA7C-C211-4D13-BF62-D4D1F46F5765}.Debug|x86.ActiveCfg = Debug|Any CPU
		{8C63DA7C-C211-4D13-BF62-D4D1F46F5765}.Debug|x86.Build.0 = Debug|Any CPU
		{8C63DA7C-C211-4D13-BF62-D4D1F46F5765}.Release|Any CPU.ActiveCfg = Release|Any CPU
		{8C63DA7C-C211-4D13-BF62-D4D1F46F5765}.Release|Any CPU.Build.0 = Release|Any CPU
		{8C63DA7C-C211-4D13-BF62-D4D1F46F5765}.Release|x64.ActiveCfg = Release|Any CPU
		{8C63DA7C-C211-4D13-BF62-D4D1F46F5765}.Release|x64.Build.0 = Release|Any CPU
		{8C63DA7C-C211-4D13-BF62-D4D1F46F5765}.Release|x86.ActiveCfg = Release|Any CPU
		{8C63DA7C-C211-4D13-BF62-D4D1F46F5765}.Release|x86.Build.0 = Release|Any CPU
		{116B2DB1-0788-4A32-A9FC-949993662F9F}.Debug|Any CPU.ActiveCfg = Debug|Any CPU
		{116B2DB1-0788-4A32-A9FC-949993662F9F}.Debug|Any CPU.Build.0 = Debug|Any CPU
		{116B2DB1-0788-4A32-A9FC-949993662F9F}.Debug|x64.ActiveCfg = Debug|Any CPU
		{116B2DB1-0788-4A32-A9FC-949993662F9F}.Debug|x64.Build.0 = Debug|Any CPU
		{116B2DB1-0788-4A32-A9FC-949993662F9F}.Debug|x86.ActiveCfg = Debug|Any CPU
		{116B2DB1-0788-4A32-A9FC-949993662F9F}.Debug|x86.Build.0 = Debug|Any CPU
		{116B2DB1-0788-4A32-A9FC-949993662F9F}.Release|Any CPU.ActiveCfg = Release|Any CPU
		{116B2DB1-0788-4A32-A9FC-949993662F9F}.Release|Any CPU.Build.0 = Release|Any CPU
		{116B2DB1-0788-4A32-A9FC-949993662F9F}.Release|x64.ActiveCfg = Release|Any CPU
		{116B2DB1-0788-4A32-A9FC-949993662F9F}.Release|x64.Build.0 = Release|Any CPU
		{116B2DB1-0788-4A32-A9FC-949993662F9F}.Release|x86.ActiveCfg = Release|Any CPU
		{116B2DB1-0788-4A32-A9FC-949993662F9F}.Release|x86.Build.0 = Release|Any CPU
		{27CEC018-9D2F-4D5E-9358-59B9389381C1}.Debug|Any CPU.ActiveCfg = Debug|Any CPU
		{27CEC018-9D2F-4D5E-9358-59B9389381C1}.Debug|Any CPU.Build.0 = Debug|Any CPU
		{27CEC018-9D2F-4D5E-9358-59B9389381C1}.Debug|x64.ActiveCfg = Debug|Any CPU
		{27CEC018-9D2F-4D5E-9358-59B9389381C1}.Debug|x64.Build.0 = Debug|Any CPU
		{27CEC018-9D2F-4D5E-9358-59B9389381C1}.Debug|x86.ActiveCfg = Debug|Any CPU
		{27CEC018-9D2F-4D5E-9358-59B9389381C1}.Debug|x86.Build.0 = Debug|Any CPU
		{27CEC018-9D2F-4D5E-9358-59B9389381C1}.Release|Any CPU.ActiveCfg = Release|Any CPU
		{27CEC018-9D2F-4D5E-9358-59B9389381C1}.Release|Any CPU.Build.0 = Release|Any CPU
		{27CEC018-9D2F-4D5E-9358-59B9389381C1}.Release|x64.ActiveCfg = Release|Any CPU
		{27CEC018-9D2F-4D5E-9358-59B9389381C1}.Release|x64.Build.0 = Release|Any CPU
		{27CEC018-9D2F-4D5E-9358-59B9389381C1}.Release|x86.ActiveCfg = Release|Any CPU
		{27CEC018-9D2F-4D5E-9358-59B9389381C1}.Release|x86.Build.0 = Release|Any CPU
		{E097392E-B5D4-4FEB-83EE-13C73675E3AC}.Debug|Any CPU.ActiveCfg = Debug|Any CPU
		{E097392E-B5D4-4FEB-83EE-13C73675E3AC}.Debug|Any CPU.Build.0 = Debug|Any CPU
		{E097392E-B5D4-4FEB-83EE-13C73675E3AC}.Debug|x64.ActiveCfg = Debug|Any CPU
		{E097392E-B5D4-4FEB-83EE-13C73675E3AC}.Debug|x64.Build.0 = Debug|Any CPU
		{E097392E-B5D4-4FEB-83EE-13C73675E3AC}.Debug|x86.ActiveCfg = Debug|Any CPU
		{E097392E-B5D4-4FEB-83EE-13C73675E3AC}.Debug|x86.Build.0 = Debug|Any CPU
		{E097392E-B5D4-4FEB-83EE-13C73675E3AC}.Release|Any CPU.ActiveCfg = Release|Any CPU
		{E097392E-B5D4-4FEB-83EE-13C73675E3AC}.Release|Any CPU.Build.0 = Release|Any CPU
		{E097392E-B5D4-4FEB-83EE-13C73675E3AC}.Release|x64.ActiveCfg = Release|Any CPU
		{E097392E-B5D4-4FEB-83EE-13C73675E3AC}.Release|x64.Build.0 = Release|Any CPU
		{E097392E-B5D4-4FEB-83EE-13C73675E3AC}.Release|x86.ActiveCfg = Release|Any CPU
		{E097392E-B5D4-4FEB-83EE-13C73675E3AC}.Release|x86.Build.0 = Release|Any CPU
		{BE1E895C-9F1A-499B-A578-3A5DD6523276}.Debug|Any CPU.ActiveCfg = Debug|Any CPU
		{BE1E895C-9F1A-499B-A578-3A5DD6523276}.Debug|Any CPU.Build.0 = Debug|Any CPU
		{BE1E895C-9F1A-499B-A578-3A5DD6523276}.Debug|x64.ActiveCfg = Debug|Any CPU
		{BE1E895C-9F1A-499B-A578-3A5DD6523276}.Debug|x64.Build.0 = Debug|Any CPU
		{BE1E895C-9F1A-499B-A578-3A5DD6523276}.Debug|x86.ActiveCfg = Debug|Any CPU
		{BE1E895C-9F1A-499B-A578-3A5DD6523276}.Debug|x86.Build.0 = Debug|Any CPU
		{BE1E895C-9F1A-499B-A578-3A5DD6523276}.Release|Any CPU.ActiveCfg = Release|Any CPU
		{BE1E895C-9F1A-499B-A578-3A5DD6523276}.Release|Any CPU.Build.0 = Release|Any CPU
		{BE1E895C-9F1A-499B-A578-3A5DD6523276}.Release|x64.ActiveCfg = Release|Any CPU
		{BE1E895C-9F1A-499B-A578-3A5DD6523276}.Release|x64.Build.0 = Release|Any CPU
		{BE1E895C-9F1A-499B-A578-3A5DD6523276}.Release|x86.ActiveCfg = Release|Any CPU
		{BE1E895C-9F1A-499B-A578-3A5DD6523276}.Release|x86.Build.0 = Release|Any CPU
		{A15B12F9-21ED-46BA-B907-3200CA21C27C}.Debug|Any CPU.ActiveCfg = Debug|Any CPU
		{A15B12F9-21ED-46BA-B907-3200CA21C27C}.Debug|Any CPU.Build.0 = Debug|Any CPU
		{A15B12F9-21ED-46BA-B907-3200CA21C27C}.Debug|x64.ActiveCfg = Debug|Any CPU
		{A15B12F9-21ED-46BA-B907-3200CA21C27C}.Debug|x64.Build.0 = Debug|Any CPU
		{A15B12F9-21ED-46BA-B907-3200CA21C27C}.Debug|x86.ActiveCfg = Debug|Any CPU
		{A15B12F9-21ED-46BA-B907-3200CA21C27C}.Debug|x86.Build.0 = Debug|Any CPU
		{A15B12F9-21ED-46BA-B907-3200CA21C27C}.Release|Any CPU.ActiveCfg = Release|Any CPU
		{A15B12F9-21ED-46BA-B907-3200CA21C27C}.Release|Any CPU.Build.0 = Release|Any CPU
		{A15B12F9-21ED-46BA-B907-3200CA21C27C}.Release|x64.ActiveCfg = Release|Any CPU
		{A15B12F9-21ED-46BA-B907-3200CA21C27C}.Release|x64.Build.0 = Release|Any CPU
		{A15B12F9-21ED-46BA-B907-3200CA21C27C}.Release|x86.ActiveCfg = Release|Any CPU
		{A15B12F9-21ED-46BA-B907-3200CA21C27C}.Release|x86.Build.0 = Release|Any CPU
		{29E3ADD7-3A44-4C29-B17F-24059362D966}.Debug|Any CPU.ActiveCfg = Debug|Any CPU
		{29E3ADD7-3A44-4C29-B17F-24059362D966}.Debug|Any CPU.Build.0 = Debug|Any CPU
		{29E3ADD7-3A44-4C29-B17F-24059362D966}.Debug|x64.ActiveCfg = Debug|Any CPU
		{29E3ADD7-3A44-4C29-B17F-24059362D966}.Debug|x64.Build.0 = Debug|Any CPU
		{29E3ADD7-3A44-4C29-B17F-24059362D966}.Debug|x86.ActiveCfg = Debug|Any CPU
		{29E3ADD7-3A44-4C29-B17F-24059362D966}.Debug|x86.Build.0 = Debug|Any CPU
		{29E3ADD7-3A44-4C29-B17F-24059362D966}.Release|Any CPU.ActiveCfg = Release|Any CPU
		{29E3ADD7-3A44-4C29-B17F-24059362D966}.Release|Any CPU.Build.0 = Release|Any CPU
		{29E3ADD7-3A44-4C29-B17F-24059362D966}.Release|x64.ActiveCfg = Release|Any CPU
		{29E3ADD7-3A44-4C29-B17F-24059362D966}.Release|x64.Build.0 = Release|Any CPU
		{29E3ADD7-3A44-4C29-B17F-24059362D966}.Release|x86.ActiveCfg = Release|Any CPU
		{29E3ADD7-3A44-4C29-B17F-24059362D966}.Release|x86.Build.0 = Release|Any CPU
		{D7E2B366-B779-4F53-B0C3-78C3C9DD1A8D}.Debug|Any CPU.ActiveCfg = Debug|Any CPU
		{D7E2B366-B779-4F53-B0C3-78C3C9DD1A8D}.Debug|Any CPU.Build.0 = Debug|Any CPU
		{D7E2B366-B779-4F53-B0C3-78C3C9DD1A8D}.Debug|x64.ActiveCfg = Debug|Any CPU
		{D7E2B366-B779-4F53-B0C3-78C3C9DD1A8D}.Debug|x64.Build.0 = Debug|Any CPU
		{D7E2B366-B779-4F53-B0C3-78C3C9DD1A8D}.Debug|x86.ActiveCfg = Debug|Any CPU
		{D7E2B366-B779-4F53-B0C3-78C3C9DD1A8D}.Debug|x86.Build.0 = Debug|Any CPU
		{D7E2B366-B779-4F53-B0C3-78C3C9DD1A8D}.Release|Any CPU.ActiveCfg = Release|Any CPU
		{D7E2B366-B779-4F53-B0C3-78C3C9DD1A8D}.Release|Any CPU.Build.0 = Release|Any CPU
		{D7E2B366-B779-4F53-B0C3-78C3C9DD1A8D}.Release|x64.ActiveCfg = Release|Any CPU
		{D7E2B366-B779-4F53-B0C3-78C3C9DD1A8D}.Release|x64.Build.0 = Release|Any CPU
		{D7E2B366-B779-4F53-B0C3-78C3C9DD1A8D}.Release|x86.ActiveCfg = Release|Any CPU
		{D7E2B366-B779-4F53-B0C3-78C3C9DD1A8D}.Release|x86.Build.0 = Release|Any CPU
		{D23FACBF-C16C-4220-AFAA-3BCDD40419B0}.Debug|Any CPU.ActiveCfg = Debug|Any CPU
		{D23FACBF-C16C-4220-AFAA-3BCDD40419B0}.Debug|Any CPU.Build.0 = Debug|Any CPU
		{D23FACBF-C16C-4220-AFAA-3BCDD40419B0}.Debug|x64.ActiveCfg = Debug|Any CPU
		{D23FACBF-C16C-4220-AFAA-3BCDD40419B0}.Debug|x64.Build.0 = Debug|Any CPU
		{D23FACBF-C16C-4220-AFAA-3BCDD40419B0}.Debug|x86.ActiveCfg = Debug|Any CPU
		{D23FACBF-C16C-4220-AFAA-3BCDD40419B0}.Debug|x86.Build.0 = Debug|Any CPU
		{D23FACBF-C16C-4220-AFAA-3BCDD40419B0}.Release|Any CPU.ActiveCfg = Release|Any CPU
		{D23FACBF-C16C-4220-AFAA-3BCDD40419B0}.Release|Any CPU.Build.0 = Release|Any CPU
		{D23FACBF-C16C-4220-AFAA-3BCDD40419B0}.Release|x64.ActiveCfg = Release|Any CPU
		{D23FACBF-C16C-4220-AFAA-3BCDD40419B0}.Release|x64.Build.0 = Release|Any CPU
		{D23FACBF-C16C-4220-AFAA-3BCDD40419B0}.Release|x86.ActiveCfg = Release|Any CPU
		{D23FACBF-C16C-4220-AFAA-3BCDD40419B0}.Release|x86.Build.0 = Release|Any CPU
		{A4757188-6191-4499-84A6-E5BBA0C84B28}.Debug|Any CPU.ActiveCfg = Debug|Any CPU
		{A4757188-6191-4499-84A6-E5BBA0C84B28}.Debug|Any CPU.Build.0 = Debug|Any CPU
		{A4757188-6191-4499-84A6-E5BBA0C84B28}.Debug|x64.ActiveCfg = Debug|Any CPU
		{A4757188-6191-4499-84A6-E5BBA0C84B28}.Debug|x64.Build.0 = Debug|Any CPU
		{A4757188-6191-4499-84A6-E5BBA0C84B28}.Debug|x86.ActiveCfg = Debug|Any CPU
		{A4757188-6191-4499-84A6-E5BBA0C84B28}.Debug|x86.Build.0 = Debug|Any CPU
		{A4757188-6191-4499-84A6-E5BBA0C84B28}.Release|Any CPU.ActiveCfg = Release|Any CPU
		{A4757188-6191-4499-84A6-E5BBA0C84B28}.Release|Any CPU.Build.0 = Release|Any CPU
		{A4757188-6191-4499-84A6-E5BBA0C84B28}.Release|x64.ActiveCfg = Release|Any CPU
		{A4757188-6191-4499-84A6-E5BBA0C84B28}.Release|x64.Build.0 = Release|Any CPU
		{A4757188-6191-4499-84A6-E5BBA0C84B28}.Release|x86.ActiveCfg = Release|Any CPU
		{A4757188-6191-4499-84A6-E5BBA0C84B28}.Release|x86.Build.0 = Release|Any CPU
		{1B1CB3E2-5394-4631-A84A-AFE75B0197F9}.Debug|Any CPU.ActiveCfg = Debug|Any CPU
		{1B1CB3E2-5394-4631-A84A-AFE75B0197F9}.Debug|Any CPU.Build.0 = Debug|Any CPU
		{1B1CB3E2-5394-4631-A84A-AFE75B0197F9}.Debug|x64.ActiveCfg = Debug|Any CPU
		{1B1CB3E2-5394-4631-A84A-AFE75B0197F9}.Debug|x64.Build.0 = Debug|Any CPU
		{1B1CB3E2-5394-4631-A84A-AFE75B0197F9}.Debug|x86.ActiveCfg = Debug|Any CPU
		{1B1CB3E2-5394-4631-A84A-AFE75B0197F9}.Debug|x86.Build.0 = Debug|Any CPU
		{1B1CB3E2-5394-4631-A84A-AFE75B0197F9}.Release|Any CPU.ActiveCfg = Release|Any CPU
		{1B1CB3E2-5394-4631-A84A-AFE75B0197F9}.Release|Any CPU.Build.0 = Release|Any CPU
		{1B1CB3E2-5394-4631-A84A-AFE75B0197F9}.Release|x64.ActiveCfg = Release|Any CPU
		{1B1CB3E2-5394-4631-A84A-AFE75B0197F9}.Release|x64.Build.0 = Release|Any CPU
		{1B1CB3E2-5394-4631-A84A-AFE75B0197F9}.Release|x86.ActiveCfg = Release|Any CPU
		{1B1CB3E2-5394-4631-A84A-AFE75B0197F9}.Release|x86.Build.0 = Release|Any CPU
	EndGlobalSection
	GlobalSection(SolutionProperties) = preSolution
		HideSolutionNode = FALSE
	EndGlobalSection
	GlobalSection(ExtensibilityGlobals) = postSolution
		SolutionGuid = {9CB0D348-9AA1-4D16-B40D-29698B13B80F}
	EndGlobalSection
EndGlobal
