
Microsoft Visual Studio Solution File, Format Version 12.00
# Visual Studio 14
VisualStudioVersion = 14.0.23107.0
MinimumVisualStudioVersion = 10.0.40219.1
Project("{2150E333-8FDC-42A3-9474-1A3956D46DE8}") = "Solution Items", "Solution Items", "{3A407BCE-4A7A-4DB3-A64F-5F7D7B80BE97}"
EndProject
Project("{2150E333-8FDC-42A3-9474-1A3956D46DE8}") = "SQL", "SQL", "{031FFE96-4965-4D1E-AD80-1D051CF27AF8}"
	ProjectSection(SolutionItems) = preProject
		SQL\sipsorcery-mssql.sql = SQL\sipsorcery-mssql.sql
		SQL\sipsorcery-others.sql = SQL\sipsorcery-others.sql
	EndProjectSection
EndProject
Project("{FAE04EC0-301F-11D3-BF4B-00C04F79EFBC}") = "SIPSorcery.SIPProxy", "SIPSorcery.SIPProxy\SIPSorcery.SIPProxy.csproj", "{F3AC0ABC-D48F-4280-B0CF-B20CD0C5B2E1}"
EndProject
Project("{FAE04EC0-301F-11D3-BF4B-00C04F79EFBC}") = "SIPSorcery.SIPMonitor", "SIPSorcery.SIPMonitor\SIPSorcery.SIPMonitor.csproj", "{1BCEA4F5-881E-45EA-AC28-B79CCF018CFD}"
EndProject
Project("{FAE04EC0-301F-11D3-BF4B-00C04F79EFBC}") = "SIPSorcery.SIPAppServer", "SIPSorcery.SIPAppServer\SIPSorcery.SIPAppServer.csproj", "{0B889844-B3E3-4D37-ADF2-F94758D0E14E}"
EndProject
Project("{FAE04EC0-301F-11D3-BF4B-00C04F79EFBC}") = "SIPSorcery.SIPRegistrar", "SIPSorcery.SIPRegistrar\SIPSorcery.SIPRegistrar.csproj", "{1767A1B1-03AD-4264-9611-C0C36545E7C8}"
EndProject
Project("{FAE04EC0-301F-11D3-BF4B-00C04F79EFBC}") = "SIPSorcery.SIPRegistrationAgent", "SIPSorcery.SIPRegistrationAgent\SIPSorcery.SIPRegistrationAgent.csproj", "{92B0EB84-6587-4D7A-803B-C9FA0230A4B3}"
EndProject
Project("{FAE04EC0-301F-11D3-BF4B-00C04F79EFBC}") = "SIPSorcery.SSHServer", "SIPSorcery.SSH\SIPSorcery.SSHServer.csproj", "{CED321D0-33FB-485F-82D4-C188BE03ECE9}"
EndProject
Project("{FAE04EC0-301F-11D3-BF4B-00C04F79EFBC}") = "SIPSorcery.WatchTower", "SIPSorcery.WatchTower\SIPSorcery.WatchTower.csproj", "{9D85DDE9-7F22-428F-BC5D-73CBB4540746}"
EndProject
Project("{FAE04EC0-301F-11D3-BF4B-00C04F79EFBC}") = "SIPSorcery.SIPNotifier", "SIPSorcery.SIPNotifier\SIPSorcery.SIPNotifier.csproj", "{BF948391-531B-4F0C-A5EE-51F4B787BF68}"
EndProject
Project("{FAE04EC0-301F-11D3-BF4B-00C04F79EFBC}") = "SIPSorcery.SIPAllInOne", "SIPSorcery.AllInOne\SIPSorcery.SIPAllInOne.csproj", "{239E384E-BF07-4FE2-B218-162FE95EC341}"
EndProject
Project("{FAE04EC0-301F-11D3-BF4B-00C04F79EFBC}") = "SIPSorcery.RTCC", "SIPSorcery.RTCC\SIPSorcery.RTCC.csproj", "{4587EE4B-857B-4C43-A944-8B53F3D78F12}"
EndProject
Global
	GlobalSection(SolutionConfigurationPlatforms) = preSolution
		Debug|Any CPU = Debug|Any CPU
		Debug|Mixed Platforms = Debug|Mixed Platforms
		Debug|x86 = Debug|x86
		Release|Any CPU = Release|Any CPU
		Release|Mixed Platforms = Release|Mixed Platforms
		Release|x86 = Release|x86
	EndGlobalSection
	GlobalSection(ProjectConfigurationPlatforms) = postSolution
		{F3AC0ABC-D48F-4280-B0CF-B20CD0C5B2E1}.Debug|Any CPU.ActiveCfg = Debug|Any CPU
		{F3AC0ABC-D48F-4280-B0CF-B20CD0C5B2E1}.Debug|Any CPU.Build.0 = Debug|Any CPU
		{F3AC0ABC-D48F-4280-B0CF-B20CD0C5B2E1}.Debug|Mixed Platforms.ActiveCfg = Debug|Any CPU
		{F3AC0ABC-D48F-4280-B0CF-B20CD0C5B2E1}.Debug|Mixed Platforms.Build.0 = Debug|Any CPU
		{F3AC0ABC-D48F-4280-B0CF-B20CD0C5B2E1}.Debug|x86.ActiveCfg = Debug|Any CPU
		{F3AC0ABC-D48F-4280-B0CF-B20CD0C5B2E1}.Release|Any CPU.ActiveCfg = Release|Any CPU
		{F3AC0ABC-D48F-4280-B0CF-B20CD0C5B2E1}.Release|Any CPU.Build.0 = Release|Any CPU
		{F3AC0ABC-D48F-4280-B0CF-B20CD0C5B2E1}.Release|Mixed Platforms.ActiveCfg = Release|Any CPU
		{F3AC0ABC-D48F-4280-B0CF-B20CD0C5B2E1}.Release|Mixed Platforms.Build.0 = Release|Any CPU
		{F3AC0ABC-D48F-4280-B0CF-B20CD0C5B2E1}.Release|x86.ActiveCfg = Release|Any CPU
		{1BCEA4F5-881E-45EA-AC28-B79CCF018CFD}.Debug|Any CPU.ActiveCfg = Debug|Any CPU
		{1BCEA4F5-881E-45EA-AC28-B79CCF018CFD}.Debug|Any CPU.Build.0 = Debug|Any CPU
		{1BCEA4F5-881E-45EA-AC28-B79CCF018CFD}.Debug|Mixed Platforms.ActiveCfg = Debug|Any CPU
		{1BCEA4F5-881E-45EA-AC28-B79CCF018CFD}.Debug|Mixed Platforms.Build.0 = Debug|Any CPU
		{1BCEA4F5-881E-45EA-AC28-B79CCF018CFD}.Debug|x86.ActiveCfg = Debug|Any CPU
		{1BCEA4F5-881E-45EA-AC28-B79CCF018CFD}.Release|Any CPU.ActiveCfg = Release|Any CPU
		{1BCEA4F5-881E-45EA-AC28-B79CCF018CFD}.Release|Any CPU.Build.0 = Release|Any CPU
		{1BCEA4F5-881E-45EA-AC28-B79CCF018CFD}.Release|Mixed Platforms.ActiveCfg = Release|Any CPU
		{1BCEA4F5-881E-45EA-AC28-B79CCF018CFD}.Release|Mixed Platforms.Build.0 = Release|Any CPU
		{1BCEA4F5-881E-45EA-AC28-B79CCF018CFD}.Release|x86.ActiveCfg = Release|Any CPU
		{0B889844-B3E3-4D37-ADF2-F94758D0E14E}.Debug|Any CPU.ActiveCfg = Debug|Any CPU
		{0B889844-B3E3-4D37-ADF2-F94758D0E14E}.Debug|Any CPU.Build.0 = Debug|Any CPU
		{0B889844-B3E3-4D37-ADF2-F94758D0E14E}.Debug|Mixed Platforms.ActiveCfg = Debug|Any CPU
		{0B889844-B3E3-4D37-ADF2-F94758D0E14E}.Debug|Mixed Platforms.Build.0 = Debug|Any CPU
		{0B889844-B3E3-4D37-ADF2-F94758D0E14E}.Debug|x86.ActiveCfg = Debug|Any CPU
		{0B889844-B3E3-4D37-ADF2-F94758D0E14E}.Release|Any CPU.ActiveCfg = Release|Any CPU
		{0B889844-B3E3-4D37-ADF2-F94758D0E14E}.Release|Any CPU.Build.0 = Release|Any CPU
		{0B889844-B3E3-4D37-ADF2-F94758D0E14E}.Release|Mixed Platforms.ActiveCfg = Release|Any CPU
		{0B889844-B3E3-4D37-ADF2-F94758D0E14E}.Release|Mixed Platforms.Build.0 = Release|Any CPU
		{0B889844-B3E3-4D37-ADF2-F94758D0E14E}.Release|x86.ActiveCfg = Release|Any CPU
		{1767A1B1-03AD-4264-9611-C0C36545E7C8}.Debug|Any CPU.ActiveCfg = Debug|Any CPU
		{1767A1B1-03AD-4264-9611-C0C36545E7C8}.Debug|Any CPU.Build.0 = Debug|Any CPU
		{1767A1B1-03AD-4264-9611-C0C36545E7C8}.Debug|Mixed Platforms.ActiveCfg = Debug|Any CPU
		{1767A1B1-03AD-4264-9611-C0C36545E7C8}.Debug|Mixed Platforms.Build.0 = Debug|Any CPU
		{1767A1B1-03AD-4264-9611-C0C36545E7C8}.Debug|x86.ActiveCfg = Debug|Any CPU
		{1767A1B1-03AD-4264-9611-C0C36545E7C8}.Release|Any CPU.ActiveCfg = Release|Any CPU
		{1767A1B1-03AD-4264-9611-C0C36545E7C8}.Release|Any CPU.Build.0 = Release|Any CPU
		{1767A1B1-03AD-4264-9611-C0C36545E7C8}.Release|Mixed Platforms.ActiveCfg = Release|Any CPU
		{1767A1B1-03AD-4264-9611-C0C36545E7C8}.Release|Mixed Platforms.Build.0 = Release|Any CPU
		{1767A1B1-03AD-4264-9611-C0C36545E7C8}.Release|x86.ActiveCfg = Release|Any CPU
		{92B0EB84-6587-4D7A-803B-C9FA0230A4B3}.Debug|Any CPU.ActiveCfg = Debug|Any CPU
		{92B0EB84-6587-4D7A-803B-C9FA0230A4B3}.Debug|Any CPU.Build.0 = Debug|Any CPU
		{92B0EB84-6587-4D7A-803B-C9FA0230A4B3}.Debug|Mixed Platforms.ActiveCfg = Debug|Any CPU
		{92B0EB84-6587-4D7A-803B-C9FA0230A4B3}.Debug|Mixed Platforms.Build.0 = Debug|Any CPU
		{92B0EB84-6587-4D7A-803B-C9FA0230A4B3}.Debug|x86.ActiveCfg = Debug|Any CPU
		{92B0EB84-6587-4D7A-803B-C9FA0230A4B3}.Release|Any CPU.ActiveCfg = Release|Any CPU
		{92B0EB84-6587-4D7A-803B-C9FA0230A4B3}.Release|Any CPU.Build.0 = Release|Any CPU
		{92B0EB84-6587-4D7A-803B-C9FA0230A4B3}.Release|Mixed Platforms.ActiveCfg = Release|Any CPU
		{92B0EB84-6587-4D7A-803B-C9FA0230A4B3}.Release|Mixed Platforms.Build.0 = Release|Any CPU
		{92B0EB84-6587-4D7A-803B-C9FA0230A4B3}.Release|x86.ActiveCfg = Release|Any CPU
		{CED321D0-33FB-485F-82D4-C188BE03ECE9}.Debug|Any CPU.ActiveCfg = Debug|Any CPU
		{CED321D0-33FB-485F-82D4-C188BE03ECE9}.Debug|Any CPU.Build.0 = Debug|Any CPU
		{CED321D0-33FB-485F-82D4-C188BE03ECE9}.Debug|Mixed Platforms.ActiveCfg = Debug|Any CPU
		{CED321D0-33FB-485F-82D4-C188BE03ECE9}.Debug|Mixed Platforms.Build.0 = Debug|Any CPU
		{CED321D0-33FB-485F-82D4-C188BE03ECE9}.Debug|x86.ActiveCfg = Debug|Any CPU
		{CED321D0-33FB-485F-82D4-C188BE03ECE9}.Release|Any CPU.ActiveCfg = Release|Any CPU
		{CED321D0-33FB-485F-82D4-C188BE03ECE9}.Release|Any CPU.Build.0 = Release|Any CPU
		{CED321D0-33FB-485F-82D4-C188BE03ECE9}.Release|Mixed Platforms.ActiveCfg = Release|Any CPU
		{CED321D0-33FB-485F-82D4-C188BE03ECE9}.Release|Mixed Platforms.Build.0 = Release|Any CPU
		{CED321D0-33FB-485F-82D4-C188BE03ECE9}.Release|x86.ActiveCfg = Release|Any CPU
		{9D85DDE9-7F22-428F-BC5D-73CBB4540746}.Debug|Any CPU.ActiveCfg = Debug|Any CPU
		{9D85DDE9-7F22-428F-BC5D-73CBB4540746}.Debug|Any CPU.Build.0 = Debug|Any CPU
		{9D85DDE9-7F22-428F-BC5D-73CBB4540746}.Debug|Mixed Platforms.ActiveCfg = Debug|Any CPU
		{9D85DDE9-7F22-428F-BC5D-73CBB4540746}.Debug|Mixed Platforms.Build.0 = Debug|Any CPU
		{9D85DDE9-7F22-428F-BC5D-73CBB4540746}.Debug|x86.ActiveCfg = Debug|Any CPU
		{9D85DDE9-7F22-428F-BC5D-73CBB4540746}.Release|Any CPU.ActiveCfg = Release|Any CPU
		{9D85DDE9-7F22-428F-BC5D-73CBB4540746}.Release|Any CPU.Build.0 = Release|Any CPU
		{9D85DDE9-7F22-428F-BC5D-73CBB4540746}.Release|Mixed Platforms.ActiveCfg = Release|Any CPU
		{9D85DDE9-7F22-428F-BC5D-73CBB4540746}.Release|Mixed Platforms.Build.0 = Release|Any CPU
		{9D85DDE9-7F22-428F-BC5D-73CBB4540746}.Release|x86.ActiveCfg = Release|Any CPU
		{BF948391-531B-4F0C-A5EE-51F4B787BF68}.Debug|Any CPU.ActiveCfg = Debug|Any CPU
		{BF948391-531B-4F0C-A5EE-51F4B787BF68}.Debug|Any CPU.Build.0 = Debug|Any CPU
		{BF948391-531B-4F0C-A5EE-51F4B787BF68}.Debug|Mixed Platforms.ActiveCfg = Debug|Any CPU
		{BF948391-531B-4F0C-A5EE-51F4B787BF68}.Debug|Mixed Platforms.Build.0 = Debug|Any CPU
		{BF948391-531B-4F0C-A5EE-51F4B787BF68}.Debug|x86.ActiveCfg = Debug|x86
		{BF948391-531B-4F0C-A5EE-51F4B787BF68}.Debug|x86.Build.0 = Debug|x86
		{BF948391-531B-4F0C-A5EE-51F4B787BF68}.Release|Any CPU.ActiveCfg = Release|Any CPU
		{BF948391-531B-4F0C-A5EE-51F4B787BF68}.Release|Any CPU.Build.0 = Release|Any CPU
		{BF948391-531B-4F0C-A5EE-51F4B787BF68}.Release|Mixed Platforms.ActiveCfg = Release|x86
		{BF948391-531B-4F0C-A5EE-51F4B787BF68}.Release|Mixed Platforms.Build.0 = Release|x86
		{BF948391-531B-4F0C-A5EE-51F4B787BF68}.Release|x86.ActiveCfg = Release|x86
		{BF948391-531B-4F0C-A5EE-51F4B787BF68}.Release|x86.Build.0 = Release|x86
		{239E384E-BF07-4FE2-B218-162FE95EC341}.Debug|Any CPU.ActiveCfg = Debug|Any CPU
		{239E384E-BF07-4FE2-B218-162FE95EC341}.Debug|Any CPU.Build.0 = Debug|Any CPU
		{239E384E-BF07-4FE2-B218-162FE95EC341}.Debug|Mixed Platforms.ActiveCfg = Debug|Any CPU
		{239E384E-BF07-4FE2-B218-162FE95EC341}.Debug|Mixed Platforms.Build.0 = Debug|Any CPU
		{239E384E-BF07-4FE2-B218-162FE95EC341}.Debug|x86.ActiveCfg = Debug|Any CPU
		{239E384E-BF07-4FE2-B218-162FE95EC341}.Release|Any CPU.ActiveCfg = Release|Any CPU
		{239E384E-BF07-4FE2-B218-162FE95EC341}.Release|Any CPU.Build.0 = Release|Any CPU
		{239E384E-BF07-4FE2-B218-162FE95EC341}.Release|Mixed Platforms.ActiveCfg = Release|Any CPU
		{239E384E-BF07-4FE2-B218-162FE95EC341}.Release|Mixed Platforms.Build.0 = Release|Any CPU
		{239E384E-BF07-4FE2-B218-162FE95EC341}.Release|x86.ActiveCfg = Release|Any CPU
		{4587EE4B-857B-4C43-A944-8B53F3D78F12}.Debug|Any CPU.ActiveCfg = Debug|Any CPU
		{4587EE4B-857B-4C43-A944-8B53F3D78F12}.Debug|Any CPU.Build.0 = Debug|Any CPU
		{4587EE4B-857B-4C43-A944-8B53F3D78F12}.Debug|Mixed Platforms.ActiveCfg = Debug|Any CPU
		{4587EE4B-857B-4C43-A944-8B53F3D78F12}.Debug|Mixed Platforms.Build.0 = Debug|Any CPU
		{4587EE4B-857B-4C43-A944-8B53F3D78F12}.Debug|x86.ActiveCfg = Debug|x86
		{4587EE4B-857B-4C43-A944-8B53F3D78F12}.Debug|x86.Build.0 = Debug|x86
		{4587EE4B-857B-4C43-A944-8B53F3D78F12}.Release|Any CPU.ActiveCfg = Release|Any CPU
		{4587EE4B-857B-4C43-A944-8B53F3D78F12}.Release|Any CPU.Build.0 = Release|Any CPU
		{4587EE4B-857B-4C43-A944-8B53F3D78F12}.Release|Mixed Platforms.ActiveCfg = Release|x86
		{4587EE4B-857B-4C43-A944-8B53F3D78F12}.Release|Mixed Platforms.Build.0 = Release|x86
		{4587EE4B-857B-4C43-A944-8B53F3D78F12}.Release|x86.ActiveCfg = Release|x86
		{4587EE4B-857B-4C43-A944-8B53F3D78F12}.Release|x86.Build.0 = Release|x86
	EndGlobalSection
	GlobalSection(SolutionProperties) = preSolution
		HideSolutionNode = FALSE
	EndGlobalSection
	GlobalSection(NestedProjects) = preSolution
		{031FFE96-4965-4D1E-AD80-1D051CF27AF8} = {3A407BCE-4A7A-4DB3-A64F-5F7D7B80BE97}
	EndGlobalSection
EndGlobal
