
Microsoft Visual Studio Solution File, Format Version 10.00
# Visual Studio 2008
Project("{FAE04EC0-301F-11D3-BF4B-00C04F79EFBC}") = "SIPSorcery.SIPProxy", "SIPSorcery.SIPProxy\SIPSorcery.SIPProxy.csproj", "{F3AC0ABC-D48F-4280-B0CF-B20CD0C5B2E1}"
EndProject
Project("{FAE04EC0-301F-11D3-BF4B-00C04F79EFBC}") = "SIPSorcery.SIPMonitor", "SIPSorcery.SIPMonitor\SIPSorcery.SIPMonitor.csproj", "{1BCEA4F5-881E-45EA-AC28-B79CCF018CFD}"
EndProject
Project("{FAE04EC0-301F-11D3-BF4B-00C04F79EFBC}") = "SIPSorcery.SIPAppServer", "SIPSorcery.SIPAppServer\SIPSorcery.SIPAppServer.csproj", "{0B889844-B3E3-4D37-ADF2-F94758D0E14E}"
EndProject
Project("{FAE04EC0-301F-11D3-BF4B-00C04F79EFBC}") = "SIPSorcery.SIPRegistrar", "SIPSorcery.SIPRegistrar\SIPSorcery.SIPRegistrar.csproj", "{1767A1B1-03AD-4264-9611-C0C36545E7C8}"
EndProject
Project("{FAE04EC0-301F-11D3-BF4B-00C04F79EFBC}") = "SIPSorcery.SIPRegistrationAgent", "SIPSorcery.SIPRegistrationAgent\SIPSorcery.SIPRegistrationAgent.csproj", "{92B0EB84-6587-4D7A-803B-C9FA0230A4B3}"
EndProject
Project("{2150E333-8FDC-42A3-9474-1A3956D46DE8}") = "Solution Items", "Solution Items", "{3A407BCE-4A7A-4DB3-A64F-5F7D7B80BE97}"
EndProject
Project("{2150E333-8FDC-42A3-9474-1A3956D46DE8}") = "SQL", "SQL", "{031FFE96-4965-4D1E-AD80-1D051CF27AF8}"
	ProjectSection(SolutionItems) = preProject
		SQL\sipsorcery.sql = SQL\sipsorcery.sql
	EndProjectSection
EndProject
Project("{2150E333-8FDC-42A3-9474-1A3956D46DE8}") = "Web", "Web", "{28496FF4-0738-4E19-A657-3B00F1075E6A}"
	ProjectSection(SolutionItems) = preProject
		SIPSorcery.Web\callmanager.svc = SIPSorcery.Web\callmanager.svc
		SIPSorcery.Web\clientaccesspolicy.xml = SIPSorcery.Web\clientaccesspolicy.xml
		SIPSorcery.Web\default.html = SIPSorcery.Web\default.html
		SIPSorcery.Web\help.html = SIPSorcery.Web\help.html
		SIPSorcery.Web\provisioning.asmx = SIPSorcery.Web\provisioning.asmx
		SIPSorcery.Web\provisioning.svc = SIPSorcery.Web\provisioning.svc
		SIPSorcery.Web\sipsorcery.html = SIPSorcery.Web\sipsorcery.html
		SIPSorcery.Web\Web.config = SIPSorcery.Web\Web.config
	EndProjectSection
EndProject
Project("{2150E333-8FDC-42A3-9474-1A3956D46DE8}") = "Help", "Help", "{2211C2FB-5263-46C1-B60E-DB20E1369D51}"
	ProjectSection(SolutionItems) = preProject
		SIPSorcery.Web\help\calls.html = SIPSorcery.Web\help\calls.html
		SIPSorcery.Web\help\console.html = SIPSorcery.Web\help\console.html
		SIPSorcery.Web\help\dialplans.html = SIPSorcery.Web\help\dialplans.html
		SIPSorcery.Web\help\sipaccounts.html = SIPSorcery.Web\help\sipaccounts.html
		SIPSorcery.Web\help\sipproviders.html = SIPSorcery.Web\help\sipproviders.html
		SIPSorcery.Web\help\webcallback.html = SIPSorcery.Web\help\webcallback.html
	EndProjectSection
EndProject
Project("{FAE04EC0-301F-11D3-BF4B-00C04F79EFBC}") = "SIPSorcery.SIPDispatcher", "SIPSorcery.SIPDispatcher\SIPSorcery.SIPDispatcher.csproj", "{15FEC54D-2438-4222-AE40-2FE93F7AD3D8}"
EndProject
Global
	GlobalSection(SolutionConfigurationPlatforms) = preSolution
		Debug|Any CPU = Debug|Any CPU
		Release|Any CPU = Release|Any CPU
	EndGlobalSection
	GlobalSection(ProjectConfigurationPlatforms) = postSolution
		{F3AC0ABC-D48F-4280-B0CF-B20CD0C5B2E1}.Debug|Any CPU.ActiveCfg = Debug|Any CPU
		{F3AC0ABC-D48F-4280-B0CF-B20CD0C5B2E1}.Debug|Any CPU.Build.0 = Debug|Any CPU
		{F3AC0ABC-D48F-4280-B0CF-B20CD0C5B2E1}.Release|Any CPU.ActiveCfg = Release|Any CPU
		{F3AC0ABC-D48F-4280-B0CF-B20CD0C5B2E1}.Release|Any CPU.Build.0 = Release|Any CPU
		{1BCEA4F5-881E-45EA-AC28-B79CCF018CFD}.Debug|Any CPU.ActiveCfg = Debug|Any CPU
		{1BCEA4F5-881E-45EA-AC28-B79CCF018CFD}.Debug|Any CPU.Build.0 = Debug|Any CPU
		{1BCEA4F5-881E-45EA-AC28-B79CCF018CFD}.Release|Any CPU.ActiveCfg = Release|Any CPU
		{1BCEA4F5-881E-45EA-AC28-B79CCF018CFD}.Release|Any CPU.Build.0 = Release|Any CPU
		{0B889844-B3E3-4D37-ADF2-F94758D0E14E}.Debug|Any CPU.ActiveCfg = Debug|Any CPU
		{0B889844-B3E3-4D37-ADF2-F94758D0E14E}.Debug|Any CPU.Build.0 = Debug|Any CPU
		{0B889844-B3E3-4D37-ADF2-F94758D0E14E}.Release|Any CPU.ActiveCfg = Release|Any CPU
		{0B889844-B3E3-4D37-ADF2-F94758D0E14E}.Release|Any CPU.Build.0 = Release|Any CPU
		{1767A1B1-03AD-4264-9611-C0C36545E7C8}.Debug|Any CPU.ActiveCfg = Debug|Any CPU
		{1767A1B1-03AD-4264-9611-C0C36545E7C8}.Debug|Any CPU.Build.0 = Debug|Any CPU
		{1767A1B1-03AD-4264-9611-C0C36545E7C8}.Release|Any CPU.ActiveCfg = Release|Any CPU
		{1767A1B1-03AD-4264-9611-C0C36545E7C8}.Release|Any CPU.Build.0 = Release|Any CPU
		{92B0EB84-6587-4D7A-803B-C9FA0230A4B3}.Debug|Any CPU.ActiveCfg = Debug|Any CPU
		{92B0EB84-6587-4D7A-803B-C9FA0230A4B3}.Debug|Any CPU.Build.0 = Debug|Any CPU
		{92B0EB84-6587-4D7A-803B-C9FA0230A4B3}.Release|Any CPU.ActiveCfg = Release|Any CPU
		{92B0EB84-6587-4D7A-803B-C9FA0230A4B3}.Release|Any CPU.Build.0 = Release|Any CPU
		{15FEC54D-2438-4222-AE40-2FE93F7AD3D8}.Debug|Any CPU.ActiveCfg = Debug|Any CPU
		{15FEC54D-2438-4222-AE40-2FE93F7AD3D8}.Debug|Any CPU.Build.0 = Debug|Any CPU
		{15FEC54D-2438-4222-AE40-2FE93F7AD3D8}.Release|Any CPU.ActiveCfg = Release|Any CPU
		{15FEC54D-2438-4222-AE40-2FE93F7AD3D8}.Release|Any CPU.Build.0 = Release|Any CPU
	EndGlobalSection
	GlobalSection(SolutionProperties) = preSolution
		HideSolutionNode = FALSE
	EndGlobalSection
	GlobalSection(NestedProjects) = preSolution
		{031FFE96-4965-4D1E-AD80-1D051CF27AF8} = {3A407BCE-4A7A-4DB3-A64F-5F7D7B80BE97}
		{28496FF4-0738-4E19-A657-3B00F1075E6A} = {3A407BCE-4A7A-4DB3-A64F-5F7D7B80BE97}
		{2211C2FB-5263-46C1-B60E-DB20E1369D51} = {28496FF4-0738-4E19-A657-3B00F1075E6A}
	EndGlobalSection
EndGlobal
