
Microsoft Visual Studio Solution File, Format Version 12.00
# Visual Studio Version 16
VisualStudioVersion = 16.0.29911.98
MinimumVisualStudioVersion = 10.0.40219.1
Project("{9A19103F-16F7-4668-BE54-9A1E7A4F7556}") = "SIPSorcery", "..\..\..\src\SIPSorcery.csproj", "{E8EE19DB-F5E3-4F8A-BC76-26565B73A4AE}"
EndProject
Project("{9A19103F-16F7-4668-BE54-9A1E7A4F7556}") = "Caller", "Caller\Caller.csproj", "{41861BAC-C5B6-475A-8B16-488E79BC0312}"
EndProject
Project("{9A19103F-16F7-4668-BE54-9A1E7A4F7556}") = "Callee", "Callee\Callee.csproj", "{51AA321C-39AA-4F14-A9C8-10CAEC12794A}"
EndProject
Global
	GlobalSection(SolutionConfigurationPlatforms) = preSolution
		Debug|Any CPU = Debug|Any CPU
		Release|Any CPU = Release|Any CPU
	EndGlobalSection
	GlobalSection(ProjectConfigurationPlatforms) = postSolution
		{E8EE19DB-F5E3-4F8A-BC76-26565B73A4AE}.Debug|Any CPU.ActiveCfg = Debug|Any CPU
		{E8EE19DB-F5E3-4F8A-BC76-26565B73A4AE}.Debug|Any CPU.Build.0 = Debug|Any CPU
		{E8EE19DB-F5E3-4F8A-BC76-26565B73A4AE}.Release|Any CPU.ActiveCfg = Release|Any CPU
		{E8EE19DB-F5E3-4F8A-BC76-26565B73A4AE}.Release|Any CPU.Build.0 = Release|Any CPU
		{41861BAC-C5B6-475A-8B16-488E79BC0312}.Debug|Any CPU.ActiveCfg = Debug|Any CPU
		{41861BAC-C5B6-475A-8B16-488E79BC0312}.Debug|Any CPU.Build.0 = Debug|Any CPU
		{41861BAC-C5B6-475A-8B16-488E79BC0312}.Release|Any CPU.ActiveCfg = Release|Any CPU
		{41861BAC-C5B6-475A-8B16-488E79BC0312}.Release|Any CPU.Build.0 = Release|Any CPU
		{51AA321C-39AA-4F14-A9C8-10CAEC12794A}.Debug|Any CPU.ActiveCfg = Debug|Any CPU
		{51AA321C-39AA-4F14-A9C8-10CAEC12794A}.Debug|Any CPU.Build.0 = Debug|Any CPU
		{51AA321C-39AA-4F14-A9C8-10CAEC12794A}.Release|Any CPU.ActiveCfg = Release|Any CPU
		{51AA321C-39AA-4F14-A9C8-10CAEC12794A}.Release|Any CPU.Build.0 = Release|Any CPU
	EndGlobalSection
	GlobalSection(SolutionProperties) = preSolution
		HideSolutionNode = FALSE
	EndGlobalSection
	GlobalSection(ExtensibilityGlobals) = postSolution
		SolutionGuid = {00648225-6168-47EB-816E-E6616AF718A0}
	EndGlobalSection
EndGlobal
