
Microsoft Visual Studio Solution File, Format Version 12.00
# Visual Studio Version 16
VisualStudioVersion = 16.0.29326.143
MinimumVisualStudioVersion = 10.0.40219.1
Project("{9A19103F-16F7-4668-BE54-9A1E7A4F7556}") = "SIPSorcery.UserAgentClient", "SIPSorcery.UserAgentClient.csproj", "{6B6DF344-A406-45D2-921A-49AF5D864CDB}"
EndProject
Project("{9A19103F-16F7-4668-BE54-9A1E7A4F7556}") = "SIPSorcery", "..\..\sipsorcery-core\SIPSorcery\SIPSorcery.csproj", "{013BCC92-D9D4-4C6B-8404-DDA037673DAF}"
EndProject
Global
	GlobalSection(SolutionConfigurationPlatforms) = preSolution
		Debug|Any CPU = Debug|Any CPU
		Release|Any CPU = Release|Any CPU
	EndGlobalSection
	GlobalSection(ProjectConfigurationPlatforms) = postSolution
		{6B6DF344-A406-45D2-921A-49AF5D864CDB}.Debug|Any CPU.ActiveCfg = Debug|Any CPU
		{6B6DF344-A406-45D2-921A-49AF5D864CDB}.Debug|Any CPU.Build.0 = Debug|Any CPU
		{6B6DF344-A406-45D2-921A-49AF5D864CDB}.Release|Any CPU.ActiveCfg = Release|Any CPU
		{6B6DF344-A406-45D2-921A-49AF5D864CDB}.Release|Any CPU.Build.0 = Release|Any CPU
		{013BCC92-D9D4-4C6B-8404-DDA037673DAF}.Debug|Any CPU.ActiveCfg = Debug|Any CPU
		{013BCC92-D9D4-4C6B-8404-DDA037673DAF}.Debug|Any CPU.Build.0 = Debug|Any CPU
		{013BCC92-D9D4-4C6B-8404-DDA037673DAF}.Release|Any CPU.ActiveCfg = Release|Any CPU
		{013BCC92-D9D4-4C6B-8404-DDA037673DAF}.Release|Any CPU.Build.0 = Release|Any CPU
	EndGlobalSection
	GlobalSection(SolutionProperties) = preSolution
		HideSolutionNode = FALSE
	EndGlobalSection
	GlobalSection(ExtensibilityGlobals) = postSolution
		SolutionGuid = {FA00D5D9-F947-42D3-818C-9CB004293DCD}
	EndGlobalSection
EndGlobal
