
Microsoft Visual Studio Solution File, Format Version 12.00
# Visual Studio Version 16
VisualStudioVersion = 16.0.29230.61
MinimumVisualStudioVersion = 10.0.40219.1
Project("{2150E333-8FDC-42A3-9474-1A3956D46DE8}") = "Test", "Test", "{5A855FE1-8B93-429D-95A5-B8215CF62A9D}"
EndProject
Project("{9A19103F-16F7-4668-BE54-9A1E7A4F7556}") = "SIPSorcery", "SIPSorcery.csproj", "{B096BADF-8627-4EE9-9602-0E38E6AD9505}"
EndProject
Project("{9A19103F-16F7-4668-BE54-9A1E7A4F7556}") = "SIPSorcery.UnitTests", "..\test\unit\SIPSorcery.UnitTests.csproj", "{94B30C42-3CE5-41D7-97A4-20AB1D062906}"
EndProject
Project("{9A19103F-16F7-4668-BE54-9A1E7A4F7556}") = "SIPSorcery.IntegrationTests", "..\test\integration\SIPSorcery.IntegrationTests.csproj", "{2E657CD6-B4F1-4952-8815-913898E2352F}"
EndProject
Global
	GlobalSection(SolutionConfigurationPlatforms) = preSolution
		Debug|Any CPU = Debug|Any CPU
		Debug|x64 = Debug|x64
		Debug|x86 = Debug|x86
		Release|Any CPU = Release|Any CPU
		Release|x64 = Release|x64
		Release|x86 = Release|x86
	EndGlobalSection
	GlobalSection(ProjectConfigurationPlatforms) = postSolution
		{B096BADF-8627-4EE9-9602-0E38E6AD9505}.Debug|Any CPU.ActiveCfg = Debug|Any CPU
		{B096BADF-8627-4EE9-9602-0E38E6AD9505}.Debug|Any CPU.Build.0 = Debug|Any CPU
		{B096BADF-8627-4EE9-9602-0E38E6AD9505}.Debug|x64.ActiveCfg = Debug|Any CPU
		{B096BADF-8627-4EE9-9602-0E38E6AD9505}.Debug|x64.Build.0 = Debug|Any CPU
		{B096BADF-8627-4EE9-9602-0E38E6AD9505}.Debug|x86.ActiveCfg = Debug|Any CPU
		{B096BADF-8627-4EE9-9602-0E38E6AD9505}.Debug|x86.Build.0 = Debug|Any CPU
		{B096BADF-8627-4EE9-9602-0E38E6AD9505}.Release|Any CPU.ActiveCfg = Release|Any CPU
		{B096BADF-8627-4EE9-9602-0E38E6AD9505}.Release|Any CPU.Build.0 = Release|Any CPU
		{B096BADF-8627-4EE9-9602-0E38E6AD9505}.Release|x64.ActiveCfg = Release|Any CPU
		{B096BADF-8627-4EE9-9602-0E38E6AD9505}.Release|x64.Build.0 = Release|Any CPU
		{B096BADF-8627-4EE9-9602-0E38E6AD9505}.Release|x86.ActiveCfg = Release|Any CPU
		{B096BADF-8627-4EE9-9602-0E38E6AD9505}.Release|x86.Build.0 = Release|Any CPU
		{94B30C42-3CE5-41D7-97A4-20AB1D062906}.Debug|Any CPU.ActiveCfg = Debug|Any CPU
		{94B30C42-3CE5-41D7-97A4-20AB1D062906}.Debug|Any CPU.Build.0 = Debug|Any CPU
		{94B30C42-3CE5-41D7-97A4-20AB1D062906}.Debug|x64.ActiveCfg = Debug|Any CPU
		{94B30C42-3CE5-41D7-97A4-20AB1D062906}.Debug|x64.Build.0 = Debug|Any CPU
		{94B30C42-3CE5-41D7-97A4-20AB1D062906}.Debug|x86.ActiveCfg = Debug|Any CPU
		{94B30C42-3CE5-41D7-97A4-20AB1D062906}.Debug|x86.Build.0 = Debug|Any CPU
		{94B30C42-3CE5-41D7-97A4-20AB1D062906}.Release|Any CPU.ActiveCfg = Release|Any CPU
		{94B30C42-3CE5-41D7-97A4-20AB1D062906}.Release|Any CPU.Build.0 = Release|Any CPU
		{94B30C42-3CE5-41D7-97A4-20AB1D062906}.Release|x64.ActiveCfg = Release|Any CPU
		{94B30C42-3CE5-41D7-97A4-20AB1D062906}.Release|x64.Build.0 = Release|Any CPU
		{94B30C42-3CE5-41D7-97A4-20AB1D062906}.Release|x86.ActiveCfg = Release|Any CPU
		{94B30C42-3CE5-41D7-97A4-20AB1D062906}.Release|x86.Build.0 = Release|Any CPU
		{2E657CD6-B4F1-4952-8815-913898E2352F}.Debug|Any CPU.ActiveCfg = Debug|Any CPU
		{2E657CD6-B4F1-4952-8815-913898E2352F}.Debug|Any CPU.Build.0 = Debug|Any CPU
		{2E657CD6-B4F1-4952-8815-913898E2352F}.Debug|x64.ActiveCfg = Debug|Any CPU
		{2E657CD6-B4F1-4952-8815-913898E2352F}.Debug|x64.Build.0 = Debug|Any CPU
		{2E657CD6-B4F1-4952-8815-913898E2352F}.Debug|x86.ActiveCfg = Debug|Any CPU
		{2E657CD6-B4F1-4952-8815-913898E2352F}.Debug|x86.Build.0 = Debug|Any CPU
		{2E657CD6-B4F1-4952-8815-913898E2352F}.Release|Any CPU.ActiveCfg = Release|Any CPU
		{2E657CD6-B4F1-4952-8815-913898E2352F}.Release|Any CPU.Build.0 = Release|Any CPU
		{2E657CD6-B4F1-4952-8815-913898E2352F}.Release|x64.ActiveCfg = Release|Any CPU
		{2E657CD6-B4F1-4952-8815-913898E2352F}.Release|x64.Build.0 = Release|Any CPU
		{2E657CD6-B4F1-4952-8815-913898E2352F}.Release|x86.ActiveCfg = Release|Any CPU
		{2E657CD6-B4F1-4952-8815-913898E2352F}.Release|x86.Build.0 = Release|Any CPU
	EndGlobalSection
	GlobalSection(SolutionProperties) = preSolution
		HideSolutionNode = FALSE
	EndGlobalSection
	GlobalSection(NestedProjects) = preSolution
		{94B30C42-3CE5-41D7-97A4-20AB1D062906} = {5A855FE1-8B93-429D-95A5-B8215CF62A9D}
		{2E657CD6-B4F1-4952-8815-913898E2352F} = {5A855FE1-8B93-429D-95A5-B8215CF62A9D}
	EndGlobalSection
	GlobalSection(ExtensibilityGlobals) = postSolution
		SolutionGuid = {2F184190-BF20-45CF-AD3B-26B2BFC5B433}
	EndGlobalSection
	GlobalSection(TestCaseManagementSettings) = postSolution
		CategoryFile = SIPSorcery-Core.vsmdi
	EndGlobalSection
EndGlobal
