
Microsoft Visual Studio Solution File, Format Version 12.00
# Visual Studio Version 16
VisualStudioVersion = 16.0.30320.27
MinimumVisualStudioVersion = 10.0.40219.1
Project("{9A19103F-16F7-4668-BE54-9A1E7A4F7556}") = "SIPSorceryMedia.Windows", "SIPSorceryMedia.Windows.csproj", "{9FE0CD36-9AA6-4F54-92FC-685ECD0CDA94}"
EndProject
Project("{2150E333-8FDC-42A3-9474-1A3956D46DE8}") = "test", "test", "{3C0AB998-716E-4FFD-9742-1470B6E4BE73}"
EndProject
Project("{FAE04EC0-301F-11D3-BF4B-00C04F79EFBC}") = "VideoCaptureTest", "..\test\VideoCaptureTest\VideoCaptureTest.csproj", "{264CD1C2-2725-436E-8DC9-81FF119B95B4}"
EndProject
Global
	GlobalSection(SolutionConfigurationPlatforms) = preSolution
		Debug|Any CPU = Debug|Any CPU
		Debug|x64 = Debug|x64
		Debug|x86 = Debug|x86
		Release|Any CPU = Release|Any CPU
		Release|x64 = Release|x64
		Release|x86 = Release|x86
	EndGlobalSection
	GlobalSection(ProjectConfigurationPlatforms) = postSolution
		{9FE0CD36-9AA6-4F54-92FC-685ECD0CDA94}.Debug|Any CPU.ActiveCfg = Debug|Any CPU
		{9FE0CD36-9AA6-4F54-92FC-685ECD0CDA94}.Debug|Any CPU.Build.0 = Debug|Any CPU
		{9FE0CD36-9AA6-4F54-92FC-685ECD0CDA94}.Debug|x64.ActiveCfg = Debug|Any CPU
		{9FE0CD36-9AA6-4F54-92FC-685ECD0CDA94}.Debug|x64.Build.0 = Debug|Any CPU
		{9FE0CD36-9AA6-4F54-92FC-685ECD0CDA94}.Debug|x86.ActiveCfg = Debug|Any CPU
		{9FE0CD36-9AA6-4F54-92FC-685ECD0CDA94}.Debug|x86.Build.0 = Debug|Any CPU
		{9FE0CD36-9AA6-4F54-92FC-685ECD0CDA94}.Release|Any CPU.ActiveCfg = Release|Any CPU
		{9FE0CD36-9AA6-4F54-92FC-685ECD0CDA94}.Release|Any CPU.Build.0 = Release|Any CPU
		{9FE0CD36-9AA6-4F54-92FC-685ECD0CDA94}.Release|x64.ActiveCfg = Release|Any CPU
		{9FE0CD36-9AA6-4F54-92FC-685ECD0CDA94}.Release|x64.Build.0 = Release|Any CPU
		{9FE0CD36-9AA6-4F54-92FC-685ECD0CDA94}.Release|x86.ActiveCfg = Release|Any CPU
		{9FE0CD36-9AA6-4F54-92FC-685ECD0CDA94}.Release|x86.Build.0 = Release|Any CPU
		{264CD1C2-2725-436E-8DC9-81FF119B95B4}.Debug|Any CPU.ActiveCfg = Debug|Any CPU
		{264CD1C2-2725-436E-8DC9-81FF119B95B4}.Debug|Any CPU.Build.0 = Debug|Any CPU
		{264CD1C2-2725-436E-8DC9-81FF119B95B4}.Debug|x64.ActiveCfg = Debug|Any CPU
		{264CD1C2-2725-436E-8DC9-81FF119B95B4}.Debug|x64.Build.0 = Debug|Any CPU
		{264CD1C2-2725-436E-8DC9-81FF119B95B4}.Debug|x86.ActiveCfg = Debug|Any CPU
		{264CD1C2-2725-436E-8DC9-81FF119B95B4}.Debug|x86.Build.0 = Debug|Any CPU
		{264CD1C2-2725-436E-8DC9-81FF119B95B4}.Release|Any CPU.ActiveCfg = Release|Any CPU
		{264CD1C2-2725-436E-8DC9-81FF119B95B4}.Release|Any CPU.Build.0 = Release|Any CPU
		{264CD1C2-2725-436E-8DC9-81FF119B95B4}.Release|x64.ActiveCfg = Release|Any CPU
		{264CD1C2-2725-436E-8DC9-81FF119B95B4}.Release|x64.Build.0 = Release|Any CPU
		{264CD1C2-2725-436E-8DC9-81FF119B95B4}.Release|x86.ActiveCfg = Release|Any CPU
		{264CD1C2-2725-436E-8DC9-81FF119B95B4}.Release|x86.Build.0 = Release|Any CPU
	EndGlobalSection
	GlobalSection(SolutionProperties) = preSolution
		HideSolutionNode = FALSE
	EndGlobalSection
	GlobalSection(NestedProjects) = preSolution
		{264CD1C2-2725-436E-8DC9-81FF119B95B4} = {3C0AB998-716E-4FFD-9742-1470B6E4BE73}
	EndGlobalSection
	GlobalSection(ExtensibilityGlobals) = postSolution
		SolutionGuid = {49C7CDF5-E940-4CEB-AE5D-4A8377759FC7}
	EndGlobalSection
EndGlobal
