
Microsoft Visual Studio Solution File, Format Version 12.00
# Visual Studio Version 17
VisualStudioVersion = 17.0.31919.166
MinimumVisualStudioVersion = 10.0.40219.1
Project("{9A19103F-16F7-4668-BE54-9A1E7A4F7556}") = "SIPSorceryMedia.FFmpeg", "SIPSorceryMedia.FFmpeg.csproj", "{C3721569-24C0-4666-994F-6B042E84A786}"
EndProject
Project("{9A19103F-16F7-4668-BE54-9A1E7A4F7556}") = "FFmpegEncodingTest", "..\test\FFmpegEncodingTest\FFmpegEncodingTest.csproj", "{4F243FBC-1BC7-4A6E-99B1-950F7E0C41E4}"
EndProject
Project("{2150E333-8FDC-42A3-9474-1A3956D46DE8}") = "test", "test", "{C76D54C9-D8F7-4D5E-B82A-35887626EC04}"
EndProject
Project("{9A19103F-16F7-4668-BE54-9A1E7A4F7556}") = "FFmpegMp4Test", "..\test\FFmpegMp4Test\FFmpegMp4Test.csproj", "{7258807E-BB24-42C9-8EC6-098D54224EA9}"
EndProject
Project("{9A19103F-16F7-4668-BE54-9A1E7A4F7556}") = "FFmpegFileAndDevicesTest", "..\test\FFmpegFileAndDevicesTest\FFmpegFileAndDevicesTest.csproj", "{981BFE56-79B9-4D6D-878E-029502904E94}"
EndProject
Project("{9A19103F-16F7-4668-BE54-9A1E7A4F7556}") = "FFmpegWebRTCReceiver", "..\test\FFmpegWebRtcReceiver\FFmpegWebRTCReceiver.csproj", "{21D27EF1-C666-4A5D-8B12-4F4E5CFAEA9B}"
EndProject
Project("{9A19103F-16F7-4668-BE54-9A1E7A4F7556}") = "FFmpegConsoleApp", "..\test\FFmpegConsoleApp\FFmpegConsoleApp.csproj", "{3DC8A13D-F7FB-406D-AEF3-FC52BE137B81}"
EndProject
Project("{FAE04EC0-301F-11D3-BF4B-00C04F79EFBC}") = "FFmpegTranscodeTest", "..\test\FFmpegTranscodeTest\FFmpegTranscodeTest.csproj", "{3B7E87C6-B4F9-4F92-B3DB-CBE83AF0BB10}"
EndProject
Project("{FAE04EC0-301F-11D3-BF4B-00C04F79EFBC}") = "FFmpegManagedTranscodeTest", "..\test\FFmpegManagedTranscodeTest\FFmpegManagedTranscodeTest.csproj", "{63DA3C7A-D4FB-4C68-AEE0-91D3EB3CD695}"
EndProject
Project("{FAE04EC0-301F-11D3-BF4B-00C04F79EFBC}") = "SIPSorcery", "..\..\sipsorcery\src\SIPSorcery.csproj", "{76FF505E-253C-B75A-7385-7F313F829284}"
EndProject
Global
	GlobalSection(SolutionConfigurationPlatforms) = preSolution
		Debug|Any CPU = Debug|Any CPU
		Debug|x64 = Debug|x64
		Debug|x86 = Debug|x86
		Release|Any CPU = Release|Any CPU
		Release|x64 = Release|x64
		Release|x86 = Release|x86
	EndGlobalSection
	GlobalSection(ProjectConfigurationPlatforms) = postSolution
		{C3721569-24C0-4666-994F-6B042E84A786}.Debug|Any CPU.ActiveCfg = Debug|Any CPU
		{C3721569-24C0-4666-994F-6B042E84A786}.Debug|Any CPU.Build.0 = Debug|Any CPU
		{C3721569-24C0-4666-994F-6B042E84A786}.Debug|x64.ActiveCfg = Debug|Any CPU
		{C3721569-24C0-4666-994F-6B042E84A786}.Debug|x64.Build.0 = Debug|Any CPU
		{C3721569-24C0-4666-994F-6B042E84A786}.Debug|x86.ActiveCfg = Debug|Any CPU
		{C3721569-24C0-4666-994F-6B042E84A786}.Debug|x86.Build.0 = Debug|Any CPU
		{C3721569-24C0-4666-994F-6B042E84A786}.Release|Any CPU.ActiveCfg = Release|Any CPU
		{C3721569-24C0-4666-994F-6B042E84A786}.Release|Any CPU.Build.0 = Release|Any CPU
		{C3721569-24C0-4666-994F-6B042E84A786}.Release|x64.ActiveCfg = Release|Any CPU
		{C3721569-24C0-4666-994F-6B042E84A786}.Release|x64.Build.0 = Release|Any CPU
		{C3721569-24C0-4666-994F-6B042E84A786}.Release|x86.ActiveCfg = Release|Any CPU
		{C3721569-24C0-4666-994F-6B042E84A786}.Release|x86.Build.0 = Release|Any CPU
		{4F243FBC-1BC7-4A6E-99B1-950F7E0C41E4}.Debug|Any CPU.ActiveCfg = Debug|Any CPU
		{4F243FBC-1BC7-4A6E-99B1-950F7E0C41E4}.Debug|Any CPU.Build.0 = Debug|Any CPU
		{4F243FBC-1BC7-4A6E-99B1-950F7E0C41E4}.Debug|x64.ActiveCfg = Debug|Any CPU
		{4F243FBC-1BC7-4A6E-99B1-950F7E0C41E4}.Debug|x64.Build.0 = Debug|Any CPU
		{4F243FBC-1BC7-4A6E-99B1-950F7E0C41E4}.Debug|x86.ActiveCfg = Debug|Any CPU
		{4F243FBC-1BC7-4A6E-99B1-950F7E0C41E4}.Debug|x86.Build.0 = Debug|Any CPU
		{4F243FBC-1BC7-4A6E-99B1-950F7E0C41E4}.Release|Any CPU.ActiveCfg = Release|Any CPU
		{4F243FBC-1BC7-4A6E-99B1-950F7E0C41E4}.Release|Any CPU.Build.0 = Release|Any CPU
		{4F243FBC-1BC7-4A6E-99B1-950F7E0C41E4}.Release|x64.ActiveCfg = Release|Any CPU
		{4F243FBC-1BC7-4A6E-99B1-950F7E0C41E4}.Release|x64.Build.0 = Release|Any CPU
		{4F243FBC-1BC7-4A6E-99B1-950F7E0C41E4}.Release|x86.ActiveCfg = Release|Any CPU
		{4F243FBC-1BC7-4A6E-99B1-950F7E0C41E4}.Release|x86.Build.0 = Release|Any CPU
		{7258807E-BB24-42C9-8EC6-098D54224EA9}.Debug|Any CPU.ActiveCfg = Debug|Any CPU
		{7258807E-BB24-42C9-8EC6-098D54224EA9}.Debug|Any CPU.Build.0 = Debug|Any CPU
		{7258807E-BB24-42C9-8EC6-098D54224EA9}.Debug|x64.ActiveCfg = Debug|Any CPU
		{7258807E-BB24-42C9-8EC6-098D54224EA9}.Debug|x64.Build.0 = Debug|Any CPU
		{7258807E-BB24-42C9-8EC6-098D54224EA9}.Debug|x86.ActiveCfg = Debug|Any CPU
		{7258807E-BB24-42C9-8EC6-098D54224EA9}.Debug|x86.Build.0 = Debug|Any CPU
		{7258807E-BB24-42C9-8EC6-098D54224EA9}.Release|Any CPU.ActiveCfg = Release|Any CPU
		{7258807E-BB24-42C9-8EC6-098D54224EA9}.Release|Any CPU.Build.0 = Release|Any CPU
		{7258807E-BB24-42C9-8EC6-098D54224EA9}.Release|x64.ActiveCfg = Release|Any CPU
		{7258807E-BB24-42C9-8EC6-098D54224EA9}.Release|x64.Build.0 = Release|Any CPU
		{7258807E-BB24-42C9-8EC6-098D54224EA9}.Release|x86.ActiveCfg = Release|Any CPU
		{7258807E-BB24-42C9-8EC6-098D54224EA9}.Release|x86.Build.0 = Release|Any CPU
		{981BFE56-79B9-4D6D-878E-029502904E94}.Debug|Any CPU.ActiveCfg = Debug|Any CPU
		{981BFE56-79B9-4D6D-878E-029502904E94}.Debug|Any CPU.Build.0 = Debug|Any CPU
		{981BFE56-79B9-4D6D-878E-029502904E94}.Debug|x64.ActiveCfg = Debug|Any CPU
		{981BFE56-79B9-4D6D-878E-029502904E94}.Debug|x64.Build.0 = Debug|Any CPU
		{981BFE56-79B9-4D6D-878E-029502904E94}.Debug|x86.ActiveCfg = Debug|Any CPU
		{981BFE56-79B9-4D6D-878E-029502904E94}.Debug|x86.Build.0 = Debug|Any CPU
		{981BFE56-79B9-4D6D-878E-029502904E94}.Release|Any CPU.ActiveCfg = Release|Any CPU
		{981BFE56-79B9-4D6D-878E-029502904E94}.Release|Any CPU.Build.0 = Release|Any CPU
		{981BFE56-79B9-4D6D-878E-029502904E94}.Release|x64.ActiveCfg = Release|Any CPU
		{981BFE56-79B9-4D6D-878E-029502904E94}.Release|x64.Build.0 = Release|Any CPU
		{981BFE56-79B9-4D6D-878E-029502904E94}.Release|x86.ActiveCfg = Release|Any CPU
		{981BFE56-79B9-4D6D-878E-029502904E94}.Release|x86.Build.0 = Release|Any CPU
		{21D27EF1-C666-4A5D-8B12-4F4E5CFAEA9B}.Debug|Any CPU.ActiveCfg = Debug|Any CPU
		{21D27EF1-C666-4A5D-8B12-4F4E5CFAEA9B}.Debug|Any CPU.Build.0 = Debug|Any CPU
		{21D27EF1-C666-4A5D-8B12-4F4E5CFAEA9B}.Debug|x64.ActiveCfg = Debug|Any CPU
		{21D27EF1-C666-4A5D-8B12-4F4E5CFAEA9B}.Debug|x64.Build.0 = Debug|Any CPU
		{21D27EF1-C666-4A5D-8B12-4F4E5CFAEA9B}.Debug|x86.ActiveCfg = Debug|Any CPU
		{21D27EF1-C666-4A5D-8B12-4F4E5CFAEA9B}.Debug|x86.Build.0 = Debug|Any CPU
		{21D27EF1-C666-4A5D-8B12-4F4E5CFAEA9B}.Release|Any CPU.ActiveCfg = Release|Any CPU
		{21D27EF1-C666-4A5D-8B12-4F4E5CFAEA9B}.Release|Any CPU.Build.0 = Release|Any CPU
		{21D27EF1-C666-4A5D-8B12-4F4E5CFAEA9B}.Release|x64.ActiveCfg = Release|Any CPU
		{21D27EF1-C666-4A5D-8B12-4F4E5CFAEA9B}.Release|x64.Build.0 = Release|Any CPU
		{21D27EF1-C666-4A5D-8B12-4F4E5CFAEA9B}.Release|x86.ActiveCfg = Release|Any CPU
		{21D27EF1-C666-4A5D-8B12-4F4E5CFAEA9B}.Release|x86.Build.0 = Release|Any CPU
		{3DC8A13D-F7FB-406D-AEF3-FC52BE137B81}.Debug|Any CPU.ActiveCfg = Debug|Any CPU
		{3DC8A13D-F7FB-406D-AEF3-FC52BE137B81}.Debug|Any CPU.Build.0 = Debug|Any CPU
		{3DC8A13D-F7FB-406D-AEF3-FC52BE137B81}.Debug|x64.ActiveCfg = Debug|Any CPU
		{3DC8A13D-F7FB-406D-AEF3-FC52BE137B81}.Debug|x64.Build.0 = Debug|Any CPU
		{3DC8A13D-F7FB-406D-AEF3-FC52BE137B81}.Debug|x86.ActiveCfg = Debug|Any CPU
		{3DC8A13D-F7FB-406D-AEF3-FC52BE137B81}.Debug|x86.Build.0 = Debug|Any CPU
		{3DC8A13D-F7FB-406D-AEF3-FC52BE137B81}.Release|Any CPU.ActiveCfg = Release|Any CPU
		{3DC8A13D-F7FB-406D-AEF3-FC52BE137B81}.Release|Any CPU.Build.0 = Release|Any CPU
		{3DC8A13D-F7FB-406D-AEF3-FC52BE137B81}.Release|x64.ActiveCfg = Release|Any CPU
		{3DC8A13D-F7FB-406D-AEF3-FC52BE137B81}.Release|x64.Build.0 = Release|Any CPU
		{3DC8A13D-F7FB-406D-AEF3-FC52BE137B81}.Release|x86.ActiveCfg = Release|Any CPU
		{3DC8A13D-F7FB-406D-AEF3-FC52BE137B81}.Release|x86.Build.0 = Release|Any CPU
		{3B7E87C6-B4F9-4F92-B3DB-CBE83AF0BB10}.Debug|Any CPU.ActiveCfg = Debug|Any CPU
		{3B7E87C6-B4F9-4F92-B3DB-CBE83AF0BB10}.Debug|Any CPU.Build.0 = Debug|Any CPU
		{3B7E87C6-B4F9-4F92-B3DB-CBE83AF0BB10}.Debug|x64.ActiveCfg = Debug|Any CPU
		{3B7E87C6-B4F9-4F92-B3DB-CBE83AF0BB10}.Debug|x64.Build.0 = Debug|Any CPU
		{3B7E87C6-B4F9-4F92-B3DB-CBE83AF0BB10}.Debug|x86.ActiveCfg = Debug|Any CPU
		{3B7E87C6-B4F9-4F92-B3DB-CBE83AF0BB10}.Debug|x86.Build.0 = Debug|Any CPU
		{3B7E87C6-B4F9-4F92-B3DB-CBE83AF0BB10}.Release|Any CPU.ActiveCfg = Release|Any CPU
		{3B7E87C6-B4F9-4F92-B3DB-CBE83AF0BB10}.Release|Any CPU.Build.0 = Release|Any CPU
		{3B7E87C6-B4F9-4F92-B3DB-CBE83AF0BB10}.Release|x64.ActiveCfg = Release|Any CPU
		{3B7E87C6-B4F9-4F92-B3DB-CBE83AF0BB10}.Release|x64.Build.0 = Release|Any CPU
		{3B7E87C6-B4F9-4F92-B3DB-CBE83AF0BB10}.Release|x86.ActiveCfg = Release|Any CPU
		{3B7E87C6-B4F9-4F92-B3DB-CBE83AF0BB10}.Release|x86.Build.0 = Release|Any CPU
		{63DA3C7A-D4FB-4C68-AEE0-91D3EB3CD695}.Debug|Any CPU.ActiveCfg = Debug|Any CPU
		{63DA3C7A-D4FB-4C68-AEE0-91D3EB3CD695}.Debug|Any CPU.Build.0 = Debug|Any CPU
		{63DA3C7A-D4FB-4C68-AEE0-91D3EB3CD695}.Debug|x64.ActiveCfg = Debug|Any CPU
		{63DA3C7A-D4FB-4C68-AEE0-91D3EB3CD695}.Debug|x64.Build.0 = Debug|Any CPU
		{63DA3C7A-D4FB-4C68-AEE0-91D3EB3CD695}.Debug|x86.ActiveCfg = Debug|Any CPU
		{63DA3C7A-D4FB-4C68-AEE0-91D3EB3CD695}.Debug|x86.Build.0 = Debug|Any CPU
		{63DA3C7A-D4FB-4C68-AEE0-91D3EB3CD695}.Release|Any CPU.ActiveCfg = Release|Any CPU
		{63DA3C7A-D4FB-4C68-AEE0-91D3EB3CD695}.Release|Any CPU.Build.0 = Release|Any CPU
		{63DA3C7A-D4FB-4C68-AEE0-91D3EB3CD695}.Release|x64.ActiveCfg = Release|Any CPU
		{63DA3C7A-D4FB-4C68-AEE0-91D3EB3CD695}.Release|x64.Build.0 = Release|Any CPU
		{63DA3C7A-D4FB-4C68-AEE0-91D3EB3CD695}.Release|x86.ActiveCfg = Release|Any CPU
		{63DA3C7A-D4FB-4C68-AEE0-91D3EB3CD695}.Release|x86.Build.0 = Release|Any CPU
		{76FF505E-253C-B75A-7385-7F313F829284}.Debug|Any CPU.ActiveCfg = Debug|Any CPU
		{76FF505E-253C-B75A-7385-7F313F829284}.Debug|Any CPU.Build.0 = Debug|Any CPU
		{76FF505E-253C-B75A-7385-7F313F829284}.Debug|x64.ActiveCfg = Debug|Any CPU
		{76FF505E-253C-B75A-7385-7F313F829284}.Debug|x64.Build.0 = Debug|Any CPU
		{76FF505E-253C-B75A-7385-7F313F829284}.Debug|x86.ActiveCfg = Debug|Any CPU
		{76FF505E-253C-B75A-7385-7F313F829284}.Debug|x86.Build.0 = Debug|Any CPU
		{76FF505E-253C-B75A-7385-7F313F829284}.Release|Any CPU.ActiveCfg = Release|Any CPU
		{76FF505E-253C-B75A-7385-7F313F829284}.Release|Any CPU.Build.0 = Release|Any CPU
		{76FF505E-253C-B75A-7385-7F313F829284}.Release|x64.ActiveCfg = Release|Any CPU
		{76FF505E-253C-B75A-7385-7F313F829284}.Release|x64.Build.0 = Release|Any CPU
		{76FF505E-253C-B75A-7385-7F313F829284}.Release|x86.ActiveCfg = Release|Any CPU
		{76FF505E-253C-B75A-7385-7F313F829284}.Release|x86.Build.0 = Release|Any CPU
	EndGlobalSection
	GlobalSection(SolutionProperties) = preSolution
		HideSolutionNode = FALSE
	EndGlobalSection
	GlobalSection(NestedProjects) = preSolution
		{4F243FBC-1BC7-4A6E-99B1-950F7E0C41E4} = {C76D54C9-D8F7-4D5E-B82A-35887626EC04}
		{7258807E-BB24-42C9-8EC6-098D54224EA9} = {C76D54C9-D8F7-4D5E-B82A-35887626EC04}
		{981BFE56-79B9-4D6D-878E-029502904E94} = {C76D54C9-D8F7-4D5E-B82A-35887626EC04}
		{21D27EF1-C666-4A5D-8B12-4F4E5CFAEA9B} = {C76D54C9-D8F7-4D5E-B82A-35887626EC04}
		{3DC8A13D-F7FB-406D-AEF3-FC52BE137B81} = {C76D54C9-D8F7-4D5E-B82A-35887626EC04}
		{3B7E87C6-B4F9-4F92-B3DB-CBE83AF0BB10} = {C76D54C9-D8F7-4D5E-B82A-35887626EC04}
		{63DA3C7A-D4FB-4C68-AEE0-91D3EB3CD695} = {C76D54C9-D8F7-4D5E-B82A-35887626EC04}
	EndGlobalSection
	GlobalSection(ExtensibilityGlobals) = postSolution
		SolutionGuid = {8476DD5B-15BB-4770-A727-42C54B0648F8}
	EndGlobalSection
EndGlobal
