
Microsoft Visual Studio Solution File, Format Version 12.00
# Visual Studio Version 16
VisualStudioVersion = 16.0.29911.98
MinimumVisualStudioVersion = 10.0.40219.1
Project("{9A19103F-16F7-4668-BE54-9A1E7A4F7556}") = "SIPSorceryMedia.Abstractions", "SIPSorceryMedia.Abstractions.csproj", "{AD739E3C-9E13-40C2-8BA7-F01D3A1F9E13}"
EndProject
Global
	GlobalSection(SolutionConfigurationPlatforms) = preSolution
		Debug|Any CPU = Debug|Any CPU
		Release|Any CPU = Release|Any CPU
	EndGlobalSection
	GlobalSection(ProjectConfigurationPlatforms) = postSolution
		{AD739E3C-9E13-40C2-8BA7-F01D3A1F9E13}.Debug|Any CPU.ActiveCfg = Debug|Any CPU
		{AD739E3C-9E13-40C2-8BA7-F01D3A1F9E13}.Debug|Any CPU.Build.0 = Debug|Any CPU
		{AD739E3C-9E13-40C2-8BA7-F01D3A1F9E13}.Release|Any CPU.ActiveCfg = Release|Any CPU
		{AD739E3C-9E13-40C2-8BA7-F01D3A1F9E13}.Release|Any CPU.Build.0 = Release|Any CPU
	EndGlobalSection
	GlobalSection(SolutionProperties) = preSolution
		HideSolutionNode = FALSE
	EndGlobalSection
	GlobalSection(ExtensibilityGlobals) = postSolution
		SolutionGuid = {AD4124F4-E4BA-4005-9411-4CAC6D56F4EB}
	EndGlobalSection
EndGlobal
