
Microsoft Visual Studio Solution File, Format Version 12.00
# Visual Studio Version 16
VisualStudioVersion = 16.0.30320.27
MinimumVisualStudioVersion = 10.0.40219.1
Project("{9A19103F-16F7-4668-BE54-9A1E7A4F7556}") = "SIPSorceryMedia.Windows", "SIPSorceryMedia.Windows.csproj", "{9FE0CD36-9AA6-4F54-92FC-685ECD0CDA94}"
EndProject
Project("{FAE04EC0-301F-11D3-BF4B-00C04F79EFBC}") = "Vpx.AutoGen", "..\autogen\Vpx.AutoGen\Vpx.AutoGen.csproj", "{0C2D25BB-65CA-462A-8D50-9880BBA1BEBE}"
EndProject
Project("{8BC9CEB8-8B4A-11D0-8D11-00A0C91BC942}") = "VpxCppTest", "..\test\VpxCppTest\VpxCppTest.vcxproj", "{BE7CF335-177E-45E5-A632-E40C68570F21}"
EndProject
Project("{FAE04EC0-301F-11D3-BF4B-00C04F79EFBC}") = "OpenH264.AutoGen", "..\autogen\OpenH264.Autogen\OpenH264.AutoGen.csproj", "{7E921C9C-9B25-4EF0-ACA9-003014D62FB7}"
EndProject
Project("{9A19103F-16F7-4668-BE54-9A1E7A4F7556}") = "VpxTest", "..\test\VpxTest\VpxTest.csproj", "{B833EFC1-D286-407A-8ADB-141A254189B5}"
EndProject
Project("{9A19103F-16F7-4668-BE54-9A1E7A4F7556}") = "SIPSorcery", "..\..\sipsorcery-core\src\SIPSorcery.csproj", "{3CAAF278-8DFC-413A-8490-439129DED0D4}"
EndProject
Project("{9A19103F-16F7-4668-BE54-9A1E7A4F7556}") = "SIPSorceryMedia.Abstractions", "..\..\SIPSorceryMedia.Abstractions\src\SIPSorceryMedia.Abstractions.csproj", "{560C69DF-F6AE-4EF3-90C1-03F8A64B3F25}"
EndProject
Project("{9A19103F-16F7-4668-BE54-9A1E7A4F7556}") = "PixelConvertTest", "..\test\PixelConvertTest\PixelConvertTest.csproj", "{B7939BFA-244F-4889-B878-F6DD495537D7}"
EndProject
Project("{FAE04EC0-301F-11D3-BF4B-00C04F79EFBC}") = "PixelConvertTestFramework", "..\test\PixelConvertTestFramework\PixelConvertTestFramework.csproj", "{BF8EA326-7052-494E-A12A-FA746DED6437}"
EndProject
Global
	GlobalSection(SolutionConfigurationPlatforms) = preSolution
		Debug|Any CPU = Debug|Any CPU
		Debug|x64 = Debug|x64
		Debug|x86 = Debug|x86
		Release|Any CPU = Release|Any CPU
		Release|x64 = Release|x64
		Release|x86 = Release|x86
	EndGlobalSection
	GlobalSection(ProjectConfigurationPlatforms) = postSolution
		{9FE0CD36-9AA6-4F54-92FC-685ECD0CDA94}.Debug|Any CPU.ActiveCfg = Debug|Any CPU
		{9FE0CD36-9AA6-4F54-92FC-685ECD0CDA94}.Debug|Any CPU.Build.0 = Debug|Any CPU
		{9FE0CD36-9AA6-4F54-92FC-685ECD0CDA94}.Debug|x64.ActiveCfg = Debug|Any CPU
		{9FE0CD36-9AA6-4F54-92FC-685ECD0CDA94}.Debug|x64.Build.0 = Debug|Any CPU
		{9FE0CD36-9AA6-4F54-92FC-685ECD0CDA94}.Debug|x86.ActiveCfg = Debug|Any CPU
		{9FE0CD36-9AA6-4F54-92FC-685ECD0CDA94}.Debug|x86.Build.0 = Debug|Any CPU
		{9FE0CD36-9AA6-4F54-92FC-685ECD0CDA94}.Release|Any CPU.ActiveCfg = Release|Any CPU
		{9FE0CD36-9AA6-4F54-92FC-685ECD0CDA94}.Release|Any CPU.Build.0 = Release|Any CPU
		{9FE0CD36-9AA6-4F54-92FC-685ECD0CDA94}.Release|x64.ActiveCfg = Release|Any CPU
		{9FE0CD36-9AA6-4F54-92FC-685ECD0CDA94}.Release|x64.Build.0 = Release|Any CPU
		{9FE0CD36-9AA6-4F54-92FC-685ECD0CDA94}.Release|x86.ActiveCfg = Release|Any CPU
		{9FE0CD36-9AA6-4F54-92FC-685ECD0CDA94}.Release|x86.Build.0 = Release|Any CPU
		{0C2D25BB-65CA-462A-8D50-9880BBA1BEBE}.Debug|Any CPU.ActiveCfg = Debug|x64
		{0C2D25BB-65CA-462A-8D50-9880BBA1BEBE}.Debug|Any CPU.Build.0 = Debug|x64
		{0C2D25BB-65CA-462A-8D50-9880BBA1BEBE}.Debug|x64.ActiveCfg = Debug|x64
		{0C2D25BB-65CA-462A-8D50-9880BBA1BEBE}.Debug|x64.Build.0 = Debug|x64
		{0C2D25BB-65CA-462A-8D50-9880BBA1BEBE}.Debug|x86.ActiveCfg = Debug|x86
		{0C2D25BB-65CA-462A-8D50-9880BBA1BEBE}.Debug|x86.Build.0 = Debug|x86
		{0C2D25BB-65CA-462A-8D50-9880BBA1BEBE}.Release|Any CPU.ActiveCfg = Release|Any CPU
		{0C2D25BB-65CA-462A-8D50-9880BBA1BEBE}.Release|Any CPU.Build.0 = Release|Any CPU
		{0C2D25BB-65CA-462A-8D50-9880BBA1BEBE}.Release|x64.ActiveCfg = Release|x64
		{0C2D25BB-65CA-462A-8D50-9880BBA1BEBE}.Release|x64.Build.0 = Release|x64
		{0C2D25BB-65CA-462A-8D50-9880BBA1BEBE}.Release|x86.ActiveCfg = Release|x86
		{0C2D25BB-65CA-462A-8D50-9880BBA1BEBE}.Release|x86.Build.0 = Release|x86
		{BE7CF335-177E-45E5-A632-E40C68570F21}.Debug|Any CPU.ActiveCfg = Debug|x64
		{BE7CF335-177E-45E5-A632-E40C68570F21}.Debug|Any CPU.Build.0 = Debug|x64
		{BE7CF335-177E-45E5-A632-E40C68570F21}.Debug|x64.ActiveCfg = Debug|x64
		{BE7CF335-177E-45E5-A632-E40C68570F21}.Debug|x64.Build.0 = Debug|x64
		{BE7CF335-177E-45E5-A632-E40C68570F21}.Debug|x86.ActiveCfg = Debug|Win32
		{BE7CF335-177E-45E5-A632-E40C68570F21}.Debug|x86.Build.0 = Debug|Win32
		{BE7CF335-177E-45E5-A632-E40C68570F21}.Release|Any CPU.ActiveCfg = Release|Win32
		{BE7CF335-177E-45E5-A632-E40C68570F21}.Release|x64.ActiveCfg = Release|x64
		{BE7CF335-177E-45E5-A632-E40C68570F21}.Release|x64.Build.0 = Release|x64
		{BE7CF335-177E-45E5-A632-E40C68570F21}.Release|x86.ActiveCfg = Release|Win32
		{BE7CF335-177E-45E5-A632-E40C68570F21}.Release|x86.Build.0 = Release|Win32
		{7E921C9C-9B25-4EF0-ACA9-003014D62FB7}.Debug|Any CPU.ActiveCfg = Debug|Any CPU
		{7E921C9C-9B25-4EF0-ACA9-003014D62FB7}.Debug|Any CPU.Build.0 = Debug|Any CPU
		{7E921C9C-9B25-4EF0-ACA9-003014D62FB7}.Debug|x64.ActiveCfg = Debug|x64
		{7E921C9C-9B25-4EF0-ACA9-003014D62FB7}.Debug|x64.Build.0 = Debug|x64
		{7E921C9C-9B25-4EF0-ACA9-003014D62FB7}.Debug|x86.ActiveCfg = Debug|x86
		{7E921C9C-9B25-4EF0-ACA9-003014D62FB7}.Debug|x86.Build.0 = Debug|x86
		{7E921C9C-9B25-4EF0-ACA9-003014D62FB7}.Release|Any CPU.ActiveCfg = Release|Any CPU
		{7E921C9C-9B25-4EF0-ACA9-003014D62FB7}.Release|Any CPU.Build.0 = Release|Any CPU
		{7E921C9C-9B25-4EF0-ACA9-003014D62FB7}.Release|x64.ActiveCfg = Release|x64
		{7E921C9C-9B25-4EF0-ACA9-003014D62FB7}.Release|x64.Build.0 = Release|x64
		{7E921C9C-9B25-4EF0-ACA9-003014D62FB7}.Release|x86.ActiveCfg = Release|x86
		{7E921C9C-9B25-4EF0-ACA9-003014D62FB7}.Release|x86.Build.0 = Release|x86
		{B833EFC1-D286-407A-8ADB-141A254189B5}.Debug|Any CPU.ActiveCfg = Debug|Any CPU
		{B833EFC1-D286-407A-8ADB-141A254189B5}.Debug|Any CPU.Build.0 = Debug|Any CPU
		{B833EFC1-D286-407A-8ADB-141A254189B5}.Debug|x64.ActiveCfg = Debug|Any CPU
		{B833EFC1-D286-407A-8ADB-141A254189B5}.Debug|x64.Build.0 = Debug|Any CPU
		{B833EFC1-D286-407A-8ADB-141A254189B5}.Debug|x86.ActiveCfg = Debug|Any CPU
		{B833EFC1-D286-407A-8ADB-141A254189B5}.Debug|x86.Build.0 = Debug|Any CPU
		{B833EFC1-D286-407A-8ADB-141A254189B5}.Release|Any CPU.ActiveCfg = Release|Any CPU
		{B833EFC1-D286-407A-8ADB-141A254189B5}.Release|Any CPU.Build.0 = Release|Any CPU
		{B833EFC1-D286-407A-8ADB-141A254189B5}.Release|x64.ActiveCfg = Release|Any CPU
		{B833EFC1-D286-407A-8ADB-141A254189B5}.Release|x64.Build.0 = Release|Any CPU
		{B833EFC1-D286-407A-8ADB-141A254189B5}.Release|x86.ActiveCfg = Release|Any CPU
		{B833EFC1-D286-407A-8ADB-141A254189B5}.Release|x86.Build.0 = Release|Any CPU
		{3CAAF278-8DFC-413A-8490-439129DED0D4}.Debug|Any CPU.ActiveCfg = Debug|Any CPU
		{3CAAF278-8DFC-413A-8490-439129DED0D4}.Debug|Any CPU.Build.0 = Debug|Any CPU
		{3CAAF278-8DFC-413A-8490-439129DED0D4}.Debug|x64.ActiveCfg = Debug|Any CPU
		{3CAAF278-8DFC-413A-8490-439129DED0D4}.Debug|x64.Build.0 = Debug|Any CPU
		{3CAAF278-8DFC-413A-8490-439129DED0D4}.Debug|x86.ActiveCfg = Debug|Any CPU
		{3CAAF278-8DFC-413A-8490-439129DED0D4}.Debug|x86.Build.0 = Debug|Any CPU
		{3CAAF278-8DFC-413A-8490-439129DED0D4}.Release|Any CPU.ActiveCfg = Release|Any CPU
		{3CAAF278-8DFC-413A-8490-439129DED0D4}.Release|Any CPU.Build.0 = Release|Any CPU
		{3CAAF278-8DFC-413A-8490-439129DED0D4}.Release|x64.ActiveCfg = Release|Any CPU
		{3CAAF278-8DFC-413A-8490-439129DED0D4}.Release|x64.Build.0 = Release|Any CPU
		{3CAAF278-8DFC-413A-8490-439129DED0D4}.Release|x86.ActiveCfg = Release|Any CPU
		{3CAAF278-8DFC-413A-8490-439129DED0D4}.Release|x86.Build.0 = Release|Any CPU
		{560C69DF-F6AE-4EF3-90C1-03F8A64B3F25}.Debug|Any CPU.ActiveCfg = Debug|Any CPU
		{560C69DF-F6AE-4EF3-90C1-03F8A64B3F25}.Debug|Any CPU.Build.0 = Debug|Any CPU
		{560C69DF-F6AE-4EF3-90C1-03F8A64B3F25}.Debug|x64.ActiveCfg = Debug|Any CPU
		{560C69DF-F6AE-4EF3-90C1-03F8A64B3F25}.Debug|x64.Build.0 = Debug|Any CPU
		{560C69DF-F6AE-4EF3-90C1-03F8A64B3F25}.Debug|x86.ActiveCfg = Debug|Any CPU
		{560C69DF-F6AE-4EF3-90C1-03F8A64B3F25}.Debug|x86.Build.0 = Debug|Any CPU
		{560C69DF-F6AE-4EF3-90C1-03F8A64B3F25}.Release|Any CPU.ActiveCfg = Release|Any CPU
		{560C69DF-F6AE-4EF3-90C1-03F8A64B3F25}.Release|Any CPU.Build.0 = Release|Any CPU
		{560C69DF-F6AE-4EF3-90C1-03F8A64B3F25}.Release|x64.ActiveCfg = Release|Any CPU
		{560C69DF-F6AE-4EF3-90C1-03F8A64B3F25}.Release|x64.Build.0 = Release|Any CPU
		{560C69DF-F6AE-4EF3-90C1-03F8A64B3F25}.Release|x86.ActiveCfg = Release|Any CPU
		{560C69DF-F6AE-4EF3-90C1-03F8A64B3F25}.Release|x86.Build.0 = Release|Any CPU
		{B7939BFA-244F-4889-B878-F6DD495537D7}.Debug|Any CPU.ActiveCfg = Debug|Any CPU
		{B7939BFA-244F-4889-B878-F6DD495537D7}.Debug|Any CPU.Build.0 = Debug|Any CPU
		{B7939BFA-244F-4889-B878-F6DD495537D7}.Debug|x64.ActiveCfg = Debug|Any CPU
		{B7939BFA-244F-4889-B878-F6DD495537D7}.Debug|x64.Build.0 = Debug|Any CPU
		{B7939BFA-244F-4889-B878-F6DD495537D7}.Debug|x86.ActiveCfg = Debug|Any CPU
		{B7939BFA-244F-4889-B878-F6DD495537D7}.Debug|x86.Build.0 = Debug|Any CPU
		{B7939BFA-244F-4889-B878-F6DD495537D7}.Release|Any CPU.ActiveCfg = Release|Any CPU
		{B7939BFA-244F-4889-B878-F6DD495537D7}.Release|Any CPU.Build.0 = Release|Any CPU
		{B7939BFA-244F-4889-B878-F6DD495537D7}.Release|x64.ActiveCfg = Release|Any CPU
		{B7939BFA-244F-4889-B878-F6DD495537D7}.Release|x64.Build.0 = Release|Any CPU
		{B7939BFA-244F-4889-B878-F6DD495537D7}.Release|x86.ActiveCfg = Release|Any CPU
		{B7939BFA-244F-4889-B878-F6DD495537D7}.Release|x86.Build.0 = Release|Any CPU
		{BF8EA326-7052-494E-A12A-FA746DED6437}.Debug|Any CPU.ActiveCfg = Debug|Any CPU
		{BF8EA326-7052-494E-A12A-FA746DED6437}.Debug|Any CPU.Build.0 = Debug|Any CPU
		{BF8EA326-7052-494E-A12A-FA746DED6437}.Debug|x64.ActiveCfg = Debug|Any CPU
		{BF8EA326-7052-494E-A12A-FA746DED6437}.Debug|x64.Build.0 = Debug|Any CPU
		{BF8EA326-7052-494E-A12A-FA746DED6437}.Debug|x86.ActiveCfg = Debug|Any CPU
		{BF8EA326-7052-494E-A12A-FA746DED6437}.Debug|x86.Build.0 = Debug|Any CPU
		{BF8EA326-7052-494E-A12A-FA746DED6437}.Release|Any CPU.ActiveCfg = Release|Any CPU
		{BF8EA326-7052-494E-A12A-FA746DED6437}.Release|Any CPU.Build.0 = Release|Any CPU
		{BF8EA326-7052-494E-A12A-FA746DED6437}.Release|x64.ActiveCfg = Release|Any CPU
		{BF8EA326-7052-494E-A12A-FA746DED6437}.Release|x64.Build.0 = Release|Any CPU
		{BF8EA326-7052-494E-A12A-FA746DED6437}.Release|x86.ActiveCfg = Release|Any CPU
		{BF8EA326-7052-494E-A12A-FA746DED6437}.Release|x86.Build.0 = Release|Any CPU
	EndGlobalSection
	GlobalSection(SolutionProperties) = preSolution
		HideSolutionNode = FALSE
	EndGlobalSection
	GlobalSection(ExtensibilityGlobals) = postSolution
		SolutionGuid = {49C7CDF5-E940-4CEB-AE5D-4A8377759FC7}
	EndGlobalSection
EndGlobal
