
Microsoft Visual Studio Solution File, Format Version 12.00
# Visual Studio Version 16
VisualStudioVersion = 16.0.29521.150
MinimumVisualStudioVersion = 10.0.40219.1
Project("{9A19103F-16F7-4668-BE54-9A1E7A4F7556}") = "GetStartedVideo", "GetStartedVideo.csproj", "{E78FF41A-9465-4362-8652-9EA7A073ED15}"
EndProject
Project("{9A19103F-16F7-4668-BE54-9A1E7A4F7556}") = "SIPSorcery", "..\src\SIPSorcery.csproj", "{32D8A3DD-9B14-4E0D-932C-BF8E80DE6525}"
EndProject
Project("{9A19103F-16F7-4668-BE54-9A1E7A4F7556}") = "SIPSorcery.RtpAVSession", "..\..\sipsorcery-media\src\SIPSorcery.RtpAVSession\SIPSorcery.RtpAVSession.csproj", "{F662A816-3B22-40B5-A71D-DF91F815F607}"
EndProject
Global
	GlobalSection(SolutionConfigurationPlatforms) = preSolution
		Debug|Any CPU = Debug|Any CPU
		Debug|x64 = Debug|x64
		Debug|x86 = Debug|x86
		Release|Any CPU = Release|Any CPU
		Release|x64 = Release|x64
		Release|x86 = Release|x86
	EndGlobalSection
	GlobalSection(ProjectConfigurationPlatforms) = postSolution
		{E78FF41A-9465-4362-8652-9EA7A073ED15}.Debug|Any CPU.ActiveCfg = Debug|Any CPU
		{E78FF41A-9465-4362-8652-9EA7A073ED15}.Debug|Any CPU.Build.0 = Debug|Any CPU
		{E78FF41A-9465-4362-8652-9EA7A073ED15}.Debug|x64.ActiveCfg = Debug|Any CPU
		{E78FF41A-9465-4362-8652-9EA7A073ED15}.Debug|x64.Build.0 = Debug|Any CPU
		{E78FF41A-9465-4362-8652-9EA7A073ED15}.Debug|x86.ActiveCfg = Debug|Any CPU
		{E78FF41A-9465-4362-8652-9EA7A073ED15}.Debug|x86.Build.0 = Debug|Any CPU
		{E78FF41A-9465-4362-8652-9EA7A073ED15}.Release|Any CPU.ActiveCfg = Release|Any CPU
		{E78FF41A-9465-4362-8652-9EA7A073ED15}.Release|Any CPU.Build.0 = Release|Any CPU
		{E78FF41A-9465-4362-8652-9EA7A073ED15}.Release|x64.ActiveCfg = Release|Any CPU
		{E78FF41A-9465-4362-8652-9EA7A073ED15}.Release|x64.Build.0 = Release|Any CPU
		{E78FF41A-9465-4362-8652-9EA7A073ED15}.Release|x86.ActiveCfg = Release|Any CPU
		{E78FF41A-9465-4362-8652-9EA7A073ED15}.Release|x86.Build.0 = Release|Any CPU
		{32D8A3DD-9B14-4E0D-932C-BF8E80DE6525}.Debug|Any CPU.ActiveCfg = Debug|Any CPU
		{32D8A3DD-9B14-4E0D-932C-BF8E80DE6525}.Debug|Any CPU.Build.0 = Debug|Any CPU
		{32D8A3DD-9B14-4E0D-932C-BF8E80DE6525}.Debug|x64.ActiveCfg = Debug|Any CPU
		{32D8A3DD-9B14-4E0D-932C-BF8E80DE6525}.Debug|x64.Build.0 = Debug|Any CPU
		{32D8A3DD-9B14-4E0D-932C-BF8E80DE6525}.Debug|x86.ActiveCfg = Debug|Any CPU
		{32D8A3DD-9B14-4E0D-932C-BF8E80DE6525}.Debug|x86.Build.0 = Debug|Any CPU
		{32D8A3DD-9B14-4E0D-932C-BF8E80DE6525}.Release|Any CPU.ActiveCfg = Release|Any CPU
		{32D8A3DD-9B14-4E0D-932C-BF8E80DE6525}.Release|Any CPU.Build.0 = Release|Any CPU
		{32D8A3DD-9B14-4E0D-932C-BF8E80DE6525}.Release|x64.ActiveCfg = Release|Any CPU
		{32D8A3DD-9B14-4E0D-932C-BF8E80DE6525}.Release|x64.Build.0 = Release|Any CPU
		{32D8A3DD-9B14-4E0D-932C-BF8E80DE6525}.Release|x86.ActiveCfg = Release|Any CPU
		{32D8A3DD-9B14-4E0D-932C-BF8E80DE6525}.Release|x86.Build.0 = Release|Any CPU
		{F662A816-3B22-40B5-A71D-DF91F815F607}.Debug|Any CPU.ActiveCfg = Debug|Any CPU
		{F662A816-3B22-40B5-A71D-DF91F815F607}.Debug|Any CPU.Build.0 = Debug|Any CPU
		{F662A816-3B22-40B5-A71D-DF91F815F607}.Debug|x64.ActiveCfg = Debug|Any CPU
		{F662A816-3B22-40B5-A71D-DF91F815F607}.Debug|x64.Build.0 = Debug|Any CPU
		{F662A816-3B22-40B5-A71D-DF91F815F607}.Debug|x86.ActiveCfg = Debug|Any CPU
		{F662A816-3B22-40B5-A71D-DF91F815F607}.Debug|x86.Build.0 = Debug|Any CPU
		{F662A816-3B22-40B5-A71D-DF91F815F607}.Release|Any CPU.ActiveCfg = Release|Any CPU
		{F662A816-3B22-40B5-A71D-DF91F815F607}.Release|Any CPU.Build.0 = Release|Any CPU
		{F662A816-3B22-40B5-A71D-DF91F815F607}.Release|x64.ActiveCfg = Release|Any CPU
		{F662A816-3B22-40B5-A71D-DF91F815F607}.Release|x64.Build.0 = Release|Any CPU
		{F662A816-3B22-40B5-A71D-DF91F815F607}.Release|x86.ActiveCfg = Release|Any CPU
		{F662A816-3B22-40B5-A71D-DF91F815F607}.Release|x86.Build.0 = Release|Any CPU
	EndGlobalSection
	GlobalSection(SolutionProperties) = preSolution
		HideSolutionNode = FALSE
	EndGlobalSection
	GlobalSection(ExtensibilityGlobals) = postSolution
		SolutionGuid = {FCB69A72-4E70-49DE-A0E4-E5AA320B175C}
	EndGlobalSection
EndGlobal
