
Microsoft Visual Studio Solution File, Format Version 12.00
# Visual Studio Version 17
VisualStudioVersion = 17.12.35527.113 d17.12
MinimumVisualStudioVersion = 10.0.40219.1
Project("{F2A71F9B-5D33-465A-A702-920D77279786}") = "WebRTCOpenAI", "WebRTCOpenAI.fsproj", "{17B509BA-A00A-477F-95E9-E6E00C2456D5}"
EndProject
Project("{FAE04EC0-301F-11D3-BF4B-00C04F79EFBC}") = "OpenAI.Realtime", "..\..\OpenAIExamples\OpenAI.Realtime\OpenAI.Realtime.csproj", "{65BE7B9B-09DF-4DC1-B6FE-E85609A47AE8}"
EndProject
Project("{FAE04EC0-301F-11D3-BF4B-00C04F79EFBC}") = "SIPSorcery", "..\..\..\src\SIPSorcery.csproj", "{B661BAA2-6AB9-492D-89F4-8FC981383391}"
EndProject
Global
	GlobalSection(SolutionConfigurationPlatforms) = preSolution
		Debug|Any CPU = Debug|Any CPU
		Release|Any CPU = Release|Any CPU
		Unsigned|Any CPU = Unsigned|Any CPU
	EndGlobalSection
	GlobalSection(ProjectConfigurationPlatforms) = postSolution
		{17B509BA-A00A-477F-95E9-E6E00C2456D5}.Debug|Any CPU.ActiveCfg = Debug|Any CPU
		{17B509BA-A00A-477F-95E9-E6E00C2456D5}.Debug|Any CPU.Build.0 = Debug|Any CPU
		{17B509BA-A00A-477F-95E9-E6E00C2456D5}.Release|Any CPU.ActiveCfg = Release|Any CPU
		{17B509BA-A00A-477F-95E9-E6E00C2456D5}.Release|Any CPU.Build.0 = Release|Any CPU
		{17B509BA-A00A-477F-95E9-E6E00C2456D5}.Unsigned|Any CPU.ActiveCfg = Debug|Any CPU
		{17B509BA-A00A-477F-95E9-E6E00C2456D5}.Unsigned|Any CPU.Build.0 = Debug|Any CPU
		{65BE7B9B-09DF-4DC1-B6FE-E85609A47AE8}.Debug|Any CPU.ActiveCfg = Debug|Any CPU
		{65BE7B9B-09DF-4DC1-B6FE-E85609A47AE8}.Debug|Any CPU.Build.0 = Debug|Any CPU
		{65BE7B9B-09DF-4DC1-B6FE-E85609A47AE8}.Release|Any CPU.ActiveCfg = Release|Any CPU
		{65BE7B9B-09DF-4DC1-B6FE-E85609A47AE8}.Release|Any CPU.Build.0 = Release|Any CPU
		{65BE7B9B-09DF-4DC1-B6FE-E85609A47AE8}.Unsigned|Any CPU.ActiveCfg = Debug|Any CPU
		{65BE7B9B-09DF-4DC1-B6FE-E85609A47AE8}.Unsigned|Any CPU.Build.0 = Debug|Any CPU
		{B661BAA2-6AB9-492D-89F4-8FC981383391}.Debug|Any CPU.ActiveCfg = Debug|Any CPU
		{B661BAA2-6AB9-492D-89F4-8FC981383391}.Debug|Any CPU.Build.0 = Debug|Any CPU
		{B661BAA2-6AB9-492D-89F4-8FC981383391}.Release|Any CPU.ActiveCfg = Release|Any CPU
		{B661BAA2-6AB9-492D-89F4-8FC981383391}.Release|Any CPU.Build.0 = Release|Any CPU
		{B661BAA2-6AB9-492D-89F4-8FC981383391}.Unsigned|Any CPU.ActiveCfg = Debug|Any CPU
		{B661BAA2-6AB9-492D-89F4-8FC981383391}.Unsigned|Any CPU.Build.0 = Debug|Any CPU
	EndGlobalSection
	GlobalSection(SolutionProperties) = preSolution
		HideSolutionNode = FALSE
	EndGlobalSection
EndGlobal
