
Microsoft Visual Studio Solution File, Format Version 12.00
# Visual Studio Version 16
VisualStudioVersion = 16.0.29709.97
MinimumVisualStudioVersion = 10.0.40219.1
Project("{9A19103F-16F7-4668-BE54-9A1E7A4F7556}") = "SIPSorcery", "..\..\src\SIPSorcery.csproj", "{F4FA1607-9A2F-415F-BDCE-08143FB5E991}"
EndProject
Project("{8BC9CEB8-8B4A-11D0-8D11-00A0C91BC942}") = "SIPSorceryMedia", "..\..\..\sipsorcery-media\src\SIPSorcery.Media.vcxproj", "{60CC689C-2616-441C-A38A-E1B764C7C446}"
EndProject
Project("{9A19103F-16F7-4668-BE54-9A1E7A4F7556}") = "SIPToWebRtcBridge", "SIPToWebRtcBridge.csproj", "{EB52E08D-24D8-4748-AD83-87DE526B26CF}"
EndProject
Global
	GlobalSection(SolutionConfigurationPlatforms) = preSolution
		Debug|Any CPU = Debug|Any CPU
		Debug|x64 = Debug|x64
		Debug|x86 = Debug|x86
		Release|Any CPU = Release|Any CPU
		Release|x64 = Release|x64
		Release|x86 = Release|x86
	EndGlobalSection
	GlobalSection(ProjectConfigurationPlatforms) = postSolution
		{F4FA1607-9A2F-415F-BDCE-08143FB5E991}.Debug|Any CPU.ActiveCfg = Debug|Any CPU
		{F4FA1607-9A2F-415F-BDCE-08143FB5E991}.Debug|Any CPU.Build.0 = Debug|Any CPU
		{F4FA1607-9A2F-415F-BDCE-08143FB5E991}.Debug|x64.ActiveCfg = Debug|Any CPU
		{F4FA1607-9A2F-415F-BDCE-08143FB5E991}.Debug|x64.Build.0 = Debug|Any CPU
		{F4FA1607-9A2F-415F-BDCE-08143FB5E991}.Debug|x86.ActiveCfg = Debug|Any CPU
		{F4FA1607-9A2F-415F-BDCE-08143FB5E991}.Debug|x86.Build.0 = Debug|Any CPU
		{F4FA1607-9A2F-415F-BDCE-08143FB5E991}.Release|Any CPU.ActiveCfg = Release|Any CPU
		{F4FA1607-9A2F-415F-BDCE-08143FB5E991}.Release|Any CPU.Build.0 = Release|Any CPU
		{F4FA1607-9A2F-415F-BDCE-08143FB5E991}.Release|x64.ActiveCfg = Release|Any CPU
		{F4FA1607-9A2F-415F-BDCE-08143FB5E991}.Release|x64.Build.0 = Release|Any CPU
		{F4FA1607-9A2F-415F-BDCE-08143FB5E991}.Release|x86.ActiveCfg = Release|Any CPU
		{F4FA1607-9A2F-415F-BDCE-08143FB5E991}.Release|x86.Build.0 = Release|Any CPU
		{60CC689C-2616-441C-A38A-E1B764C7C446}.Debug|Any CPU.ActiveCfg = Debug|Win32
		{60CC689C-2616-441C-A38A-E1B764C7C446}.Debug|x64.ActiveCfg = Debug|x64
		{60CC689C-2616-441C-A38A-E1B764C7C446}.Debug|x64.Build.0 = Debug|x64
		{60CC689C-2616-441C-A38A-E1B764C7C446}.Debug|x86.ActiveCfg = Debug|Win32
		{60CC689C-2616-441C-A38A-E1B764C7C446}.Debug|x86.Build.0 = Debug|Win32
		{60CC689C-2616-441C-A38A-E1B764C7C446}.Release|Any CPU.ActiveCfg = Release|Win32
		{60CC689C-2616-441C-A38A-E1B764C7C446}.Release|x64.ActiveCfg = Release|x64
		{60CC689C-2616-441C-A38A-E1B764C7C446}.Release|x64.Build.0 = Release|x64
		{60CC689C-2616-441C-A38A-E1B764C7C446}.Release|x86.ActiveCfg = Release|Win32
		{60CC689C-2616-441C-A38A-E1B764C7C446}.Release|x86.Build.0 = Release|Win32
		{EB52E08D-24D8-4748-AD83-87DE526B26CF}.Debug|Any CPU.ActiveCfg = Debug|Any CPU
		{EB52E08D-24D8-4748-AD83-87DE526B26CF}.Debug|Any CPU.Build.0 = Debug|Any CPU
		{EB52E08D-24D8-4748-AD83-87DE526B26CF}.Debug|x64.ActiveCfg = Debug|Any CPU
		{EB52E08D-24D8-4748-AD83-87DE526B26CF}.Debug|x64.Build.0 = Debug|Any CPU
		{EB52E08D-24D8-4748-AD83-87DE526B26CF}.Debug|x86.ActiveCfg = Debug|Any CPU
		{EB52E08D-24D8-4748-AD83-87DE526B26CF}.Debug|x86.Build.0 = Debug|Any CPU
		{EB52E08D-24D8-4748-AD83-87DE526B26CF}.Release|Any CPU.ActiveCfg = Release|Any CPU
		{EB52E08D-24D8-4748-AD83-87DE526B26CF}.Release|Any CPU.Build.0 = Release|Any CPU
		{EB52E08D-24D8-4748-AD83-87DE526B26CF}.Release|x64.ActiveCfg = Release|Any CPU
		{EB52E08D-24D8-4748-AD83-87DE526B26CF}.Release|x64.Build.0 = Release|Any CPU
		{EB52E08D-24D8-4748-AD83-87DE526B26CF}.Release|x86.ActiveCfg = Release|Any CPU
		{EB52E08D-24D8-4748-AD83-87DE526B26CF}.Release|x86.Build.0 = Release|Any CPU
	EndGlobalSection
	GlobalSection(SolutionProperties) = preSolution
		HideSolutionNode = FALSE
	EndGlobalSection
	GlobalSection(ExtensibilityGlobals) = postSolution
		SolutionGuid = {BF905BCC-5FC7-4E8F-A213-EE01F408AEDB}
	EndGlobalSection
EndGlobal
